#
# Copyright (c) Microsoft Corporation. All rights reserved. 
# Licensed under the MIT license. See LICENSE.txt file in the project root for full license information.
#
Microsoft Visual Studio Solution File, Format Version 12.00
# Visual Studio 14
VisualStudioVersion = 14.0.24720.0
MinimumVisualStudioVersion = 10.0.40219.1
Project("{2150E333-8FDC-42A3-9474-1A3956D46DE8}") = "Shared", "Shared", "{7613BB96-4150-4B75-A1CB-2036B4DFAE1F}"
	ProjectSection(SolutionItems) = preProject
		UserServices.Azure\ServiceDefinition.csdef = UserServices.Azure\ServiceDefinition.csdef
	EndProjectSection
EndProject
Project("{2150E333-8FDC-42A3-9474-1A3956D46DE8}") = "Test", "Test", "{52BABE65-CB27-4295-98FC-5C94B312BF93}"
EndProject
Project("{2150E333-8FDC-42A3-9474-1A3956D46DE8}") = "AzureServices", "AzureServices", "{BA25FC88-3E71-473A-9AC9-D5C4A11FFD56}"
EndProject
Project("{2150E333-8FDC-42A3-9474-1A3956D46DE8}") = "Assets", "Assets", "{7EB9E57C-614C-4623-A5C2-1073D81E164F}"
	ProjectSection(SolutionItems) = preProject
		readme.txt = readme.txt
	EndProjectSection
EndProject
Project("{2150E333-8FDC-42A3-9474-1A3956D46DE8}") = "Dev", "Dev", "{11212B16-451B-4C22-8E42-F98C380A34D4}"
	ProjectSection(SolutionItems) = preProject
		Assets\Dev\CTP_Eventing_Cert.cer = Assets\Dev\CTP_Eventing_Cert.cer
		Assets\Dev\CTP_MDM_Cert.cer = Assets\Dev\CTP_MDM_Cert.cer
	EndProjectSection
EndProject
Project("{2150E333-8FDC-42A3-9474-1A3956D46DE8}") = "Prod", "Prod", "{32A01672-0B23-4542-9B3B-2A8DBA1F5E1A}"
	ProjectSection(SolutionItems) = preProject
		Assets\Prod\mdmprivacyws.cer = Assets\Prod\mdmprivacyws.cer
		Assets\Prod\rxpevtsvcprod.cer = Assets\Prod\rxpevtsvcprod.cer
	EndProjectSection
EndProject
Project("{FAE04EC0-301F-11D3-BF4B-00C04F79EFBC}") = "DotM.DataModels", "..\shared\models\DotM.DataModels\DotM.DataModels.csproj", "{43993608-978A-4330-8A5F-D96A8FA3EADB}"
EndProject
Project("{FAE04EC0-301F-11D3-BF4B-00C04F79EFBC}") = "DealsMailingTest", "DealsMailingTest\DealsMailingTest.csproj", "{0C0A93A5-ED05-43A3-A552-E32717E430AC}"
EndProject
Project("{FAE04EC0-301F-11D3-BF4B-00C04F79EFBC}") = "Lomo.Logging", "..\shared\middleware\LoMo.Logging\Lomo.Logging.csproj", "{52B39F19-D67C-4CFC-8FAD-0B4FE486CEB7}"
EndProject
Project("{FAE04EC0-301F-11D3-BF4B-00C04F79EFBC}") = "Users.Dal", "Users.Dal\Users.Dal.csproj", "{A1226183-D51E-4AA7-BC3A-90906B4A7A3D}"
EndProject
Project("{FAE04EC0-301F-11D3-BF4B-00C04F79EFBC}") = "Templating", "Templating\Templating.csproj", "{D4812338-D9EA-47C6-9149-3E369913BEE2}"
EndProject
Project("{FAE04EC0-301F-11D3-BF4B-00C04F79EFBC}") = "TemplatingTest", "TemplatingTest\TemplatingTest.csproj", "{60CA88EA-85C7-4B6A-BD0B-998087987F58}"
EndProject
Project("{FAE04EC0-301F-11D3-BF4B-00C04F79EFBC}") = "Azure.Utils", "..\shared\utils\Azure.Utils\Azure.Utils.csproj", "{FE11B2D1-0949-45FB-9609-0F1CD9A49DBA}"
EndProject
Project("{FAE04EC0-301F-11D3-BF4B-00C04F79EFBC}") = "UserServicesStorage", "UserServicesStorage\UserServicesStorage.csproj", "{60144878-5276-48ED-91D6-F241992F6C97}"
EndProject
Project("{FAE04EC0-301F-11D3-BF4B-00C04F79EFBC}") = "UserServicesStorageTest", "UserServicesStorageTest\UserServicesStorageTest.csproj", "{83184E68-2A71-4778-8898-20A0C7C7D223}"
EndProject
Project("{CC5FD16D-436D-48AD-A40C-5A424C6E3E79}") = "UserServices.Azure", "UserServices.Azure\UserServices.Azure.ccproj", "{7D1AECE3-CFF0-42A8-8A31-677FF23F6B54}"
EndProject
Project("{FAE04EC0-301F-11D3-BF4B-00C04F79EFBC}") = "UserServices.Worker", "DealsMailing.Worker\UserServices.Worker.csproj", "{91CC558C-B14B-4CF7-9D69-C1BECE781C09}"
EndProject
Project("{FAE04EC0-301F-11D3-BF4B-00C04F79EFBC}") = "UserServices.FrondEnd", "UserServices.FrondEnd\UserServices.FrondEnd.csproj", "{E4B11220-43DD-4A5B-B427-BF0C8C40155F}"
EndProject
Project("{FAE04EC0-301F-11D3-BF4B-00C04F79EFBC}") = "Users.Dal.Test", "Users.Dal.Test\Users.Dal.Test.csproj", "{1268D32C-CDBB-4AB8-9683-6074F3D6E6C9}"
EndProject
Project("{FAE04EC0-301F-11D3-BF4B-00C04F79EFBC}") = "DealsClient", "DealsServerClient\DealsClient.csproj", "{38FD9968-6509-4136-9453-EC9A575F71A4}"
EndProject
Project("{CC5FD16D-436D-48AD-A40C-5A424C6E3E79}") = "EmailSubscription.Azure", "EmailSubscription.Azure\EmailSubscription.Azure.ccproj", "{ED3CDEFD-43F6-4E66-B15E-9B070FE8B11F}"
EndProject
Project("{FAE04EC0-301F-11D3-BF4B-00C04F79EFBC}") = "EmailSubscription.Worker", "UnsubscribeLinkGenerator\EmailSubscription.Worker.csproj", "{5FFDCA12-F339-4FEB-961B-CF4D3A51B558}"
EndProject
Project("{FAE04EC0-301F-11D3-BF4B-00C04F79EFBC}") = "EmailSubscriptionService", "EmailSubscriptionService\EmailSubscriptionService.csproj", "{AE0BFA4F-3525-4210-862E-E2D650DD36E9}"
EndProject
Project("{FAE04EC0-301F-11D3-BF4B-00C04F79EFBC}") = "UserServicesConfiguration", "UserServicesConfiguration\UserServicesConfiguration.csproj", "{E0956E60-8DBB-4609-8338-0CB49BF61AF3}"
EndProject
Project("{FAE04EC0-301F-11D3-BF4B-00C04F79EFBC}") = "LoMo.TransientFaultHandling", "..\Common\LoMo.TransientFaultHandling\LoMo.TransientFaultHandling.csproj", "{51E91C79-9D3B-4C4E-BD22-D930E9919578}"
EndProject
Project("{FAE04EC0-301F-11D3-BF4B-00C04F79EFBC}") = "EmailSubscriptionTest", "EmailSubscriptionTest\EmailSubscriptionTest.csproj", "{EFE44270-D87B-49A1-ABCD-E2199D4E2D08}"
EndProject
Project("{CC5FD16D-436D-48AD-A40C-5A424C6E3E79}") = "EmailSubscriptionBackend.Azure", "EmailSubscriptionBackend.Azure\EmailSubscriptionBackend.Azure.ccproj", "{69125A15-FC72-442E-A8F2-A254D818FBEC}"
EndProject
Project("{FAE04EC0-301F-11D3-BF4B-00C04F79EFBC}") = "UnsubscribeLinkGenerator.Worker", "UnsubscribeLinkGenerator.Worker\UnsubscribeLinkGenerator.Worker.csproj", "{0C1C26F0-09C7-495E-85DD-F12E531EA7F5}"
EndProject
Project("{FAE04EC0-301F-11D3-BF4B-00C04F79EFBC}") = "UserServices.DataContract", "UserServices.DataContract\UserServices.DataContract.csproj", "{2CE8733C-8D7C-4CF8-9271-415702821594}"
EndProject
Project("{FAE04EC0-301F-11D3-BF4B-00C04F79EFBC}") = "UserServicesFrondEndTest", "UserServicesFrondEndTest\UserServicesFrondEndTest.csproj", "{470514D2-A2E9-4EC5-A7ED-46EBDABA8877}"
EndProject
Project("{FAE04EC0-301F-11D3-BF4B-00C04F79EFBC}") = "Lomo.Authorization", "..\Common\Lomo.Authorization\Lomo.Authorization.csproj", "{382BEFE2-BA1E-46D8-8501-1A748504C359}"
EndProject
Project("{FAE04EC0-301F-11D3-BF4B-00C04F79EFBC}") = "Lomo.Authentication", "..\shared\middleware\Lomo.Authentication\Lomo.Authentication.csproj", "{DDF5533D-8591-4A36-9E7C-A4220C3A1561}"
EndProject
Project("{FAE04EC0-301F-11D3-BF4B-00C04F79EFBC}") = "Lomo.AssemblyUtils", "..\Common\Lomo.AssemblyUtils\Lomo.AssemblyUtils.csproj", "{64B3B242-A167-4146-8D39-93EAAEF2E8EB}"
EndProject
Project("{FAE04EC0-301F-11D3-BF4B-00C04F79EFBC}") = "OffersEmail.DataContracts", "OffersEmail.DataContracts\OffersEmail.DataContracts.csproj", "{E47047C8-18EF-47B7-A40D-6CC0C54C9C44}"
EndProject
Project("{FAE04EC0-301F-11D3-BF4B-00C04F79EFBC}") = "Common.Utils", "..\shared\utils\Common.Utils\Common.Utils.csproj", "{2DF48B39-6126-4C23-9610-4A6A1185CBB4}"
EndProject
Project("{CC5FD16D-436D-48AD-A40C-5A424C6E3E79}") = "ProfileService.EFSProxy", "ProfileService.EFSProxy\ProfileService.EFSProxy.ccproj", "{843F7703-C55E-4879-B1D8-15F371B459CE}"
EndProject
Project("{FAE04EC0-301F-11D3-BF4B-00C04F79EFBC}") = "ProfileService", "ProfileService\ProfileService.csproj", "{267908E3-2DB2-40A7-9095-FF0E6B232F42}"
EndProject
Project("{FAE04EC0-301F-11D3-BF4B-00C04F79EFBC}") = "ProfileService.Proxy", "ProfileProxy\ProfileService.Proxy.csproj", "{EAE9E97D-2A9D-4C9A-A4A8-574A709D4B94}"
EndProject
Project("{FAE04EC0-301F-11D3-BF4B-00C04F79EFBC}") = "ProfileService.DataContract", "ProfileService.DataContract\ProfileService.DataContract.csproj", "{2F5DBEAD-851B-4836-90FA-175BE2CA7913}"
EndProject
Project("{FAE04EC0-301F-11D3-BF4B-00C04F79EFBC}") = "ProfileService.Utility", "ProfileService.Utility\ProfileService.Utility.csproj", "{9D2AA457-982D-4C6C-AA72-78B5B829484C}"
EndProject
Project("{FAE04EC0-301F-11D3-BF4B-00C04F79EFBC}") = "UserUpdater", "UserUpdater\UserUpdater.csproj", "{69836D14-EFC3-492A-9E57-3893DB3926CA}"
EndProject
Project("{FAE04EC0-301F-11D3-BF4B-00C04F79EFBC}") = "Lomo.GeoSpatial", "..\shared\models\Lomo.GeoSpatial\Lomo.GeoSpatial.csproj", "{123D006B-FFEC-4D14-9EB6-45E922848DB7}"
EndProject
Project("{FAE04EC0-301F-11D3-BF4B-00C04F79EFBC}") = "LoMoCache", "..\Common\LoMoCache\LoMoCache.csproj", "{85000D94-A412-4796-8A03-341DAB5B2D2B}"
EndProject
Project("{FAE04EC0-301F-11D3-BF4B-00C04F79EFBC}") = "Lomo.AzureCaching", "..\Common\Lomo.AzureCaching\Lomo.AzureCaching.csproj", "{BFFDC079-C4CA-4173-A7E5-5C5155485320}"
EndProject
Project("{FAE04EC0-301F-11D3-BF4B-00C04F79EFBC}") = "PerformanceCounters", "..\Common\PerformanceCounters\PerformanceCounters.csproj", "{E2973287-6A34-45EE-85BC-F7BDA3F78072}"
EndProject
Project("{FAE04EC0-301F-11D3-BF4B-00C04F79EFBC}") = "DealsEmailDispatcher", "EmailJobsDispatcher\DealsEmailDispatcher.csproj", "{E90EB5C0-B284-4279-9364-46B456EDE25C}"
EndProject
Project("{FAE04EC0-301F-11D3-BF4B-00C04F79EFBC}") = "Analytics.API.Contract", "Analytics.API.Contract\Analytics.API.Contract.csproj", "{72FA363E-AA9F-4B1C-A2CA-4067D4095552}"
EndProject
Project("{FAE04EC0-301F-11D3-BF4B-00C04F79EFBC}") = "UserServices.Mailing", "UserServices.Mailing\UserServices.Mailing.csproj", "{D718B574-8E8D-4904-8353-47BF1B31D29F}"
EndProject
Project("{FAE04EC0-301F-11D3-BF4B-00C04F79EFBC}") = "TransactionReporting", "TransactionReporting\TransactionReporting.csproj", "{64951D3A-020C-4D23-BA82-5415291C5564}"
EndProject
Project("{FAE04EC0-301F-11D3-BF4B-00C04F79EFBC}") = "UserServices.Worker.Common", "UserServices.Worker.Common\UserServices.Worker.Common.csproj", "{BCF71743-2B22-48B7-8803-DFC469621482}"
EndProject
Project("{FAE04EC0-301F-11D3-BF4B-00C04F79EFBC}") = "BackgroundWorker", "BackgroundWorker\BackgroundWorker.csproj", "{CB996404-5C63-4A19-9FA2-24DC7C82269B}"
EndProject
Global
	GlobalSection(SolutionConfigurationPlatforms) = preSolution
		Build|Any CPU = Build|Any CPU
		Debug|Any CPU = Debug|Any CPU
		LoadTesting|Any CPU = LoadTesting|Any CPU
		ProdDebug|Any CPU = ProdDebug|Any CPU
		ProdRelease|Any CPU = ProdRelease|Any CPU
		Release|Any CPU = Release|Any CPU
		StagingDebug|Any CPU = StagingDebug|Any CPU
		StagingRelease|Any CPU = StagingRelease|Any CPU
	EndGlobalSection
	GlobalSection(ProjectConfigurationPlatforms) = postSolution
		{43993608-978A-4330-8A5F-D96A8FA3EADB}.Build|Any CPU.ActiveCfg = Release|Any CPU
		{43993608-978A-4330-8A5F-D96A8FA3EADB}.Build|Any CPU.Build.0 = Release|Any CPU
		{43993608-978A-4330-8A5F-D96A8FA3EADB}.Debug|Any CPU.ActiveCfg = Debug|Any CPU
		{43993608-978A-4330-8A5F-D96A8FA3EADB}.Debug|Any CPU.Build.0 = Debug|Any CPU
		{43993608-978A-4330-8A5F-D96A8FA3EADB}.LoadTesting|Any CPU.ActiveCfg = Release|Any CPU
		{43993608-978A-4330-8A5F-D96A8FA3EADB}.LoadTesting|Any CPU.Build.0 = Release|Any CPU
		{43993608-978A-4330-8A5F-D96A8FA3EADB}.ProdDebug|Any CPU.ActiveCfg = Debug|Any CPU
		{43993608-978A-4330-8A5F-D96A8FA3EADB}.ProdDebug|Any CPU.Build.0 = Debug|Any CPU
		{43993608-978A-4330-8A5F-D96A8FA3EADB}.ProdRelease|Any CPU.ActiveCfg = Release|Any CPU
		{43993608-978A-4330-8A5F-D96A8FA3EADB}.ProdRelease|Any CPU.Build.0 = Release|Any CPU
		{43993608-978A-4330-8A5F-D96A8FA3EADB}.Release|Any CPU.ActiveCfg = Release|Any CPU
		{43993608-978A-4330-8A5F-D96A8FA3EADB}.Release|Any CPU.Build.0 = Release|Any CPU
		{43993608-978A-4330-8A5F-D96A8FA3EADB}.StagingDebug|Any CPU.ActiveCfg = Debug|Any CPU
		{43993608-978A-4330-8A5F-D96A8FA3EADB}.StagingDebug|Any CPU.Build.0 = Debug|Any CPU
		{43993608-978A-4330-8A5F-D96A8FA3EADB}.StagingRelease|Any CPU.ActiveCfg = Release|Any CPU
		{43993608-978A-4330-8A5F-D96A8FA3EADB}.StagingRelease|Any CPU.Build.0 = Release|Any CPU
		{0C0A93A5-ED05-43A3-A552-E32717E430AC}.Build|Any CPU.ActiveCfg = Release|Any CPU
		{0C0A93A5-ED05-43A3-A552-E32717E430AC}.Build|Any CPU.Build.0 = Release|Any CPU
		{0C0A93A5-ED05-43A3-A552-E32717E430AC}.Debug|Any CPU.ActiveCfg = Debug|Any CPU
		{0C0A93A5-ED05-43A3-A552-E32717E430AC}.Debug|Any CPU.Build.0 = Debug|Any CPU
		{0C0A93A5-ED05-43A3-A552-E32717E430AC}.LoadTesting|Any CPU.ActiveCfg = Release|Any CPU
		{0C0A93A5-ED05-43A3-A552-E32717E430AC}.LoadTesting|Any CPU.Build.0 = Release|Any CPU
		{0C0A93A5-ED05-43A3-A552-E32717E430AC}.ProdDebug|Any CPU.ActiveCfg = Debug|Any CPU
		{0C0A93A5-ED05-43A3-A552-E32717E430AC}.ProdDebug|Any CPU.Build.0 = Debug|Any CPU
		{0C0A93A5-ED05-43A3-A552-E32717E430AC}.ProdRelease|Any CPU.ActiveCfg = Release|Any CPU
		{0C0A93A5-ED05-43A3-A552-E32717E430AC}.ProdRelease|Any CPU.Build.0 = Release|Any CPU
		{0C0A93A5-ED05-43A3-A552-E32717E430AC}.Release|Any CPU.ActiveCfg = Release|Any CPU
		{0C0A93A5-ED05-43A3-A552-E32717E430AC}.Release|Any CPU.Build.0 = Release|Any CPU
		{0C0A93A5-ED05-43A3-A552-E32717E430AC}.StagingDebug|Any CPU.ActiveCfg = Debug|Any CPU
		{0C0A93A5-ED05-43A3-A552-E32717E430AC}.StagingDebug|Any CPU.Build.0 = Debug|Any CPU
		{0C0A93A5-ED05-43A3-A552-E32717E430AC}.StagingRelease|Any CPU.ActiveCfg = Release|Any CPU
		{0C0A93A5-ED05-43A3-A552-E32717E430AC}.StagingRelease|Any CPU.Build.0 = Release|Any CPU
		{52B39F19-D67C-4CFC-8FAD-0B4FE486CEB7}.Build|Any CPU.ActiveCfg = Release|Any CPU
		{52B39F19-D67C-4CFC-8FAD-0B4FE486CEB7}.Build|Any CPU.Build.0 = Release|Any CPU
		{52B39F19-D67C-4CFC-8FAD-0B4FE486CEB7}.Debug|Any CPU.ActiveCfg = Debug|Any CPU
		{52B39F19-D67C-4CFC-8FAD-0B4FE486CEB7}.Debug|Any CPU.Build.0 = Debug|Any CPU
		{52B39F19-D67C-4CFC-8FAD-0B4FE486CEB7}.LoadTesting|Any CPU.ActiveCfg = Release|Any CPU
		{52B39F19-D67C-4CFC-8FAD-0B4FE486CEB7}.LoadTesting|Any CPU.Build.0 = Release|Any CPU
		{52B39F19-D67C-4CFC-8FAD-0B4FE486CEB7}.ProdDebug|Any CPU.ActiveCfg = Debug|Any CPU
		{52B39F19-D67C-4CFC-8FAD-0B4FE486CEB7}.ProdDebug|Any CPU.Build.0 = Debug|Any CPU
		{52B39F19-D67C-4CFC-8FAD-0B4FE486CEB7}.ProdRelease|Any CPU.ActiveCfg = Release|Any CPU
		{52B39F19-D67C-4CFC-8FAD-0B4FE486CEB7}.ProdRelease|Any CPU.Build.0 = Release|Any CPU
		{52B39F19-D67C-4CFC-8FAD-0B4FE486CEB7}.Release|Any CPU.ActiveCfg = Release|Any CPU
		{52B39F19-D67C-4CFC-8FAD-0B4FE486CEB7}.Release|Any CPU.Build.0 = Release|Any CPU
		{52B39F19-D67C-4CFC-8FAD-0B4FE486CEB7}.StagingDebug|Any CPU.ActiveCfg = Debug|Any CPU
		{52B39F19-D67C-4CFC-8FAD-0B4FE486CEB7}.StagingDebug|Any CPU.Build.0 = Debug|Any CPU
		{52B39F19-D67C-4CFC-8FAD-0B4FE486CEB7}.StagingRelease|Any CPU.ActiveCfg = Release|Any CPU
		{52B39F19-D67C-4CFC-8FAD-0B4FE486CEB7}.StagingRelease|Any CPU.Build.0 = Release|Any CPU
		{A1226183-D51E-4AA7-BC3A-90906B4A7A3D}.Build|Any CPU.ActiveCfg = Release|Any CPU
		{A1226183-D51E-4AA7-BC3A-90906B4A7A3D}.Build|Any CPU.Build.0 = Release|Any CPU
		{A1226183-D51E-4AA7-BC3A-90906B4A7A3D}.Debug|Any CPU.ActiveCfg = Debug|Any CPU
		{A1226183-D51E-4AA7-BC3A-90906B4A7A3D}.Debug|Any CPU.Build.0 = Debug|Any CPU
		{A1226183-D51E-4AA7-BC3A-90906B4A7A3D}.LoadTesting|Any CPU.ActiveCfg = Release|Any CPU
		{A1226183-D51E-4AA7-BC3A-90906B4A7A3D}.LoadTesting|Any CPU.Build.0 = Release|Any CPU
		{A1226183-D51E-4AA7-BC3A-90906B4A7A3D}.ProdDebug|Any CPU.ActiveCfg = Debug|Any CPU
		{A1226183-D51E-4AA7-BC3A-90906B4A7A3D}.ProdDebug|Any CPU.Build.0 = Debug|Any CPU
		{A1226183-D51E-4AA7-BC3A-90906B4A7A3D}.ProdRelease|Any CPU.ActiveCfg = Release|Any CPU
		{A1226183-D51E-4AA7-BC3A-90906B4A7A3D}.ProdRelease|Any CPU.Build.0 = Release|Any CPU
		{A1226183-D51E-4AA7-BC3A-90906B4A7A3D}.Release|Any CPU.ActiveCfg = Release|Any CPU
		{A1226183-D51E-4AA7-BC3A-90906B4A7A3D}.Release|Any CPU.Build.0 = Release|Any CPU
		{A1226183-D51E-4AA7-BC3A-90906B4A7A3D}.StagingDebug|Any CPU.ActiveCfg = Debug|Any CPU
		{A1226183-D51E-4AA7-BC3A-90906B4A7A3D}.StagingDebug|Any CPU.Build.0 = Debug|Any CPU
		{A1226183-D51E-4AA7-BC3A-90906B4A7A3D}.StagingRelease|Any CPU.ActiveCfg = Release|Any CPU
		{A1226183-D51E-4AA7-BC3A-90906B4A7A3D}.StagingRelease|Any CPU.Build.0 = Release|Any CPU
		{D4812338-D9EA-47C6-9149-3E369913BEE2}.Build|Any CPU.ActiveCfg = Release|Any CPU
		{D4812338-D9EA-47C6-9149-3E369913BEE2}.Build|Any CPU.Build.0 = Release|Any CPU
		{D4812338-D9EA-47C6-9149-3E369913BEE2}.Debug|Any CPU.ActiveCfg = Debug|Any CPU
		{D4812338-D9EA-47C6-9149-3E369913BEE2}.Debug|Any CPU.Build.0 = Debug|Any CPU
		{D4812338-D9EA-47C6-9149-3E369913BEE2}.LoadTesting|Any CPU.ActiveCfg = Release|Any CPU
		{D4812338-D9EA-47C6-9149-3E369913BEE2}.LoadTesting|Any CPU.Build.0 = Release|Any CPU
		{D4812338-D9EA-47C6-9149-3E369913BEE2}.ProdDebug|Any CPU.ActiveCfg = Debug|Any CPU
		{D4812338-D9EA-47C6-9149-3E369913BEE2}.ProdDebug|Any CPU.Build.0 = Debug|Any CPU
		{D4812338-D9EA-47C6-9149-3E369913BEE2}.ProdRelease|Any CPU.ActiveCfg = Release|Any CPU
		{D4812338-D9EA-47C6-9149-3E369913BEE2}.ProdRelease|Any CPU.Build.0 = Release|Any CPU
		{D4812338-D9EA-47C6-9149-3E369913BEE2}.Release|Any CPU.ActiveCfg = Release|Any CPU
		{D4812338-D9EA-47C6-9149-3E369913BEE2}.Release|Any CPU.Build.0 = Release|Any CPU
		{D4812338-D9EA-47C6-9149-3E369913BEE2}.StagingDebug|Any CPU.ActiveCfg = Debug|Any CPU
		{D4812338-D9EA-47C6-9149-3E369913BEE2}.StagingDebug|Any CPU.Build.0 = Debug|Any CPU
		{D4812338-D9EA-47C6-9149-3E369913BEE2}.StagingRelease|Any CPU.ActiveCfg = Release|Any CPU
		{D4812338-D9EA-47C6-9149-3E369913BEE2}.StagingRelease|Any CPU.Build.0 = Release|Any CPU
		{60CA88EA-85C7-4B6A-BD0B-998087987F58}.Build|Any CPU.ActiveCfg = Release|Any CPU
		{60CA88EA-85C7-4B6A-BD0B-998087987F58}.Build|Any CPU.Build.0 = Release|Any CPU
		{60CA88EA-85C7-4B6A-BD0B-998087987F58}.Debug|Any CPU.ActiveCfg = Debug|Any CPU
		{60CA88EA-85C7-4B6A-BD0B-998087987F58}.Debug|Any CPU.Build.0 = Debug|Any CPU
		{60CA88EA-85C7-4B6A-BD0B-998087987F58}.LoadTesting|Any CPU.ActiveCfg = Release|Any CPU
		{60CA88EA-85C7-4B6A-BD0B-998087987F58}.LoadTesting|Any CPU.Build.0 = Release|Any CPU
		{60CA88EA-85C7-4B6A-BD0B-998087987F58}.ProdDebug|Any CPU.ActiveCfg = Debug|Any CPU
		{60CA88EA-85C7-4B6A-BD0B-998087987F58}.ProdDebug|Any CPU.Build.0 = Debug|Any CPU
		{60CA88EA-85C7-4B6A-BD0B-998087987F58}.ProdRelease|Any CPU.ActiveCfg = Release|Any CPU
		{60CA88EA-85C7-4B6A-BD0B-998087987F58}.ProdRelease|Any CPU.Build.0 = Release|Any CPU
		{60CA88EA-85C7-4B6A-BD0B-998087987F58}.Release|Any CPU.ActiveCfg = Release|Any CPU
		{60CA88EA-85C7-4B6A-BD0B-998087987F58}.Release|Any CPU.Build.0 = Release|Any CPU
		{60CA88EA-85C7-4B6A-BD0B-998087987F58}.StagingDebug|Any CPU.ActiveCfg = Debug|Any CPU
		{60CA88EA-85C7-4B6A-BD0B-998087987F58}.StagingDebug|Any CPU.Build.0 = Debug|Any CPU
		{60CA88EA-85C7-4B6A-BD0B-998087987F58}.StagingRelease|Any CPU.ActiveCfg = Release|Any CPU
		{60CA88EA-85C7-4B6A-BD0B-998087987F58}.StagingRelease|Any CPU.Build.0 = Release|Any CPU
		{FE11B2D1-0949-45FB-9609-0F1CD9A49DBA}.Build|Any CPU.ActiveCfg = Release|Any CPU
		{FE11B2D1-0949-45FB-9609-0F1CD9A49DBA}.Build|Any CPU.Build.0 = Release|Any CPU
		{FE11B2D1-0949-45FB-9609-0F1CD9A49DBA}.Debug|Any CPU.ActiveCfg = Debug|Any CPU
		{FE11B2D1-0949-45FB-9609-0F1CD9A49DBA}.Debug|Any CPU.Build.0 = Debug|Any CPU
		{FE11B2D1-0949-45FB-9609-0F1CD9A49DBA}.LoadTesting|Any CPU.ActiveCfg = Release|Any CPU
		{FE11B2D1-0949-45FB-9609-0F1CD9A49DBA}.LoadTesting|Any CPU.Build.0 = Release|Any CPU
		{FE11B2D1-0949-45FB-9609-0F1CD9A49DBA}.ProdDebug|Any CPU.ActiveCfg = Debug|Any CPU
		{FE11B2D1-0949-45FB-9609-0F1CD9A49DBA}.ProdDebug|Any CPU.Build.0 = Debug|Any CPU
		{FE11B2D1-0949-45FB-9609-0F1CD9A49DBA}.ProdRelease|Any CPU.ActiveCfg = Release|Any CPU
		{FE11B2D1-0949-45FB-9609-0F1CD9A49DBA}.ProdRelease|Any CPU.Build.0 = Release|Any CPU
		{FE11B2D1-0949-45FB-9609-0F1CD9A49DBA}.Release|Any CPU.ActiveCfg = Release|Any CPU
		{FE11B2D1-0949-45FB-9609-0F1CD9A49DBA}.Release|Any CPU.Build.0 = Release|Any CPU
		{FE11B2D1-0949-45FB-9609-0F1CD9A49DBA}.StagingDebug|Any CPU.ActiveCfg = Debug|Any CPU
		{FE11B2D1-0949-45FB-9609-0F1CD9A49DBA}.StagingDebug|Any CPU.Build.0 = Debug|Any CPU
		{FE11B2D1-0949-45FB-9609-0F1CD9A49DBA}.StagingRelease|Any CPU.ActiveCfg = Release|Any CPU
		{FE11B2D1-0949-45FB-9609-0F1CD9A49DBA}.StagingRelease|Any CPU.Build.0 = Release|Any CPU
		{60144878-5276-48ED-91D6-F241992F6C97}.Build|Any CPU.ActiveCfg = Release|Any CPU
		{60144878-5276-48ED-91D6-F241992F6C97}.Build|Any CPU.Build.0 = Release|Any CPU
		{60144878-5276-48ED-91D6-F241992F6C97}.Debug|Any CPU.ActiveCfg = Debug|Any CPU
		{60144878-5276-48ED-91D6-F241992F6C97}.Debug|Any CPU.Build.0 = Debug|Any CPU
		{60144878-5276-48ED-91D6-F241992F6C97}.LoadTesting|Any CPU.ActiveCfg = Release|Any CPU
		{60144878-5276-48ED-91D6-F241992F6C97}.LoadTesting|Any CPU.Build.0 = Release|Any CPU
		{60144878-5276-48ED-91D6-F241992F6C97}.ProdDebug|Any CPU.ActiveCfg = Debug|Any CPU
		{60144878-5276-48ED-91D6-F241992F6C97}.ProdDebug|Any CPU.Build.0 = Debug|Any CPU
		{60144878-5276-48ED-91D6-F241992F6C97}.ProdRelease|Any CPU.ActiveCfg = Release|Any CPU
		{60144878-5276-48ED-91D6-F241992F6C97}.ProdRelease|Any CPU.Build.0 = Release|Any CPU
		{60144878-5276-48ED-91D6-F241992F6C97}.Release|Any CPU.ActiveCfg = Release|Any CPU
		{60144878-5276-48ED-91D6-F241992F6C97}.Release|Any CPU.Build.0 = Release|Any CPU
		{60144878-5276-48ED-91D6-F241992F6C97}.StagingDebug|Any CPU.ActiveCfg = Debug|Any CPU
		{60144878-5276-48ED-91D6-F241992F6C97}.StagingDebug|Any CPU.Build.0 = Debug|Any CPU
		{60144878-5276-48ED-91D6-F241992F6C97}.StagingRelease|Any CPU.ActiveCfg = Release|Any CPU
		{60144878-5276-48ED-91D6-F241992F6C97}.StagingRelease|Any CPU.Build.0 = Release|Any CPU
		{83184E68-2A71-4778-8898-20A0C7C7D223}.Build|Any CPU.ActiveCfg = Release|Any CPU
		{83184E68-2A71-4778-8898-20A0C7C7D223}.Build|Any CPU.Build.0 = Release|Any CPU
		{83184E68-2A71-4778-8898-20A0C7C7D223}.Debug|Any CPU.ActiveCfg = Debug|Any CPU
		{83184E68-2A71-4778-8898-20A0C7C7D223}.Debug|Any CPU.Build.0 = Debug|Any CPU
		{83184E68-2A71-4778-8898-20A0C7C7D223}.LoadTesting|Any CPU.ActiveCfg = Release|Any CPU
		{83184E68-2A71-4778-8898-20A0C7C7D223}.LoadTesting|Any CPU.Build.0 = Release|Any CPU
		{83184E68-2A71-4778-8898-20A0C7C7D223}.ProdDebug|Any CPU.ActiveCfg = Debug|Any CPU
		{83184E68-2A71-4778-8898-20A0C7C7D223}.ProdDebug|Any CPU.Build.0 = Debug|Any CPU
		{83184E68-2A71-4778-8898-20A0C7C7D223}.ProdRelease|Any CPU.ActiveCfg = Release|Any CPU
		{83184E68-2A71-4778-8898-20A0C7C7D223}.ProdRelease|Any CPU.Build.0 = Release|Any CPU
		{83184E68-2A71-4778-8898-20A0C7C7D223}.Release|Any CPU.ActiveCfg = Release|Any CPU
		{83184E68-2A71-4778-8898-20A0C7C7D223}.Release|Any CPU.Build.0 = Release|Any CPU
		{83184E68-2A71-4778-8898-20A0C7C7D223}.StagingDebug|Any CPU.ActiveCfg = Debug|Any CPU
		{83184E68-2A71-4778-8898-20A0C7C7D223}.StagingDebug|Any CPU.Build.0 = Debug|Any CPU
		{83184E68-2A71-4778-8898-20A0C7C7D223}.StagingRelease|Any CPU.ActiveCfg = Release|Any CPU
		{83184E68-2A71-4778-8898-20A0C7C7D223}.StagingRelease|Any CPU.Build.0 = Release|Any CPU
		{7D1AECE3-CFF0-42A8-8A31-677FF23F6B54}.Build|Any CPU.ActiveCfg = Release|Any CPU
		{7D1AECE3-CFF0-42A8-8A31-677FF23F6B54}.Debug|Any CPU.ActiveCfg = Debug|Any CPU
		{7D1AECE3-CFF0-42A8-8A31-677FF23F6B54}.Debug|Any CPU.Build.0 = Debug|Any CPU
		{7D1AECE3-CFF0-42A8-8A31-677FF23F6B54}.LoadTesting|Any CPU.ActiveCfg = Release|Any CPU
		{7D1AECE3-CFF0-42A8-8A31-677FF23F6B54}.ProdDebug|Any CPU.ActiveCfg = Debug|Any CPU
		{7D1AECE3-CFF0-42A8-8A31-677FF23F6B54}.ProdDebug|Any CPU.Build.0 = Debug|Any CPU
		{7D1AECE3-CFF0-42A8-8A31-677FF23F6B54}.ProdRelease|Any CPU.ActiveCfg = Release|Any CPU
		{7D1AECE3-CFF0-42A8-8A31-677FF23F6B54}.ProdRelease|Any CPU.Build.0 = Release|Any CPU
		{7D1AECE3-CFF0-42A8-8A31-677FF23F6B54}.Release|Any CPU.ActiveCfg = Release|Any CPU
		{7D1AECE3-CFF0-42A8-8A31-677FF23F6B54}.Release|Any CPU.Build.0 = Release|Any CPU
		{7D1AECE3-CFF0-42A8-8A31-677FF23F6B54}.StagingDebug|Any CPU.ActiveCfg = Debug|Any CPU
		{7D1AECE3-CFF0-42A8-8A31-677FF23F6B54}.StagingDebug|Any CPU.Build.0 = Debug|Any CPU
		{7D1AECE3-CFF0-42A8-8A31-677FF23F6B54}.StagingRelease|Any CPU.ActiveCfg = Release|Any CPU
		{7D1AECE3-CFF0-42A8-8A31-677FF23F6B54}.StagingRelease|Any CPU.Build.0 = Release|Any CPU
		{91CC558C-B14B-4CF7-9D69-C1BECE781C09}.Build|Any CPU.ActiveCfg = Release|Any CPU
		{91CC558C-B14B-4CF7-9D69-C1BECE781C09}.Build|Any CPU.Build.0 = Release|Any CPU
		{91CC558C-B14B-4CF7-9D69-C1BECE781C09}.Debug|Any CPU.ActiveCfg = Debug|Any CPU
		{91CC558C-B14B-4CF7-9D69-C1BECE781C09}.Debug|Any CPU.Build.0 = Debug|Any CPU
		{91CC558C-B14B-4CF7-9D69-C1BECE781C09}.LoadTesting|Any CPU.ActiveCfg = Release|Any CPU
		{91CC558C-B14B-4CF7-9D69-C1BECE781C09}.LoadTesting|Any CPU.Build.0 = Release|Any CPU
		{91CC558C-B14B-4CF7-9D69-C1BECE781C09}.ProdDebug|Any CPU.ActiveCfg = Debug|Any CPU
		{91CC558C-B14B-4CF7-9D69-C1BECE781C09}.ProdDebug|Any CPU.Build.0 = Debug|Any CPU
		{91CC558C-B14B-4CF7-9D69-C1BECE781C09}.ProdRelease|Any CPU.ActiveCfg = Release|Any CPU
		{91CC558C-B14B-4CF7-9D69-C1BECE781C09}.ProdRelease|Any CPU.Build.0 = Release|Any CPU
		{91CC558C-B14B-4CF7-9D69-C1BECE781C09}.Release|Any CPU.ActiveCfg = Release|Any CPU
		{91CC558C-B14B-4CF7-9D69-C1BECE781C09}.Release|Any CPU.Build.0 = Release|Any CPU
		{91CC558C-B14B-4CF7-9D69-C1BECE781C09}.StagingDebug|Any CPU.ActiveCfg = Debug|Any CPU
		{91CC558C-B14B-4CF7-9D69-C1BECE781C09}.StagingDebug|Any CPU.Build.0 = Debug|Any CPU
		{91CC558C-B14B-4CF7-9D69-C1BECE781C09}.StagingRelease|Any CPU.ActiveCfg = Release|Any CPU
		{91CC558C-B14B-4CF7-9D69-C1BECE781C09}.StagingRelease|Any CPU.Build.0 = Release|Any CPU
		{E4B11220-43DD-4A5B-B427-BF0C8C40155F}.Build|Any CPU.ActiveCfg = Release|Any CPU
		{E4B11220-43DD-4A5B-B427-BF0C8C40155F}.Build|Any CPU.Build.0 = Release|Any CPU
		{E4B11220-43DD-4A5B-B427-BF0C8C40155F}.Debug|Any CPU.ActiveCfg = Debug|Any CPU
		{E4B11220-43DD-4A5B-B427-BF0C8C40155F}.Debug|Any CPU.Build.0 = Debug|Any CPU
		{E4B11220-43DD-4A5B-B427-BF0C8C40155F}.LoadTesting|Any CPU.ActiveCfg = Release|Any CPU
		{E4B11220-43DD-4A5B-B427-BF0C8C40155F}.LoadTesting|Any CPU.Build.0 = Release|Any CPU
		{E4B11220-43DD-4A5B-B427-BF0C8C40155F}.ProdDebug|Any CPU.ActiveCfg = Debug|Any CPU
		{E4B11220-43DD-4A5B-B427-BF0C8C40155F}.ProdDebug|Any CPU.Build.0 = Debug|Any CPU
		{E4B11220-43DD-4A5B-B427-BF0C8C40155F}.ProdRelease|Any CPU.ActiveCfg = Release|Any CPU
		{E4B11220-43DD-4A5B-B427-BF0C8C40155F}.ProdRelease|Any CPU.Build.0 = Release|Any CPU
		{E4B11220-43DD-4A5B-B427-BF0C8C40155F}.Release|Any CPU.ActiveCfg = Release|Any CPU
		{E4B11220-43DD-4A5B-B427-BF0C8C40155F}.Release|Any CPU.Build.0 = Release|Any CPU
		{E4B11220-43DD-4A5B-B427-BF0C8C40155F}.StagingDebug|Any CPU.ActiveCfg = Debug|Any CPU
		{E4B11220-43DD-4A5B-B427-BF0C8C40155F}.StagingDebug|Any CPU.Build.0 = Debug|Any CPU
		{E4B11220-43DD-4A5B-B427-BF0C8C40155F}.StagingRelease|Any CPU.ActiveCfg = Release|Any CPU
		{E4B11220-43DD-4A5B-B427-BF0C8C40155F}.StagingRelease|Any CPU.Build.0 = Release|Any CPU
		{1268D32C-CDBB-4AB8-9683-6074F3D6E6C9}.Build|Any CPU.ActiveCfg = Release|Any CPU
		{1268D32C-CDBB-4AB8-9683-6074F3D6E6C9}.Build|Any CPU.Build.0 = Release|Any CPU
		{1268D32C-CDBB-4AB8-9683-6074F3D6E6C9}.Debug|Any CPU.ActiveCfg = Debug|Any CPU
		{1268D32C-CDBB-4AB8-9683-6074F3D6E6C9}.Debug|Any CPU.Build.0 = Debug|Any CPU
		{1268D32C-CDBB-4AB8-9683-6074F3D6E6C9}.LoadTesting|Any CPU.ActiveCfg = Release|Any CPU
		{1268D32C-CDBB-4AB8-9683-6074F3D6E6C9}.LoadTesting|Any CPU.Build.0 = Release|Any CPU
		{1268D32C-CDBB-4AB8-9683-6074F3D6E6C9}.ProdDebug|Any CPU.ActiveCfg = Debug|Any CPU
		{1268D32C-CDBB-4AB8-9683-6074F3D6E6C9}.ProdDebug|Any CPU.Build.0 = Debug|Any CPU
		{1268D32C-CDBB-4AB8-9683-6074F3D6E6C9}.ProdRelease|Any CPU.ActiveCfg = Release|Any CPU
		{1268D32C-CDBB-4AB8-9683-6074F3D6E6C9}.ProdRelease|Any CPU.Build.0 = Release|Any CPU
		{1268D32C-CDBB-4AB8-9683-6074F3D6E6C9}.Release|Any CPU.ActiveCfg = Release|Any CPU
		{1268D32C-CDBB-4AB8-9683-6074F3D6E6C9}.Release|Any CPU.Build.0 = Release|Any CPU
		{1268D32C-CDBB-4AB8-9683-6074F3D6E6C9}.StagingDebug|Any CPU.ActiveCfg = Debug|Any CPU
		{1268D32C-CDBB-4AB8-9683-6074F3D6E6C9}.StagingDebug|Any CPU.Build.0 = Debug|Any CPU
		{1268D32C-CDBB-4AB8-9683-6074F3D6E6C9}.StagingRelease|Any CPU.ActiveCfg = Release|Any CPU
		{1268D32C-CDBB-4AB8-9683-6074F3D6E6C9}.StagingRelease|Any CPU.Build.0 = Release|Any CPU
		{38FD9968-6509-4136-9453-EC9A575F71A4}.Build|Any CPU.ActiveCfg = Release|Any CPU
		{38FD9968-6509-4136-9453-EC9A575F71A4}.Build|Any CPU.Build.0 = Release|Any CPU
		{38FD9968-6509-4136-9453-EC9A575F71A4}.Debug|Any CPU.ActiveCfg = Debug|Any CPU
		{38FD9968-6509-4136-9453-EC9A575F71A4}.Debug|Any CPU.Build.0 = Debug|Any CPU
		{38FD9968-6509-4136-9453-EC9A575F71A4}.LoadTesting|Any CPU.ActiveCfg = Release|Any CPU
		{38FD9968-6509-4136-9453-EC9A575F71A4}.LoadTesting|Any CPU.Build.0 = Release|Any CPU
		{38FD9968-6509-4136-9453-EC9A575F71A4}.ProdDebug|Any CPU.ActiveCfg = Debug|Any CPU
		{38FD9968-6509-4136-9453-EC9A575F71A4}.ProdDebug|Any CPU.Build.0 = Debug|Any CPU
		{38FD9968-6509-4136-9453-EC9A575F71A4}.ProdRelease|Any CPU.ActiveCfg = Release|Any CPU
		{38FD9968-6509-4136-9453-EC9A575F71A4}.ProdRelease|Any CPU.Build.0 = Release|Any CPU
		{38FD9968-6509-4136-9453-EC9A575F71A4}.Release|Any CPU.ActiveCfg = Release|Any CPU
		{38FD9968-6509-4136-9453-EC9A575F71A4}.Release|Any CPU.Build.0 = Release|Any CPU
		{38FD9968-6509-4136-9453-EC9A575F71A4}.StagingDebug|Any CPU.ActiveCfg = Debug|Any CPU
		{38FD9968-6509-4136-9453-EC9A575F71A4}.StagingDebug|Any CPU.Build.0 = Debug|Any CPU
		{38FD9968-6509-4136-9453-EC9A575F71A4}.StagingRelease|Any CPU.ActiveCfg = Release|Any CPU
		{38FD9968-6509-4136-9453-EC9A575F71A4}.StagingRelease|Any CPU.Build.0 = Release|Any CPU
		{ED3CDEFD-43F6-4E66-B15E-9B070FE8B11F}.Build|Any CPU.ActiveCfg = Release|Any CPU
		{ED3CDEFD-43F6-4E66-B15E-9B070FE8B11F}.Debug|Any CPU.ActiveCfg = Debug|Any CPU
		{ED3CDEFD-43F6-4E66-B15E-9B070FE8B11F}.Debug|Any CPU.Build.0 = Debug|Any CPU
		{ED3CDEFD-43F6-4E66-B15E-9B070FE8B11F}.LoadTesting|Any CPU.ActiveCfg = Release|Any CPU
		{ED3CDEFD-43F6-4E66-B15E-9B070FE8B11F}.ProdDebug|Any CPU.ActiveCfg = Debug|Any CPU
		{ED3CDEFD-43F6-4E66-B15E-9B070FE8B11F}.ProdDebug|Any CPU.Build.0 = Debug|Any CPU
		{ED3CDEFD-43F6-4E66-B15E-9B070FE8B11F}.ProdRelease|Any CPU.ActiveCfg = Release|Any CPU
		{ED3CDEFD-43F6-4E66-B15E-9B070FE8B11F}.ProdRelease|Any CPU.Build.0 = Release|Any CPU
		{ED3CDEFD-43F6-4E66-B15E-9B070FE8B11F}.Release|Any CPU.ActiveCfg = Release|Any CPU
		{ED3CDEFD-43F6-4E66-B15E-9B070FE8B11F}.Release|Any CPU.Build.0 = Release|Any CPU
		{ED3CDEFD-43F6-4E66-B15E-9B070FE8B11F}.StagingDebug|Any CPU.ActiveCfg = Debug|Any CPU
		{ED3CDEFD-43F6-4E66-B15E-9B070FE8B11F}.StagingDebug|Any CPU.Build.0 = Debug|Any CPU
		{ED3CDEFD-43F6-4E66-B15E-9B070FE8B11F}.StagingRelease|Any CPU.ActiveCfg = Release|Any CPU
		{ED3CDEFD-43F6-4E66-B15E-9B070FE8B11F}.StagingRelease|Any CPU.Build.0 = Release|Any CPU
		{5FFDCA12-F339-4FEB-961B-CF4D3A51B558}.Build|Any CPU.ActiveCfg = Release|Any CPU
		{5FFDCA12-F339-4FEB-961B-CF4D3A51B558}.Build|Any CPU.Build.0 = Release|Any CPU
		{5FFDCA12-F339-4FEB-961B-CF4D3A51B558}.Debug|Any CPU.ActiveCfg = Debug|Any CPU
		{5FFDCA12-F339-4FEB-961B-CF4D3A51B558}.Debug|Any CPU.Build.0 = Debug|Any CPU
		{5FFDCA12-F339-4FEB-961B-CF4D3A51B558}.LoadTesting|Any CPU.ActiveCfg = Release|Any CPU
		{5FFDCA12-F339-4FEB-961B-CF4D3A51B558}.LoadTesting|Any CPU.Build.0 = Release|Any CPU
		{5FFDCA12-F339-4FEB-961B-CF4D3A51B558}.ProdDebug|Any CPU.ActiveCfg = Debug|Any CPU
		{5FFDCA12-F339-4FEB-961B-CF4D3A51B558}.ProdDebug|Any CPU.Build.0 = Debug|Any CPU
		{5FFDCA12-F339-4FEB-961B-CF4D3A51B558}.ProdRelease|Any CPU.ActiveCfg = Release|Any CPU
		{5FFDCA12-F339-4FEB-961B-CF4D3A51B558}.ProdRelease|Any CPU.Build.0 = Release|Any CPU
		{5FFDCA12-F339-4FEB-961B-CF4D3A51B558}.Release|Any CPU.ActiveCfg = Release|Any CPU
		{5FFDCA12-F339-4FEB-961B-CF4D3A51B558}.Release|Any CPU.Build.0 = Release|Any CPU
		{5FFDCA12-F339-4FEB-961B-CF4D3A51B558}.StagingDebug|Any CPU.ActiveCfg = Debug|Any CPU
		{5FFDCA12-F339-4FEB-961B-CF4D3A51B558}.StagingDebug|Any CPU.Build.0 = Debug|Any CPU
		{5FFDCA12-F339-4FEB-961B-CF4D3A51B558}.StagingRelease|Any CPU.ActiveCfg = Release|Any CPU
		{5FFDCA12-F339-4FEB-961B-CF4D3A51B558}.StagingRelease|Any CPU.Build.0 = Release|Any CPU
		{AE0BFA4F-3525-4210-862E-E2D650DD36E9}.Build|Any CPU.ActiveCfg = Release|Any CPU
		{AE0BFA4F-3525-4210-862E-E2D650DD36E9}.Build|Any CPU.Build.0 = Release|Any CPU
		{AE0BFA4F-3525-4210-862E-E2D650DD36E9}.Debug|Any CPU.ActiveCfg = Debug|Any CPU
		{AE0BFA4F-3525-4210-862E-E2D650DD36E9}.Debug|Any CPU.Build.0 = Debug|Any CPU
		{AE0BFA4F-3525-4210-862E-E2D650DD36E9}.LoadTesting|Any CPU.ActiveCfg = Release|Any CPU
		{AE0BFA4F-3525-4210-862E-E2D650DD36E9}.LoadTesting|Any CPU.Build.0 = Release|Any CPU
		{AE0BFA4F-3525-4210-862E-E2D650DD36E9}.ProdDebug|Any CPU.ActiveCfg = Debug|Any CPU
		{AE0BFA4F-3525-4210-862E-E2D650DD36E9}.ProdDebug|Any CPU.Build.0 = Debug|Any CPU
		{AE0BFA4F-3525-4210-862E-E2D650DD36E9}.ProdRelease|Any CPU.ActiveCfg = Release|Any CPU
		{AE0BFA4F-3525-4210-862E-E2D650DD36E9}.ProdRelease|Any CPU.Build.0 = Release|Any CPU
		{AE0BFA4F-3525-4210-862E-E2D650DD36E9}.Release|Any CPU.ActiveCfg = Release|Any CPU
		{AE0BFA4F-3525-4210-862E-E2D650DD36E9}.Release|Any CPU.Build.0 = Release|Any CPU
		{AE0BFA4F-3525-4210-862E-E2D650DD36E9}.StagingDebug|Any CPU.ActiveCfg = Debug|Any CPU
		{AE0BFA4F-3525-4210-862E-E2D650DD36E9}.StagingDebug|Any CPU.Build.0 = Debug|Any CPU
		{AE0BFA4F-3525-4210-862E-E2D650DD36E9}.StagingRelease|Any CPU.ActiveCfg = Release|Any CPU
		{AE0BFA4F-3525-4210-862E-E2D650DD36E9}.StagingRelease|Any CPU.Build.0 = Release|Any CPU
		{E0956E60-8DBB-4609-8338-0CB49BF61AF3}.Build|Any CPU.ActiveCfg = Release|Any CPU
		{E0956E60-8DBB-4609-8338-0CB49BF61AF3}.Build|Any CPU.Build.0 = Release|Any CPU
		{E0956E60-8DBB-4609-8338-0CB49BF61AF3}.Debug|Any CPU.ActiveCfg = Debug|Any CPU
		{E0956E60-8DBB-4609-8338-0CB49BF61AF3}.Debug|Any CPU.Build.0 = Debug|Any CPU
		{E0956E60-8DBB-4609-8338-0CB49BF61AF3}.LoadTesting|Any CPU.ActiveCfg = Release|Any CPU
		{E0956E60-8DBB-4609-8338-0CB49BF61AF3}.LoadTesting|Any CPU.Build.0 = Release|Any CPU
		{E0956E60-8DBB-4609-8338-0CB49BF61AF3}.ProdDebug|Any CPU.ActiveCfg = Debug|Any CPU
		{E0956E60-8DBB-4609-8338-0CB49BF61AF3}.ProdDebug|Any CPU.Build.0 = Debug|Any CPU
		{E0956E60-8DBB-4609-8338-0CB49BF61AF3}.ProdRelease|Any CPU.ActiveCfg = Release|Any CPU
		{E0956E60-8DBB-4609-8338-0CB49BF61AF3}.ProdRelease|Any CPU.Build.0 = Release|Any CPU
		{E0956E60-8DBB-4609-8338-0CB49BF61AF3}.Release|Any CPU.ActiveCfg = Release|Any CPU
		{E0956E60-8DBB-4609-8338-0CB49BF61AF3}.Release|Any CPU.Build.0 = Release|Any CPU
		{E0956E60-8DBB-4609-8338-0CB49BF61AF3}.StagingDebug|Any CPU.ActiveCfg = Debug|Any CPU
		{E0956E60-8DBB-4609-8338-0CB49BF61AF3}.StagingDebug|Any CPU.Build.0 = Debug|Any CPU
		{E0956E60-8DBB-4609-8338-0CB49BF61AF3}.StagingRelease|Any CPU.ActiveCfg = Release|Any CPU
		{E0956E60-8DBB-4609-8338-0CB49BF61AF3}.StagingRelease|Any CPU.Build.0 = Release|Any CPU
		{51E91C79-9D3B-4C4E-BD22-D930E9919578}.Build|Any CPU.ActiveCfg = Release|Any CPU
		{51E91C79-9D3B-4C4E-BD22-D930E9919578}.Build|Any CPU.Build.0 = Release|Any CPU
		{51E91C79-9D3B-4C4E-BD22-D930E9919578}.Debug|Any CPU.ActiveCfg = Debug|Any CPU
		{51E91C79-9D3B-4C4E-BD22-D930E9919578}.Debug|Any CPU.Build.0 = Debug|Any CPU
		{51E91C79-9D3B-4C4E-BD22-D930E9919578}.LoadTesting|Any CPU.ActiveCfg = Release|Any CPU
		{51E91C79-9D3B-4C4E-BD22-D930E9919578}.LoadTesting|Any CPU.Build.0 = Release|Any CPU
		{51E91C79-9D3B-4C4E-BD22-D930E9919578}.ProdDebug|Any CPU.ActiveCfg = Debug|Any CPU
		{51E91C79-9D3B-4C4E-BD22-D930E9919578}.ProdDebug|Any CPU.Build.0 = Debug|Any CPU
		{51E91C79-9D3B-4C4E-BD22-D930E9919578}.ProdRelease|Any CPU.ActiveCfg = Release|Any CPU
		{51E91C79-9D3B-4C4E-BD22-D930E9919578}.ProdRelease|Any CPU.Build.0 = Release|Any CPU
		{51E91C79-9D3B-4C4E-BD22-D930E9919578}.Release|Any CPU.ActiveCfg = Release|Any CPU
		{51E91C79-9D3B-4C4E-BD22-D930E9919578}.Release|Any CPU.Build.0 = Release|Any CPU
		{51E91C79-9D3B-4C4E-BD22-D930E9919578}.StagingDebug|Any CPU.ActiveCfg = Debug|Any CPU
		{51E91C79-9D3B-4C4E-BD22-D930E9919578}.StagingDebug|Any CPU.Build.0 = Debug|Any CPU
		{51E91C79-9D3B-4C4E-BD22-D930E9919578}.StagingRelease|Any CPU.ActiveCfg = Release|Any CPU
		{51E91C79-9D3B-4C4E-BD22-D930E9919578}.StagingRelease|Any CPU.Build.0 = Release|Any CPU
		{EFE44270-D87B-49A1-ABCD-E2199D4E2D08}.Build|Any CPU.ActiveCfg = Release|Any CPU
		{EFE44270-D87B-49A1-ABCD-E2199D4E2D08}.Build|Any CPU.Build.0 = Release|Any CPU
		{EFE44270-D87B-49A1-ABCD-E2199D4E2D08}.Debug|Any CPU.ActiveCfg = Debug|Any CPU
		{EFE44270-D87B-49A1-ABCD-E2199D4E2D08}.Debug|Any CPU.Build.0 = Debug|Any CPU
		{EFE44270-D87B-49A1-ABCD-E2199D4E2D08}.LoadTesting|Any CPU.ActiveCfg = Release|Any CPU
		{EFE44270-D87B-49A1-ABCD-E2199D4E2D08}.LoadTesting|Any CPU.Build.0 = Release|Any CPU
		{EFE44270-D87B-49A1-ABCD-E2199D4E2D08}.ProdDebug|Any CPU.ActiveCfg = Debug|Any CPU
		{EFE44270-D87B-49A1-ABCD-E2199D4E2D08}.ProdDebug|Any CPU.Build.0 = Debug|Any CPU
		{EFE44270-D87B-49A1-ABCD-E2199D4E2D08}.ProdRelease|Any CPU.ActiveCfg = Release|Any CPU
		{EFE44270-D87B-49A1-ABCD-E2199D4E2D08}.ProdRelease|Any CPU.Build.0 = Release|Any CPU
		{EFE44270-D87B-49A1-ABCD-E2199D4E2D08}.Release|Any CPU.ActiveCfg = Release|Any CPU
		{EFE44270-D87B-49A1-ABCD-E2199D4E2D08}.Release|Any CPU.Build.0 = Release|Any CPU
		{EFE44270-D87B-49A1-ABCD-E2199D4E2D08}.StagingDebug|Any CPU.ActiveCfg = Debug|Any CPU
		{EFE44270-D87B-49A1-ABCD-E2199D4E2D08}.StagingDebug|Any CPU.Build.0 = Debug|Any CPU
		{EFE44270-D87B-49A1-ABCD-E2199D4E2D08}.StagingRelease|Any CPU.ActiveCfg = Release|Any CPU
		{EFE44270-D87B-49A1-ABCD-E2199D4E2D08}.StagingRelease|Any CPU.Build.0 = Release|Any CPU
		{69125A15-FC72-442E-A8F2-A254D818FBEC}.Build|Any CPU.ActiveCfg = Release|Any CPU
		{69125A15-FC72-442E-A8F2-A254D818FBEC}.Debug|Any CPU.ActiveCfg = Debug|Any CPU
		{69125A15-FC72-442E-A8F2-A254D818FBEC}.Debug|Any CPU.Build.0 = Debug|Any CPU
		{69125A15-FC72-442E-A8F2-A254D818FBEC}.LoadTesting|Any CPU.ActiveCfg = Release|Any CPU
		{69125A15-FC72-442E-A8F2-A254D818FBEC}.ProdDebug|Any CPU.ActiveCfg = Debug|Any CPU
		{69125A15-FC72-442E-A8F2-A254D818FBEC}.ProdDebug|Any CPU.Build.0 = Debug|Any CPU
		{69125A15-FC72-442E-A8F2-A254D818FBEC}.ProdRelease|Any CPU.ActiveCfg = Release|Any CPU
		{69125A15-FC72-442E-A8F2-A254D818FBEC}.ProdRelease|Any CPU.Build.0 = Release|Any CPU
		{69125A15-FC72-442E-A8F2-A254D818FBEC}.Release|Any CPU.ActiveCfg = Release|Any CPU
		{69125A15-FC72-442E-A8F2-A254D818FBEC}.Release|Any CPU.Build.0 = Release|Any CPU
		{69125A15-FC72-442E-A8F2-A254D818FBEC}.StagingDebug|Any CPU.ActiveCfg = Debug|Any CPU
		{69125A15-FC72-442E-A8F2-A254D818FBEC}.StagingDebug|Any CPU.Build.0 = Debug|Any CPU
		{69125A15-FC72-442E-A8F2-A254D818FBEC}.StagingRelease|Any CPU.ActiveCfg = Release|Any CPU
		{69125A15-FC72-442E-A8F2-A254D818FBEC}.StagingRelease|Any CPU.Build.0 = Release|Any CPU
		{0C1C26F0-09C7-495E-85DD-F12E531EA7F5}.Build|Any CPU.ActiveCfg = Release|Any CPU
		{0C1C26F0-09C7-495E-85DD-F12E531EA7F5}.Build|Any CPU.Build.0 = Release|Any CPU
		{0C1C26F0-09C7-495E-85DD-F12E531EA7F5}.Debug|Any CPU.ActiveCfg = Debug|Any CPU
		{0C1C26F0-09C7-495E-85DD-F12E531EA7F5}.Debug|Any CPU.Build.0 = Debug|Any CPU
		{0C1C26F0-09C7-495E-85DD-F12E531EA7F5}.LoadTesting|Any CPU.ActiveCfg = Release|Any CPU
		{0C1C26F0-09C7-495E-85DD-F12E531EA7F5}.LoadTesting|Any CPU.Build.0 = Release|Any CPU
		{0C1C26F0-09C7-495E-85DD-F12E531EA7F5}.ProdDebug|Any CPU.ActiveCfg = Debug|Any CPU
		{0C1C26F0-09C7-495E-85DD-F12E531EA7F5}.ProdDebug|Any CPU.Build.0 = Debug|Any CPU
		{0C1C26F0-09C7-495E-85DD-F12E531EA7F5}.ProdRelease|Any CPU.ActiveCfg = Release|Any CPU
		{0C1C26F0-09C7-495E-85DD-F12E531EA7F5}.ProdRelease|Any CPU.Build.0 = Release|Any CPU
		{0C1C26F0-09C7-495E-85DD-F12E531EA7F5}.Release|Any CPU.ActiveCfg = Release|Any CPU
		{0C1C26F0-09C7-495E-85DD-F12E531EA7F5}.Release|Any CPU.Build.0 = Release|Any CPU
		{0C1C26F0-09C7-495E-85DD-F12E531EA7F5}.StagingDebug|Any CPU.ActiveCfg = Debug|Any CPU
		{0C1C26F0-09C7-495E-85DD-F12E531EA7F5}.StagingDebug|Any CPU.Build.0 = Debug|Any CPU
		{0C1C26F0-09C7-495E-85DD-F12E531EA7F5}.StagingRelease|Any CPU.ActiveCfg = Release|Any CPU
		{0C1C26F0-09C7-495E-85DD-F12E531EA7F5}.StagingRelease|Any CPU.Build.0 = Release|Any CPU
		{2CE8733C-8D7C-4CF8-9271-415702821594}.Build|Any CPU.ActiveCfg = Release|Any CPU
		{2CE8733C-8D7C-4CF8-9271-415702821594}.Build|Any CPU.Build.0 = Release|Any CPU
		{2CE8733C-8D7C-4CF8-9271-415702821594}.Debug|Any CPU.ActiveCfg = Debug|Any CPU
		{2CE8733C-8D7C-4CF8-9271-415702821594}.Debug|Any CPU.Build.0 = Debug|Any CPU
		{2CE8733C-8D7C-4CF8-9271-415702821594}.LoadTesting|Any CPU.ActiveCfg = Release|Any CPU
		{2CE8733C-8D7C-4CF8-9271-415702821594}.LoadTesting|Any CPU.Build.0 = Release|Any CPU
		{2CE8733C-8D7C-4CF8-9271-415702821594}.ProdDebug|Any CPU.ActiveCfg = Debug|Any CPU
		{2CE8733C-8D7C-4CF8-9271-415702821594}.ProdDebug|Any CPU.Build.0 = Debug|Any CPU
		{2CE8733C-8D7C-4CF8-9271-415702821594}.ProdRelease|Any CPU.ActiveCfg = Release|Any CPU
		{2CE8733C-8D7C-4CF8-9271-415702821594}.ProdRelease|Any CPU.Build.0 = Release|Any CPU
		{2CE8733C-8D7C-4CF8-9271-415702821594}.Release|Any CPU.ActiveCfg = Release|Any CPU
		{2CE8733C-8D7C-4CF8-9271-415702821594}.Release|Any CPU.Build.0 = Release|Any CPU
		{2CE8733C-8D7C-4CF8-9271-415702821594}.StagingDebug|Any CPU.ActiveCfg = Debug|Any CPU
		{2CE8733C-8D7C-4CF8-9271-415702821594}.StagingDebug|Any CPU.Build.0 = Debug|Any CPU
		{2CE8733C-8D7C-4CF8-9271-415702821594}.StagingRelease|Any CPU.ActiveCfg = Release|Any CPU
		{2CE8733C-8D7C-4CF8-9271-415702821594}.StagingRelease|Any CPU.Build.0 = Release|Any CPU
		{470514D2-A2E9-4EC5-A7ED-46EBDABA8877}.Build|Any CPU.ActiveCfg = Release|Any CPU
		{470514D2-A2E9-4EC5-A7ED-46EBDABA8877}.Build|Any CPU.Build.0 = Release|Any CPU
		{470514D2-A2E9-4EC5-A7ED-46EBDABA8877}.Debug|Any CPU.ActiveCfg = Debug|Any CPU
		{470514D2-A2E9-4EC5-A7ED-46EBDABA8877}.Debug|Any CPU.Build.0 = Debug|Any CPU
		{470514D2-A2E9-4EC5-A7ED-46EBDABA8877}.LoadTesting|Any CPU.ActiveCfg = Release|Any CPU
		{470514D2-A2E9-4EC5-A7ED-46EBDABA8877}.LoadTesting|Any CPU.Build.0 = Release|Any CPU
		{470514D2-A2E9-4EC5-A7ED-46EBDABA8877}.ProdDebug|Any CPU.ActiveCfg = Debug|Any CPU
		{470514D2-A2E9-4EC5-A7ED-46EBDABA8877}.ProdDebug|Any CPU.Build.0 = Debug|Any CPU
		{470514D2-A2E9-4EC5-A7ED-46EBDABA8877}.ProdRelease|Any CPU.ActiveCfg = Release|Any CPU
		{470514D2-A2E9-4EC5-A7ED-46EBDABA8877}.ProdRelease|Any CPU.Build.0 = Release|Any CPU
		{470514D2-A2E9-4EC5-A7ED-46EBDABA8877}.Release|Any CPU.ActiveCfg = Release|Any CPU
		{470514D2-A2E9-4EC5-A7ED-46EBDABA8877}.Release|Any CPU.Build.0 = Release|Any CPU
		{470514D2-A2E9-4EC5-A7ED-46EBDABA8877}.StagingDebug|Any CPU.ActiveCfg = Debug|Any CPU
		{470514D2-A2E9-4EC5-A7ED-46EBDABA8877}.StagingDebug|Any CPU.Build.0 = Debug|Any CPU
		{470514D2-A2E9-4EC5-A7ED-46EBDABA8877}.StagingRelease|Any CPU.ActiveCfg = Release|Any CPU
		{470514D2-A2E9-4EC5-A7ED-46EBDABA8877}.StagingRelease|Any CPU.Build.0 = Release|Any CPU
		{382BEFE2-BA1E-46D8-8501-1A748504C359}.Build|Any CPU.ActiveCfg = Release|Any CPU
		{382BEFE2-BA1E-46D8-8501-1A748504C359}.Build|Any CPU.Build.0 = Release|Any CPU
		{382BEFE2-BA1E-46D8-8501-1A748504C359}.Debug|Any CPU.ActiveCfg = Debug|Any CPU
		{382BEFE2-BA1E-46D8-8501-1A748504C359}.Debug|Any CPU.Build.0 = Debug|Any CPU
		{382BEFE2-BA1E-46D8-8501-1A748504C359}.LoadTesting|Any CPU.ActiveCfg = Release|Any CPU
		{382BEFE2-BA1E-46D8-8501-1A748504C359}.LoadTesting|Any CPU.Build.0 = Release|Any CPU
		{382BEFE2-BA1E-46D8-8501-1A748504C359}.ProdDebug|Any CPU.ActiveCfg = Debug|Any CPU
		{382BEFE2-BA1E-46D8-8501-1A748504C359}.ProdDebug|Any CPU.Build.0 = Debug|Any CPU
		{382BEFE2-BA1E-46D8-8501-1A748504C359}.ProdRelease|Any CPU.ActiveCfg = Release|Any CPU
		{382BEFE2-BA1E-46D8-8501-1A748504C359}.ProdRelease|Any CPU.Build.0 = Release|Any CPU
		{382BEFE2-BA1E-46D8-8501-1A748504C359}.Release|Any CPU.ActiveCfg = Release|Any CPU
		{382BEFE2-BA1E-46D8-8501-1A748504C359}.Release|Any CPU.Build.0 = Release|Any CPU
		{382BEFE2-BA1E-46D8-8501-1A748504C359}.StagingDebug|Any CPU.ActiveCfg = Debug|Any CPU
		{382BEFE2-BA1E-46D8-8501-1A748504C359}.StagingDebug|Any CPU.Build.0 = Debug|Any CPU
		{382BEFE2-BA1E-46D8-8501-1A748504C359}.StagingRelease|Any CPU.ActiveCfg = Release|Any CPU
		{382BEFE2-BA1E-46D8-8501-1A748504C359}.StagingRelease|Any CPU.Build.0 = Release|Any CPU
		{DDF5533D-8591-4A36-9E7C-A4220C3A1561}.Build|Any CPU.ActiveCfg = Release|Any CPU
		{DDF5533D-8591-4A36-9E7C-A4220C3A1561}.Build|Any CPU.Build.0 = Release|Any CPU
		{DDF5533D-8591-4A36-9E7C-A4220C3A1561}.Debug|Any CPU.ActiveCfg = Debug|Any CPU
		{DDF5533D-8591-4A36-9E7C-A4220C3A1561}.Debug|Any CPU.Build.0 = Debug|Any CPU
		{DDF5533D-8591-4A36-9E7C-A4220C3A1561}.LoadTesting|Any CPU.ActiveCfg = Release|Any CPU
		{DDF5533D-8591-4A36-9E7C-A4220C3A1561}.LoadTesting|Any CPU.Build.0 = Release|Any CPU
		{DDF5533D-8591-4A36-9E7C-A4220C3A1561}.ProdDebug|Any CPU.ActiveCfg = Debug|Any CPU
		{DDF5533D-8591-4A36-9E7C-A4220C3A1561}.ProdDebug|Any CPU.Build.0 = Debug|Any CPU
		{DDF5533D-8591-4A36-9E7C-A4220C3A1561}.ProdRelease|Any CPU.ActiveCfg = Release|Any CPU
		{DDF5533D-8591-4A36-9E7C-A4220C3A1561}.ProdRelease|Any CPU.Build.0 = Release|Any CPU
		{DDF5533D-8591-4A36-9E7C-A4220C3A1561}.Release|Any CPU.ActiveCfg = Release|Any CPU
		{DDF5533D-8591-4A36-9E7C-A4220C3A1561}.Release|Any CPU.Build.0 = Release|Any CPU
		{DDF5533D-8591-4A36-9E7C-A4220C3A1561}.StagingDebug|Any CPU.ActiveCfg = Debug|Any CPU
		{DDF5533D-8591-4A36-9E7C-A4220C3A1561}.StagingDebug|Any CPU.Build.0 = Debug|Any CPU
		{DDF5533D-8591-4A36-9E7C-A4220C3A1561}.StagingRelease|Any CPU.ActiveCfg = Release|Any CPU
		{DDF5533D-8591-4A36-9E7C-A4220C3A1561}.StagingRelease|Any CPU.Build.0 = Release|Any CPU
		{64B3B242-A167-4146-8D39-93EAAEF2E8EB}.Build|Any CPU.ActiveCfg = Release|Any CPU
		{64B3B242-A167-4146-8D39-93EAAEF2E8EB}.Build|Any CPU.Build.0 = Release|Any CPU
		{64B3B242-A167-4146-8D39-93EAAEF2E8EB}.Debug|Any CPU.ActiveCfg = Debug|Any CPU
		{64B3B242-A167-4146-8D39-93EAAEF2E8EB}.Debug|Any CPU.Build.0 = Debug|Any CPU
		{64B3B242-A167-4146-8D39-93EAAEF2E8EB}.LoadTesting|Any CPU.ActiveCfg = Release|Any CPU
		{64B3B242-A167-4146-8D39-93EAAEF2E8EB}.LoadTesting|Any CPU.Build.0 = Release|Any CPU
		{64B3B242-A167-4146-8D39-93EAAEF2E8EB}.ProdDebug|Any CPU.ActiveCfg = Debug|Any CPU
		{64B3B242-A167-4146-8D39-93EAAEF2E8EB}.ProdDebug|Any CPU.Build.0 = Debug|Any CPU
		{64B3B242-A167-4146-8D39-93EAAEF2E8EB}.ProdRelease|Any CPU.ActiveCfg = Release|Any CPU
		{64B3B242-A167-4146-8D39-93EAAEF2E8EB}.ProdRelease|Any CPU.Build.0 = Release|Any CPU
		{64B3B242-A167-4146-8D39-93EAAEF2E8EB}.Release|Any CPU.ActiveCfg = Release|Any CPU
		{64B3B242-A167-4146-8D39-93EAAEF2E8EB}.Release|Any CPU.Build.0 = Release|Any CPU
		{64B3B242-A167-4146-8D39-93EAAEF2E8EB}.StagingDebug|Any CPU.ActiveCfg = Debug|Any CPU
		{64B3B242-A167-4146-8D39-93EAAEF2E8EB}.StagingDebug|Any CPU.Build.0 = Debug|Any CPU
		{64B3B242-A167-4146-8D39-93EAAEF2E8EB}.StagingRelease|Any CPU.ActiveCfg = Release|Any CPU
		{64B3B242-A167-4146-8D39-93EAAEF2E8EB}.StagingRelease|Any CPU.Build.0 = Release|Any CPU
		{E47047C8-18EF-47B7-A40D-6CC0C54C9C44}.Build|Any CPU.ActiveCfg = Release|Any CPU
		{E47047C8-18EF-47B7-A40D-6CC0C54C9C44}.Build|Any CPU.Build.0 = Release|Any CPU
		{E47047C8-18EF-47B7-A40D-6CC0C54C9C44}.Debug|Any CPU.ActiveCfg = Debug|Any CPU
		{E47047C8-18EF-47B7-A40D-6CC0C54C9C44}.Debug|Any CPU.Build.0 = Debug|Any CPU
		{E47047C8-18EF-47B7-A40D-6CC0C54C9C44}.LoadTesting|Any CPU.ActiveCfg = Release|Any CPU
		{E47047C8-18EF-47B7-A40D-6CC0C54C9C44}.LoadTesting|Any CPU.Build.0 = Release|Any CPU
		{E47047C8-18EF-47B7-A40D-6CC0C54C9C44}.ProdDebug|Any CPU.ActiveCfg = Debug|Any CPU
		{E47047C8-18EF-47B7-A40D-6CC0C54C9C44}.ProdDebug|Any CPU.Build.0 = Debug|Any CPU
		{E47047C8-18EF-47B7-A40D-6CC0C54C9C44}.ProdRelease|Any CPU.ActiveCfg = Release|Any CPU
		{E47047C8-18EF-47B7-A40D-6CC0C54C9C44}.ProdRelease|Any CPU.Build.0 = Release|Any CPU
		{E47047C8-18EF-47B7-A40D-6CC0C54C9C44}.Release|Any CPU.ActiveCfg = Release|Any CPU
		{E47047C8-18EF-47B7-A40D-6CC0C54C9C44}.Release|Any CPU.Build.0 = Release|Any CPU
		{E47047C8-18EF-47B7-A40D-6CC0C54C9C44}.StagingDebug|Any CPU.ActiveCfg = Debug|Any CPU
		{E47047C8-18EF-47B7-A40D-6CC0C54C9C44}.StagingDebug|Any CPU.Build.0 = Debug|Any CPU
		{E47047C8-18EF-47B7-A40D-6CC0C54C9C44}.StagingRelease|Any CPU.ActiveCfg = Release|Any CPU
		{E47047C8-18EF-47B7-A40D-6CC0C54C9C44}.StagingRelease|Any CPU.Build.0 = Release|Any CPU
		{2DF48B39-6126-4C23-9610-4A6A1185CBB4}.Build|Any CPU.ActiveCfg = Release|Any CPU
		{2DF48B39-6126-4C23-9610-4A6A1185CBB4}.Build|Any CPU.Build.0 = Release|Any CPU
		{2DF48B39-6126-4C23-9610-4A6A1185CBB4}.Debug|Any CPU.ActiveCfg = Debug|Any CPU
		{2DF48B39-6126-4C23-9610-4A6A1185CBB4}.Debug|Any CPU.Build.0 = Debug|Any CPU
		{2DF48B39-6126-4C23-9610-4A6A1185CBB4}.LoadTesting|Any CPU.ActiveCfg = Release|Any CPU
		{2DF48B39-6126-4C23-9610-4A6A1185CBB4}.LoadTesting|Any CPU.Build.0 = Release|Any CPU
		{2DF48B39-6126-4C23-9610-4A6A1185CBB4}.ProdDebug|Any CPU.ActiveCfg = Debug|Any CPU
		{2DF48B39-6126-4C23-9610-4A6A1185CBB4}.ProdDebug|Any CPU.Build.0 = Debug|Any CPU
		{2DF48B39-6126-4C23-9610-4A6A1185CBB4}.ProdRelease|Any CPU.ActiveCfg = Release|Any CPU
		{2DF48B39-6126-4C23-9610-4A6A1185CBB4}.ProdRelease|Any CPU.Build.0 = Release|Any CPU
		{2DF48B39-6126-4C23-9610-4A6A1185CBB4}.Release|Any CPU.ActiveCfg = Release|Any CPU
		{2DF48B39-6126-4C23-9610-4A6A1185CBB4}.Release|Any CPU.Build.0 = Release|Any CPU
		{2DF48B39-6126-4C23-9610-4A6A1185CBB4}.StagingDebug|Any CPU.ActiveCfg = Debug|Any CPU
		{2DF48B39-6126-4C23-9610-4A6A1185CBB4}.StagingDebug|Any CPU.Build.0 = Debug|Any CPU
		{2DF48B39-6126-4C23-9610-4A6A1185CBB4}.StagingRelease|Any CPU.ActiveCfg = Release|Any CPU
		{2DF48B39-6126-4C23-9610-4A6A1185CBB4}.StagingRelease|Any CPU.Build.0 = Release|Any CPU
		{843F7703-C55E-4879-B1D8-15F371B459CE}.Build|Any CPU.ActiveCfg = Release|Any CPU
		{843F7703-C55E-4879-B1D8-15F371B459CE}.Debug|Any CPU.ActiveCfg = Debug|Any CPU
		{843F7703-C55E-4879-B1D8-15F371B459CE}.Debug|Any CPU.Build.0 = Debug|Any CPU
		{843F7703-C55E-4879-B1D8-15F371B459CE}.LoadTesting|Any CPU.ActiveCfg = Release|Any CPU
		{843F7703-C55E-4879-B1D8-15F371B459CE}.ProdDebug|Any CPU.ActiveCfg = Debug|Any CPU
		{843F7703-C55E-4879-B1D8-15F371B459CE}.ProdDebug|Any CPU.Build.0 = Debug|Any CPU
		{843F7703-C55E-4879-B1D8-15F371B459CE}.ProdRelease|Any CPU.ActiveCfg = Release|Any CPU
		{843F7703-C55E-4879-B1D8-15F371B459CE}.ProdRelease|Any CPU.Build.0 = Release|Any CPU
		{843F7703-C55E-4879-B1D8-15F371B459CE}.Release|Any CPU.ActiveCfg = Release|Any CPU
		{843F7703-C55E-4879-B1D8-15F371B459CE}.Release|Any CPU.Build.0 = Release|Any CPU
		{843F7703-C55E-4879-B1D8-15F371B459CE}.StagingDebug|Any CPU.ActiveCfg = Debug|Any CPU
		{843F7703-C55E-4879-B1D8-15F371B459CE}.StagingDebug|Any CPU.Build.0 = Debug|Any CPU
		{843F7703-C55E-4879-B1D8-15F371B459CE}.StagingRelease|Any CPU.ActiveCfg = Release|Any CPU
		{843F7703-C55E-4879-B1D8-15F371B459CE}.StagingRelease|Any CPU.Build.0 = Release|Any CPU
		{267908E3-2DB2-40A7-9095-FF0E6B232F42}.Build|Any CPU.ActiveCfg = Release|Any CPU
		{267908E3-2DB2-40A7-9095-FF0E6B232F42}.Build|Any CPU.Build.0 = Release|Any CPU
		{267908E3-2DB2-40A7-9095-FF0E6B232F42}.Debug|Any CPU.ActiveCfg = Debug|Any CPU
		{267908E3-2DB2-40A7-9095-FF0E6B232F42}.Debug|Any CPU.Build.0 = Debug|Any CPU
		{267908E3-2DB2-40A7-9095-FF0E6B232F42}.LoadTesting|Any CPU.ActiveCfg = Release|Any CPU
		{267908E3-2DB2-40A7-9095-FF0E6B232F42}.LoadTesting|Any CPU.Build.0 = Release|Any CPU
		{267908E3-2DB2-40A7-9095-FF0E6B232F42}.ProdDebug|Any CPU.ActiveCfg = Debug|Any CPU
		{267908E3-2DB2-40A7-9095-FF0E6B232F42}.ProdDebug|Any CPU.Build.0 = Debug|Any CPU
		{267908E3-2DB2-40A7-9095-FF0E6B232F42}.ProdRelease|Any CPU.ActiveCfg = Release|Any CPU
		{267908E3-2DB2-40A7-9095-FF0E6B232F42}.ProdRelease|Any CPU.Build.0 = Release|Any CPU
		{267908E3-2DB2-40A7-9095-FF0E6B232F42}.Release|Any CPU.ActiveCfg = Release|Any CPU
		{267908E3-2DB2-40A7-9095-FF0E6B232F42}.Release|Any CPU.Build.0 = Release|Any CPU
		{267908E3-2DB2-40A7-9095-FF0E6B232F42}.StagingDebug|Any CPU.ActiveCfg = Debug|Any CPU
		{267908E3-2DB2-40A7-9095-FF0E6B232F42}.StagingDebug|Any CPU.Build.0 = Debug|Any CPU
		{267908E3-2DB2-40A7-9095-FF0E6B232F42}.StagingRelease|Any CPU.ActiveCfg = Release|Any CPU
		{267908E3-2DB2-40A7-9095-FF0E6B232F42}.StagingRelease|Any CPU.Build.0 = Release|Any CPU
		{EAE9E97D-2A9D-4C9A-A4A8-574A709D4B94}.Build|Any CPU.ActiveCfg = Release|Any CPU
		{EAE9E97D-2A9D-4C9A-A4A8-574A709D4B94}.Build|Any CPU.Build.0 = Release|Any CPU
		{EAE9E97D-2A9D-4C9A-A4A8-574A709D4B94}.Debug|Any CPU.ActiveCfg = Debug|Any CPU
		{EAE9E97D-2A9D-4C9A-A4A8-574A709D4B94}.Debug|Any CPU.Build.0 = Debug|Any CPU
		{EAE9E97D-2A9D-4C9A-A4A8-574A709D4B94}.LoadTesting|Any CPU.ActiveCfg = Release|Any CPU
		{EAE9E97D-2A9D-4C9A-A4A8-574A709D4B94}.LoadTesting|Any CPU.Build.0 = Release|Any CPU
		{EAE9E97D-2A9D-4C9A-A4A8-574A709D4B94}.ProdDebug|Any CPU.ActiveCfg = Debug|Any CPU
		{EAE9E97D-2A9D-4C9A-A4A8-574A709D4B94}.ProdDebug|Any CPU.Build.0 = Debug|Any CPU
		{EAE9E97D-2A9D-4C9A-A4A8-574A709D4B94}.ProdRelease|Any CPU.ActiveCfg = Release|Any CPU
		{EAE9E97D-2A9D-4C9A-A4A8-574A709D4B94}.ProdRelease|Any CPU.Build.0 = Release|Any CPU
		{EAE9E97D-2A9D-4C9A-A4A8-574A709D4B94}.Release|Any CPU.ActiveCfg = Release|Any CPU
		{EAE9E97D-2A9D-4C9A-A4A8-574A709D4B94}.Release|Any CPU.Build.0 = Release|Any CPU
		{EAE9E97D-2A9D-4C9A-A4A8-574A709D4B94}.StagingDebug|Any CPU.ActiveCfg = Debug|Any CPU
		{EAE9E97D-2A9D-4C9A-A4A8-574A709D4B94}.StagingDebug|Any CPU.Build.0 = Debug|Any CPU
		{EAE9E97D-2A9D-4C9A-A4A8-574A709D4B94}.StagingRelease|Any CPU.ActiveCfg = Release|Any CPU
		{EAE9E97D-2A9D-4C9A-A4A8-574A709D4B94}.StagingRelease|Any CPU.Build.0 = Release|Any CPU
		{2F5DBEAD-851B-4836-90FA-175BE2CA7913}.Build|Any CPU.ActiveCfg = Build|Any CPU
		{2F5DBEAD-851B-4836-90FA-175BE2CA7913}.Build|Any CPU.Build.0 = Build|Any CPU
		{2F5DBEAD-851B-4836-90FA-175BE2CA7913}.Debug|Any CPU.ActiveCfg = Debug|Any CPU
		{2F5DBEAD-851B-4836-90FA-175BE2CA7913}.Debug|Any CPU.Build.0 = Debug|Any CPU
		{2F5DBEAD-851B-4836-90FA-175BE2CA7913}.LoadTesting|Any CPU.ActiveCfg = Build|Any CPU
		{2F5DBEAD-851B-4836-90FA-175BE2CA7913}.LoadTesting|Any CPU.Build.0 = Build|Any CPU
		{2F5DBEAD-851B-4836-90FA-175BE2CA7913}.ProdDebug|Any CPU.ActiveCfg = Debug|Any CPU
		{2F5DBEAD-851B-4836-90FA-175BE2CA7913}.ProdDebug|Any CPU.Build.0 = Debug|Any CPU
		{2F5DBEAD-851B-4836-90FA-175BE2CA7913}.ProdRelease|Any CPU.ActiveCfg = Release|Any CPU
		{2F5DBEAD-851B-4836-90FA-175BE2CA7913}.ProdRelease|Any CPU.Build.0 = Release|Any CPU
		{2F5DBEAD-851B-4836-90FA-175BE2CA7913}.Release|Any CPU.ActiveCfg = Release|Any CPU
		{2F5DBEAD-851B-4836-90FA-175BE2CA7913}.Release|Any CPU.Build.0 = Release|Any CPU
		{2F5DBEAD-851B-4836-90FA-175BE2CA7913}.StagingDebug|Any CPU.ActiveCfg = Debug|Any CPU
		{2F5DBEAD-851B-4836-90FA-175BE2CA7913}.StagingDebug|Any CPU.Build.0 = Debug|Any CPU
		{2F5DBEAD-851B-4836-90FA-175BE2CA7913}.StagingRelease|Any CPU.ActiveCfg = Release|Any CPU
		{2F5DBEAD-851B-4836-90FA-175BE2CA7913}.StagingRelease|Any CPU.Build.0 = Release|Any CPU
		{9D2AA457-982D-4C6C-AA72-78B5B829484C}.Build|Any CPU.ActiveCfg = Release|Any CPU
		{9D2AA457-982D-4C6C-AA72-78B5B829484C}.Build|Any CPU.Build.0 = Release|Any CPU
		{9D2AA457-982D-4C6C-AA72-78B5B829484C}.Debug|Any CPU.ActiveCfg = Debug|Any CPU
		{9D2AA457-982D-4C6C-AA72-78B5B829484C}.Debug|Any CPU.Build.0 = Debug|Any CPU
		{9D2AA457-982D-4C6C-AA72-78B5B829484C}.LoadTesting|Any CPU.ActiveCfg = Release|Any CPU
		{9D2AA457-982D-4C6C-AA72-78B5B829484C}.LoadTesting|Any CPU.Build.0 = Release|Any CPU
		{9D2AA457-982D-4C6C-AA72-78B5B829484C}.ProdDebug|Any CPU.ActiveCfg = Debug|Any CPU
		{9D2AA457-982D-4C6C-AA72-78B5B829484C}.ProdDebug|Any CPU.Build.0 = Debug|Any CPU
		{9D2AA457-982D-4C6C-AA72-78B5B829484C}.ProdRelease|Any CPU.ActiveCfg = Release|Any CPU
		{9D2AA457-982D-4C6C-AA72-78B5B829484C}.ProdRelease|Any CPU.Build.0 = Release|Any CPU
		{9D2AA457-982D-4C6C-AA72-78B5B829484C}.Release|Any CPU.ActiveCfg = Release|Any CPU
		{9D2AA457-982D-4C6C-AA72-78B5B829484C}.Release|Any CPU.Build.0 = Release|Any CPU
		{9D2AA457-982D-4C6C-AA72-78B5B829484C}.StagingDebug|Any CPU.ActiveCfg = Debug|Any CPU
		{9D2AA457-982D-4C6C-AA72-78B5B829484C}.StagingDebug|Any CPU.Build.0 = Debug|Any CPU
		{9D2AA457-982D-4C6C-AA72-78B5B829484C}.StagingRelease|Any CPU.ActiveCfg = Release|Any CPU
		{9D2AA457-982D-4C6C-AA72-78B5B829484C}.StagingRelease|Any CPU.Build.0 = Release|Any CPU
		{69836D14-EFC3-492A-9E57-3893DB3926CA}.Build|Any CPU.ActiveCfg = Release|Any CPU
		{69836D14-EFC3-492A-9E57-3893DB3926CA}.Build|Any CPU.Build.0 = Release|Any CPU
		{69836D14-EFC3-492A-9E57-3893DB3926CA}.Debug|Any CPU.ActiveCfg = Debug|Any CPU
		{69836D14-EFC3-492A-9E57-3893DB3926CA}.Debug|Any CPU.Build.0 = Debug|Any CPU
		{69836D14-EFC3-492A-9E57-3893DB3926CA}.LoadTesting|Any CPU.ActiveCfg = Release|Any CPU
		{69836D14-EFC3-492A-9E57-3893DB3926CA}.LoadTesting|Any CPU.Build.0 = Release|Any CPU
		{69836D14-EFC3-492A-9E57-3893DB3926CA}.ProdDebug|Any CPU.ActiveCfg = Debug|Any CPU
		{69836D14-EFC3-492A-9E57-3893DB3926CA}.ProdDebug|Any CPU.Build.0 = Debug|Any CPU
		{69836D14-EFC3-492A-9E57-3893DB3926CA}.ProdRelease|Any CPU.ActiveCfg = Release|Any CPU
		{69836D14-EFC3-492A-9E57-3893DB3926CA}.ProdRelease|Any CPU.Build.0 = Release|Any CPU
		{69836D14-EFC3-492A-9E57-3893DB3926CA}.Release|Any CPU.ActiveCfg = Release|Any CPU
		{69836D14-EFC3-492A-9E57-3893DB3926CA}.Release|Any CPU.Build.0 = Release|Any CPU
		{69836D14-EFC3-492A-9E57-3893DB3926CA}.StagingDebug|Any CPU.ActiveCfg = Debug|Any CPU
		{69836D14-EFC3-492A-9E57-3893DB3926CA}.StagingDebug|Any CPU.Build.0 = Debug|Any CPU
		{69836D14-EFC3-492A-9E57-3893DB3926CA}.StagingRelease|Any CPU.ActiveCfg = Release|Any CPU
		{69836D14-EFC3-492A-9E57-3893DB3926CA}.StagingRelease|Any CPU.Build.0 = Release|Any CPU
		{123D006B-FFEC-4D14-9EB6-45E922848DB7}.Build|Any CPU.ActiveCfg = Release|Any CPU
		{123D006B-FFEC-4D14-9EB6-45E922848DB7}.Build|Any CPU.Build.0 = Release|Any CPU
		{123D006B-FFEC-4D14-9EB6-45E922848DB7}.Debug|Any CPU.ActiveCfg = Debug|Any CPU
		{123D006B-FFEC-4D14-9EB6-45E922848DB7}.Debug|Any CPU.Build.0 = Debug|Any CPU
		{123D006B-FFEC-4D14-9EB6-45E922848DB7}.LoadTesting|Any CPU.ActiveCfg = Release|Any CPU
		{123D006B-FFEC-4D14-9EB6-45E922848DB7}.LoadTesting|Any CPU.Build.0 = Release|Any CPU
		{123D006B-FFEC-4D14-9EB6-45E922848DB7}.ProdDebug|Any CPU.ActiveCfg = Debug|Any CPU
		{123D006B-FFEC-4D14-9EB6-45E922848DB7}.ProdDebug|Any CPU.Build.0 = Debug|Any CPU
		{123D006B-FFEC-4D14-9EB6-45E922848DB7}.ProdRelease|Any CPU.ActiveCfg = Release|Any CPU
		{123D006B-FFEC-4D14-9EB6-45E922848DB7}.ProdRelease|Any CPU.Build.0 = Release|Any CPU
		{123D006B-FFEC-4D14-9EB6-45E922848DB7}.Release|Any CPU.ActiveCfg = Release|Any CPU
		{123D006B-FFEC-4D14-9EB6-45E922848DB7}.Release|Any CPU.Build.0 = Release|Any CPU
		{123D006B-FFEC-4D14-9EB6-45E922848DB7}.StagingDebug|Any CPU.ActiveCfg = Debug|Any CPU
		{123D006B-FFEC-4D14-9EB6-45E922848DB7}.StagingDebug|Any CPU.Build.0 = Debug|Any CPU
		{123D006B-FFEC-4D14-9EB6-45E922848DB7}.StagingRelease|Any CPU.ActiveCfg = Release|Any CPU
		{123D006B-FFEC-4D14-9EB6-45E922848DB7}.StagingRelease|Any CPU.Build.0 = Release|Any CPU
		{85000D94-A412-4796-8A03-341DAB5B2D2B}.Build|Any CPU.ActiveCfg = Release|Any CPU
		{85000D94-A412-4796-8A03-341DAB5B2D2B}.Build|Any CPU.Build.0 = Release|Any CPU
		{85000D94-A412-4796-8A03-341DAB5B2D2B}.Debug|Any CPU.ActiveCfg = Debug|Any CPU
		{85000D94-A412-4796-8A03-341DAB5B2D2B}.Debug|Any CPU.Build.0 = Debug|Any CPU
		{85000D94-A412-4796-8A03-341DAB5B2D2B}.LoadTesting|Any CPU.ActiveCfg = Release|Any CPU
		{85000D94-A412-4796-8A03-341DAB5B2D2B}.LoadTesting|Any CPU.Build.0 = Release|Any CPU
		{85000D94-A412-4796-8A03-341DAB5B2D2B}.ProdDebug|Any CPU.ActiveCfg = Debug|Any CPU
		{85000D94-A412-4796-8A03-341DAB5B2D2B}.ProdDebug|Any CPU.Build.0 = Debug|Any CPU
		{85000D94-A412-4796-8A03-341DAB5B2D2B}.ProdRelease|Any CPU.ActiveCfg = Release|Any CPU
		{85000D94-A412-4796-8A03-341DAB5B2D2B}.ProdRelease|Any CPU.Build.0 = Release|Any CPU
		{85000D94-A412-4796-8A03-341DAB5B2D2B}.Release|Any CPU.ActiveCfg = Release|Any CPU
		{85000D94-A412-4796-8A03-341DAB5B2D2B}.Release|Any CPU.Build.0 = Release|Any CPU
		{85000D94-A412-4796-8A03-341DAB5B2D2B}.StagingDebug|Any CPU.ActiveCfg = Debug|Any CPU
		{85000D94-A412-4796-8A03-341DAB5B2D2B}.StagingDebug|Any CPU.Build.0 = Debug|Any CPU
		{85000D94-A412-4796-8A03-341DAB5B2D2B}.StagingRelease|Any CPU.ActiveCfg = Release|Any CPU
		{85000D94-A412-4796-8A03-341DAB5B2D2B}.StagingRelease|Any CPU.Build.0 = Release|Any CPU
		{BFFDC079-C4CA-4173-A7E5-5C5155485320}.Build|Any CPU.ActiveCfg = Release|Any CPU
		{BFFDC079-C4CA-4173-A7E5-5C5155485320}.Build|Any CPU.Build.0 = Release|Any CPU
		{BFFDC079-C4CA-4173-A7E5-5C5155485320}.Debug|Any CPU.ActiveCfg = Debug|Any CPU
		{BFFDC079-C4CA-4173-A7E5-5C5155485320}.Debug|Any CPU.Build.0 = Debug|Any CPU
		{BFFDC079-C4CA-4173-A7E5-5C5155485320}.LoadTesting|Any CPU.ActiveCfg = Release|Any CPU
		{BFFDC079-C4CA-4173-A7E5-5C5155485320}.LoadTesting|Any CPU.Build.0 = Release|Any CPU
		{BFFDC079-C4CA-4173-A7E5-5C5155485320}.ProdDebug|Any CPU.ActiveCfg = Debug|Any CPU
		{BFFDC079-C4CA-4173-A7E5-5C5155485320}.ProdDebug|Any CPU.Build.0 = Debug|Any CPU
		{BFFDC079-C4CA-4173-A7E5-5C5155485320}.ProdRelease|Any CPU.ActiveCfg = Release|Any CPU
		{BFFDC079-C4CA-4173-A7E5-5C5155485320}.ProdRelease|Any CPU.Build.0 = Release|Any CPU
		{BFFDC079-C4CA-4173-A7E5-5C5155485320}.Release|Any CPU.ActiveCfg = Release|Any CPU
		{BFFDC079-C4CA-4173-A7E5-5C5155485320}.Release|Any CPU.Build.0 = Release|Any CPU
		{BFFDC079-C4CA-4173-A7E5-5C5155485320}.StagingDebug|Any CPU.ActiveCfg = Debug|Any CPU
		{BFFDC079-C4CA-4173-A7E5-5C5155485320}.StagingDebug|Any CPU.Build.0 = Debug|Any CPU
		{BFFDC079-C4CA-4173-A7E5-5C5155485320}.StagingRelease|Any CPU.ActiveCfg = Release|Any CPU
		{BFFDC079-C4CA-4173-A7E5-5C5155485320}.StagingRelease|Any CPU.Build.0 = Release|Any CPU
		{E2973287-6A34-45EE-85BC-F7BDA3F78072}.Build|Any CPU.ActiveCfg = Release|Any CPU
		{E2973287-6A34-45EE-85BC-F7BDA3F78072}.Build|Any CPU.Build.0 = Release|Any CPU
		{E2973287-6A34-45EE-85BC-F7BDA3F78072}.Debug|Any CPU.ActiveCfg = Debug|Any CPU
		{E2973287-6A34-45EE-85BC-F7BDA3F78072}.Debug|Any CPU.Build.0 = Debug|Any CPU
		{E2973287-6A34-45EE-85BC-F7BDA3F78072}.LoadTesting|Any CPU.ActiveCfg = Release|Any CPU
		{E2973287-6A34-45EE-85BC-F7BDA3F78072}.LoadTesting|Any CPU.Build.0 = Release|Any CPU
		{E2973287-6A34-45EE-85BC-F7BDA3F78072}.ProdDebug|Any CPU.ActiveCfg = Debug|Any CPU
		{E2973287-6A34-45EE-85BC-F7BDA3F78072}.ProdDebug|Any CPU.Build.0 = Debug|Any CPU
		{E2973287-6A34-45EE-85BC-F7BDA3F78072}.ProdRelease|Any CPU.ActiveCfg = Release|Any CPU
		{E2973287-6A34-45EE-85BC-F7BDA3F78072}.ProdRelease|Any CPU.Build.0 = Release|Any CPU
		{E2973287-6A34-45EE-85BC-F7BDA3F78072}.Release|Any CPU.ActiveCfg = Release|Any CPU
		{E2973287-6A34-45EE-85BC-F7BDA3F78072}.Release|Any CPU.Build.0 = Release|Any CPU
		{E2973287-6A34-45EE-85BC-F7BDA3F78072}.StagingDebug|Any CPU.ActiveCfg = Debug|Any CPU
		{E2973287-6A34-45EE-85BC-F7BDA3F78072}.StagingDebug|Any CPU.Build.0 = Debug|Any CPU
		{E2973287-6A34-45EE-85BC-F7BDA3F78072}.StagingRelease|Any CPU.ActiveCfg = Release|Any CPU
		{E2973287-6A34-45EE-85BC-F7BDA3F78072}.StagingRelease|Any CPU.Build.0 = Release|Any CPU
		{E90EB5C0-B284-4279-9364-46B456EDE25C}.Build|Any CPU.ActiveCfg = Release|Any CPU
		{E90EB5C0-B284-4279-9364-46B456EDE25C}.Build|Any CPU.Build.0 = Release|Any CPU
		{E90EB5C0-B284-4279-9364-46B456EDE25C}.Debug|Any CPU.ActiveCfg = Debug|Any CPU
		{E90EB5C0-B284-4279-9364-46B456EDE25C}.Debug|Any CPU.Build.0 = Debug|Any CPU
		{E90EB5C0-B284-4279-9364-46B456EDE25C}.LoadTesting|Any CPU.ActiveCfg = Release|Any CPU
		{E90EB5C0-B284-4279-9364-46B456EDE25C}.LoadTesting|Any CPU.Build.0 = Release|Any CPU
		{E90EB5C0-B284-4279-9364-46B456EDE25C}.ProdDebug|Any CPU.ActiveCfg = Debug|Any CPU
		{E90EB5C0-B284-4279-9364-46B456EDE25C}.ProdDebug|Any CPU.Build.0 = Debug|Any CPU
		{E90EB5C0-B284-4279-9364-46B456EDE25C}.ProdRelease|Any CPU.ActiveCfg = Release|Any CPU
		{E90EB5C0-B284-4279-9364-46B456EDE25C}.ProdRelease|Any CPU.Build.0 = Release|Any CPU
		{E90EB5C0-B284-4279-9364-46B456EDE25C}.Release|Any CPU.ActiveCfg = Release|Any CPU
		{E90EB5C0-B284-4279-9364-46B456EDE25C}.Release|Any CPU.Build.0 = Release|Any CPU
		{E90EB5C0-B284-4279-9364-46B456EDE25C}.StagingDebug|Any CPU.ActiveCfg = Debug|Any CPU
		{E90EB5C0-B284-4279-9364-46B456EDE25C}.StagingDebug|Any CPU.Build.0 = Debug|Any CPU
		{E90EB5C0-B284-4279-9364-46B456EDE25C}.StagingRelease|Any CPU.ActiveCfg = Release|Any CPU
		{E90EB5C0-B284-4279-9364-46B456EDE25C}.StagingRelease|Any CPU.Build.0 = Release|Any CPU
		{72FA363E-AA9F-4B1C-A2CA-4067D4095552}.Build|Any CPU.ActiveCfg = Release|Any CPU
		{72FA363E-AA9F-4B1C-A2CA-4067D4095552}.Build|Any CPU.Build.0 = Release|Any CPU
		{72FA363E-AA9F-4B1C-A2CA-4067D4095552}.Debug|Any CPU.ActiveCfg = Debug|Any CPU
		{72FA363E-AA9F-4B1C-A2CA-4067D4095552}.Debug|Any CPU.Build.0 = Debug|Any CPU
		{72FA363E-AA9F-4B1C-A2CA-4067D4095552}.LoadTesting|Any CPU.ActiveCfg = Release|Any CPU
		{72FA363E-AA9F-4B1C-A2CA-4067D4095552}.LoadTesting|Any CPU.Build.0 = Release|Any CPU
		{72FA363E-AA9F-4B1C-A2CA-4067D4095552}.ProdDebug|Any CPU.ActiveCfg = Debug|Any CPU
		{72FA363E-AA9F-4B1C-A2CA-4067D4095552}.ProdDebug|Any CPU.Build.0 = Debug|Any CPU
		{72FA363E-AA9F-4B1C-A2CA-4067D4095552}.ProdRelease|Any CPU.ActiveCfg = Release|Any CPU
		{72FA363E-AA9F-4B1C-A2CA-4067D4095552}.ProdRelease|Any CPU.Build.0 = Release|Any CPU
		{72FA363E-AA9F-4B1C-A2CA-4067D4095552}.Release|Any CPU.ActiveCfg = Release|Any CPU
		{72FA363E-AA9F-4B1C-A2CA-4067D4095552}.Release|Any CPU.Build.0 = Release|Any CPU
		{72FA363E-AA9F-4B1C-A2CA-4067D4095552}.StagingDebug|Any CPU.ActiveCfg = Debug|Any CPU
		{72FA363E-AA9F-4B1C-A2CA-4067D4095552}.StagingDebug|Any CPU.Build.0 = Debug|Any CPU
		{72FA363E-AA9F-4B1C-A2CA-4067D4095552}.StagingRelease|Any CPU.ActiveCfg = Release|Any CPU
		{72FA363E-AA9F-4B1C-A2CA-4067D4095552}.StagingRelease|Any CPU.Build.0 = Release|Any CPU
		{D718B574-8E8D-4904-8353-47BF1B31D29F}.Build|Any CPU.ActiveCfg = Release|Any CPU
		{D718B574-8E8D-4904-8353-47BF1B31D29F}.Build|Any CPU.Build.0 = Release|Any CPU
		{D718B574-8E8D-4904-8353-47BF1B31D29F}.Debug|Any CPU.ActiveCfg = Debug|Any CPU
		{D718B574-8E8D-4904-8353-47BF1B31D29F}.Debug|Any CPU.Build.0 = Debug|Any CPU
		{D718B574-8E8D-4904-8353-47BF1B31D29F}.LoadTesting|Any CPU.ActiveCfg = Release|Any CPU
		{D718B574-8E8D-4904-8353-47BF1B31D29F}.LoadTesting|Any CPU.Build.0 = Release|Any CPU
		{D718B574-8E8D-4904-8353-47BF1B31D29F}.ProdDebug|Any CPU.ActiveCfg = Debug|Any CPU
		{D718B574-8E8D-4904-8353-47BF1B31D29F}.ProdDebug|Any CPU.Build.0 = Debug|Any CPU
		{D718B574-8E8D-4904-8353-47BF1B31D29F}.ProdRelease|Any CPU.ActiveCfg = Release|Any CPU
		{D718B574-8E8D-4904-8353-47BF1B31D29F}.ProdRelease|Any CPU.Build.0 = Release|Any CPU
		{D718B574-8E8D-4904-8353-47BF1B31D29F}.Release|Any CPU.ActiveCfg = Release|Any CPU
		{D718B574-8E8D-4904-8353-47BF1B31D29F}.Release|Any CPU.Build.0 = Release|Any CPU
		{D718B574-8E8D-4904-8353-47BF1B31D29F}.StagingDebug|Any CPU.ActiveCfg = Debug|Any CPU
		{D718B574-8E8D-4904-8353-47BF1B31D29F}.StagingDebug|Any CPU.Build.0 = Debug|Any CPU
		{D718B574-8E8D-4904-8353-47BF1B31D29F}.StagingRelease|Any CPU.ActiveCfg = Release|Any CPU
		{D718B574-8E8D-4904-8353-47BF1B31D29F}.StagingRelease|Any CPU.Build.0 = Release|Any CPU
		{64951D3A-020C-4D23-BA82-5415291C5564}.Build|Any CPU.ActiveCfg = Release|Any CPU
		{64951D3A-020C-4D23-BA82-5415291C5564}.Build|Any CPU.Build.0 = Release|Any CPU
		{64951D3A-020C-4D23-BA82-5415291C5564}.Debug|Any CPU.ActiveCfg = Debug|Any CPU
		{64951D3A-020C-4D23-BA82-5415291C5564}.Debug|Any CPU.Build.0 = Debug|Any CPU
		{64951D3A-020C-4D23-BA82-5415291C5564}.LoadTesting|Any CPU.ActiveCfg = Release|Any CPU
		{64951D3A-020C-4D23-BA82-5415291C5564}.LoadTesting|Any CPU.Build.0 = Release|Any CPU
		{64951D3A-020C-4D23-BA82-5415291C5564}.ProdDebug|Any CPU.ActiveCfg = Debug|Any CPU
		{64951D3A-020C-4D23-BA82-5415291C5564}.ProdDebug|Any CPU.Build.0 = Debug|Any CPU
		{64951D3A-020C-4D23-BA82-5415291C5564}.ProdRelease|Any CPU.ActiveCfg = Release|Any CPU
		{64951D3A-020C-4D23-BA82-5415291C5564}.ProdRelease|Any CPU.Build.0 = Release|Any CPU
		{64951D3A-020C-4D23-BA82-5415291C5564}.Release|Any CPU.ActiveCfg = Release|Any CPU
		{64951D3A-020C-4D23-BA82-5415291C5564}.Release|Any CPU.Build.0 = Release|Any CPU
		{64951D3A-020C-4D23-BA82-5415291C5564}.StagingDebug|Any CPU.ActiveCfg = Debug|Any CPU
		{64951D3A-020C-4D23-BA82-5415291C5564}.StagingDebug|Any CPU.Build.0 = Debug|Any CPU
		{64951D3A-020C-4D23-BA82-5415291C5564}.StagingRelease|Any CPU.ActiveCfg = Release|Any CPU
		{64951D3A-020C-4D23-BA82-5415291C5564}.StagingRelease|Any CPU.Build.0 = Release|Any CPU
		{BCF71743-2B22-48B7-8803-DFC469621482}.Build|Any CPU.ActiveCfg = Release|Any CPU
		{BCF71743-2B22-48B7-8803-DFC469621482}.Build|Any CPU.Build.0 = Release|Any CPU
		{BCF71743-2B22-48B7-8803-DFC469621482}.Debug|Any CPU.ActiveCfg = Debug|Any CPU
		{BCF71743-2B22-48B7-8803-DFC469621482}.Debug|Any CPU.Build.0 = Debug|Any CPU
		{BCF71743-2B22-48B7-8803-DFC469621482}.LoadTesting|Any CPU.ActiveCfg = Release|Any CPU
		{BCF71743-2B22-48B7-8803-DFC469621482}.LoadTesting|Any CPU.Build.0 = Release|Any CPU
		{BCF71743-2B22-48B7-8803-DFC469621482}.ProdDebug|Any CPU.ActiveCfg = Debug|Any CPU
		{BCF71743-2B22-48B7-8803-DFC469621482}.ProdDebug|Any CPU.Build.0 = Debug|Any CPU
		{BCF71743-2B22-48B7-8803-DFC469621482}.ProdRelease|Any CPU.ActiveCfg = Release|Any CPU
		{BCF71743-2B22-48B7-8803-DFC469621482}.ProdRelease|Any CPU.Build.0 = Release|Any CPU
		{BCF71743-2B22-48B7-8803-DFC469621482}.Release|Any CPU.ActiveCfg = Release|Any CPU
		{BCF71743-2B22-48B7-8803-DFC469621482}.Release|Any CPU.Build.0 = Release|Any CPU
		{BCF71743-2B22-48B7-8803-DFC469621482}.StagingDebug|Any CPU.ActiveCfg = Debug|Any CPU
		{BCF71743-2B22-48B7-8803-DFC469621482}.StagingDebug|Any CPU.Build.0 = Debug|Any CPU
		{BCF71743-2B22-48B7-8803-DFC469621482}.StagingRelease|Any CPU.ActiveCfg = Release|Any CPU
		{BCF71743-2B22-48B7-8803-DFC469621482}.StagingRelease|Any CPU.Build.0 = Release|Any CPU
		{CB996404-5C63-4A19-9FA2-24DC7C82269B}.Build|Any CPU.ActiveCfg = Release|Any CPU
		{CB996404-5C63-4A19-9FA2-24DC7C82269B}.Build|Any CPU.Build.0 = Release|Any CPU
		{CB996404-5C63-4A19-9FA2-24DC7C82269B}.Debug|Any CPU.ActiveCfg = Debug|Any CPU
		{CB996404-5C63-4A19-9FA2-24DC7C82269B}.Debug|Any CPU.Build.0 = Debug|Any CPU
		{CB996404-5C63-4A19-9FA2-24DC7C82269B}.LoadTesting|Any CPU.ActiveCfg = Release|Any CPU
		{CB996404-5C63-4A19-9FA2-24DC7C82269B}.LoadTesting|Any CPU.Build.0 = Release|Any CPU
		{CB996404-5C63-4A19-9FA2-24DC7C82269B}.ProdDebug|Any CPU.ActiveCfg = Debug|Any CPU
		{CB996404-5C63-4A19-9FA2-24DC7C82269B}.ProdDebug|Any CPU.Build.0 = Debug|Any CPU
		{CB996404-5C63-4A19-9FA2-24DC7C82269B}.ProdRelease|Any CPU.ActiveCfg = Release|Any CPU
		{CB996404-5C63-4A19-9FA2-24DC7C82269B}.ProdRelease|Any CPU.Build.0 = Release|Any CPU
		{CB996404-5C63-4A19-9FA2-24DC7C82269B}.Release|Any CPU.ActiveCfg = Release|Any CPU
		{CB996404-5C63-4A19-9FA2-24DC7C82269B}.Release|Any CPU.Build.0 = Release|Any CPU
		{CB996404-5C63-4A19-9FA2-24DC7C82269B}.StagingDebug|Any CPU.ActiveCfg = Debug|Any CPU
		{CB996404-5C63-4A19-9FA2-24DC7C82269B}.StagingDebug|Any CPU.Build.0 = Debug|Any CPU
		{CB996404-5C63-4A19-9FA2-24DC7C82269B}.StagingRelease|Any CPU.ActiveCfg = Release|Any CPU
		{CB996404-5C63-4A19-9FA2-24DC7C82269B}.StagingRelease|Any CPU.Build.0 = Release|Any CPU
	EndGlobalSection
	GlobalSection(SolutionProperties) = preSolution
		HideSolutionNode = FALSE
	EndGlobalSection
	GlobalSection(NestedProjects) = preSolution
		{11212B16-451B-4C22-8E42-F98C380A34D4} = {7EB9E57C-614C-4623-A5C2-1073D81E164F}
		{32A01672-0B23-4542-9B3B-2A8DBA1F5E1A} = {7EB9E57C-614C-4623-A5C2-1073D81E164F}
		{43993608-978A-4330-8A5F-D96A8FA3EADB} = {7613BB96-4150-4B75-A1CB-2036B4DFAE1F}
		{0C0A93A5-ED05-43A3-A552-E32717E430AC} = {52BABE65-CB27-4295-98FC-5C94B312BF93}
		{52B39F19-D67C-4CFC-8FAD-0B4FE486CEB7} = {7613BB96-4150-4B75-A1CB-2036B4DFAE1F}
		{A1226183-D51E-4AA7-BC3A-90906B4A7A3D} = {7613BB96-4150-4B75-A1CB-2036B4DFAE1F}
		{60CA88EA-85C7-4B6A-BD0B-998087987F58} = {52BABE65-CB27-4295-98FC-5C94B312BF93}
		{FE11B2D1-0949-45FB-9609-0F1CD9A49DBA} = {7613BB96-4150-4B75-A1CB-2036B4DFAE1F}
		{83184E68-2A71-4778-8898-20A0C7C7D223} = {52BABE65-CB27-4295-98FC-5C94B312BF93}
		{7D1AECE3-CFF0-42A8-8A31-677FF23F6B54} = {BA25FC88-3E71-473A-9AC9-D5C4A11FFD56}
		{1268D32C-CDBB-4AB8-9683-6074F3D6E6C9} = {7613BB96-4150-4B75-A1CB-2036B4DFAE1F}
		{38FD9968-6509-4136-9453-EC9A575F71A4} = {7613BB96-4150-4B75-A1CB-2036B4DFAE1F}
		{ED3CDEFD-43F6-4E66-B15E-9B070FE8B11F} = {BA25FC88-3E71-473A-9AC9-D5C4A11FFD56}
		{51E91C79-9D3B-4C4E-BD22-D930E9919578} = {7613BB96-4150-4B75-A1CB-2036B4DFAE1F}
		{EFE44270-D87B-49A1-ABCD-E2199D4E2D08} = {52BABE65-CB27-4295-98FC-5C94B312BF93}
		{69125A15-FC72-442E-A8F2-A254D818FBEC} = {BA25FC88-3E71-473A-9AC9-D5C4A11FFD56}
		{470514D2-A2E9-4EC5-A7ED-46EBDABA8877} = {52BABE65-CB27-4295-98FC-5C94B312BF93}
		{382BEFE2-BA1E-46D8-8501-1A748504C359} = {7613BB96-4150-4B75-A1CB-2036B4DFAE1F}
		{DDF5533D-8591-4A36-9E7C-A4220C3A1561} = {7613BB96-4150-4B75-A1CB-2036B4DFAE1F}
		{64B3B242-A167-4146-8D39-93EAAEF2E8EB} = {7613BB96-4150-4B75-A1CB-2036B4DFAE1F}
		{E47047C8-18EF-47B7-A40D-6CC0C54C9C44} = {7613BB96-4150-4B75-A1CB-2036B4DFAE1F}
		{2DF48B39-6126-4C23-9610-4A6A1185CBB4} = {7613BB96-4150-4B75-A1CB-2036B4DFAE1F}
		{843F7703-C55E-4879-B1D8-15F371B459CE} = {BA25FC88-3E71-473A-9AC9-D5C4A11FFD56}
		{69836D14-EFC3-492A-9E57-3893DB3926CA} = {7613BB96-4150-4B75-A1CB-2036B4DFAE1F}
		{123D006B-FFEC-4D14-9EB6-45E922848DB7} = {7613BB96-4150-4B75-A1CB-2036B4DFAE1F}
		{85000D94-A412-4796-8A03-341DAB5B2D2B} = {7613BB96-4150-4B75-A1CB-2036B4DFAE1F}
		{BFFDC079-C4CA-4173-A7E5-5C5155485320} = {7613BB96-4150-4B75-A1CB-2036B4DFAE1F}
		{E2973287-6A34-45EE-85BC-F7BDA3F78072} = {7613BB96-4150-4B75-A1CB-2036B4DFAE1F}
		{72FA363E-AA9F-4B1C-A2CA-4067D4095552} = {7613BB96-4150-4B75-A1CB-2036B4DFAE1F}
	EndGlobalSection
	GlobalSection(ExtensibilityGlobals) = postSolution
		EnterpriseLibraryConfigurationToolBinariesPath = packages\Unity.2.1.505.2\lib\NET35;packages\Unity.Interception.2.1.505.2\lib\NET35;packages\EnterpriseLibrary.Common.5.0.505.0\lib\NET35;packages\TransientFaultHandling.Core.5.1.1209.1\lib\NET4;packages\EnterpriseLibrary.WindowsAzure.TransientFaultHandling.5.1.1209.1\lib\NET4;packages\EnterpriseLibrary.WindowsAzure.TransientFaultHandling.5.1.1209.1\DesignTime;packages\EnterpriseLibrary.WindowsAzure.TransientFaultHandling.5.1.1212.0\lib\NET4;packages\EnterpriseLibrary.WindowsAzure.TransientFaultHandling.5.1.1212.0\DesignTime;tFaultHandling.Core.5.1.1209.1\lib\NET4;seLibrary.WindowsAzure.TransientFaultHandling.5.1.1212.0\lib\NET4;seLibrary.WindowsAzure.TransientFaultHandling.5.1.1212.0\DesignTime;EnterpriseLibrary.WindowsAzure.TransientFaultHandling.5.1.1212.0\lib\NET4;EnterpriseLibrary.WindowsAzure.TransientFaultHandling.5.1.1212.0\DesignTime;TransientFaultHandling.Core.5.1.1209.0\lib\NET4;TransientFaultHandling.Core.5.1.1209.1\lib\NET4;EnterpriseLibrary.WindowsAzure.TransientFaultHandling.5.1.1209.1\lib\NET4;EnterpriseLibrary.WindowsAzure.TransientFaultHandling.5.1.1209.1\DesignTime
		EnterpriseLibraryConfigurationToolBinariesPathV6 = seLibrary.Common.6.0.1304.0\lib\NET45
	EndGlobalSection
EndGlobal