#
# Copyright (c) Microsoft Corporation. All rights reserved. 
# Licensed under the MIT license. See LICENSE.txt file in the project root for full license information.
#
Microsoft Visual Studio Solution File, Format Version 12.00
# Visual Studio 14
VisualStudioVersion = 14.0.24720.0
MinimumVisualStudioVersion = 10.0.40219.1
Project("{2150E333-8FDC-42A3-9474-1A3956D46DE8}") = "utils", "utils", "{81E56C80-F142-411E-91EC-E1C616041D5B}"
EndProject
Project("{FAE04EC0-301F-11D3-BF4B-00C04F79EFBC}") = "Azure.Utils", "utils\Azure.Utils\Azure.Utils.csproj", "{FE11B2D1-0949-45FB-9609-0F1CD9A49DBA}"
EndProject
Project("{FAE04EC0-301F-11D3-BF4B-00C04F79EFBC}") = "Common.Utils", "utils\Common.Utils\Common.Utils.csproj", "{2DF48B39-6126-4C23-9610-4A6A1185CBB4}"
EndProject
Project("{FAE04EC0-301F-11D3-BF4B-00C04F79EFBC}") = "Core", "utils\Core\Core.csproj", "{310E3F7F-5598-4361-9BCC-60CAE58D6BCB}"
EndProject
Project("{FAE04EC0-301F-11D3-BF4B-00C04F79EFBC}") = "Core.Azure", "utils\Core.Azure\Core.Azure.csproj", "{47C8C8AC-1CDA-4C3B-9841-153D9896AEE4}"
EndProject
Project("{FAE04EC0-301F-11D3-BF4B-00C04F79EFBC}") = "Core.MicrosoftPractices", "utils\Core.MicrosoftPractices\Core.MicrosoftPractices.csproj", "{49BF6A74-78C4-4C76-968E-1FD6FF7C988B}"
EndProject
Project("{2150E333-8FDC-42A3-9474-1A3956D46DE8}") = "models", "models", "{FDD595FE-074C-4302-BD14-87739E1F7CB1}"
EndProject
Project("{FAE04EC0-301F-11D3-BF4B-00C04F79EFBC}") = "Cosmos.FileTransfer.Control.Contracts", "models\Cosmos.FileTransfer.Control.Contracts\Cosmos.FileTransfer.Control.Contracts.csproj", "{30C73461-AF98-4FBE-9AF0-689C12480256}"
EndProject
Project("{FAE04EC0-301F-11D3-BF4B-00C04F79EFBC}") = "DotM.DataModels", "models\DotM.DataModels\DotM.DataModels.csproj", "{43993608-978A-4330-8A5F-D96A8FA3EADB}"
EndProject
Project("{FAE04EC0-301F-11D3-BF4B-00C04F79EFBC}") = "Lomo.GeoSpatial", "models\Lomo.GeoSpatial\Lomo.GeoSpatial.csproj", "{123D006B-FFEC-4D14-9EB6-45E922848DB7}"
EndProject
Project("{FAE04EC0-301F-11D3-BF4B-00C04F79EFBC}") = "Lomo.DataModels.Offers.Query", "models\Offers.Query\Lomo.DataModels.Offers.Query.csproj", "{DEAE794A-E94B-41CD-8482-B0497A65A341}"
EndProject
Project("{FAE04EC0-301F-11D3-BF4B-00C04F79EFBC}") = "ProfileService.DataContract", "models\ProfileService.DataContract\ProfileService.DataContract.csproj", "{2F5DBEAD-851B-4836-90FA-175BE2CA7913}"
EndProject
Project("{FAE04EC0-301F-11D3-BF4B-00C04F79EFBC}") = "Schema.Offers", "models\Schema.Offers\Schema.Offers.csproj", "{93702659-6CA0-456A-91E7-2556231D9C18}"
EndProject
Project("{FAE04EC0-301F-11D3-BF4B-00C04F79EFBC}") = "UserServices.DataContract", "models\UserServices.DataContract\UserServices.DataContract.csproj", "{2CE8733C-8D7C-4CF8-9271-415702821594}"
EndProject
Project("{2150E333-8FDC-42A3-9474-1A3956D46DE8}") = "middleware", "middleware", "{2FD30917-2A82-49D1-ADD6-6B851B607B7A}"
EndProject
Project("{FAE04EC0-301F-11D3-BF4B-00C04F79EFBC}") = "Lomo.Logging", "middleware\LoMo.Logging\Lomo.Logging.csproj", "{52B39F19-D67C-4CFC-8FAD-0B4FE486CEB7}"
EndProject
Project("{FAE04EC0-301F-11D3-BF4B-00C04F79EFBC}") = "HolMon.Experimentation.Shared", "models\HolMon.Experimentation.Shared\HolMon.Experimentation.Shared.csproj", "{C0EB5B25-B3DF-4E19-86E5-C45367C13A04}"
EndProject
Project("{FAE04EC0-301F-11D3-BF4B-00C04F79EFBC}") = "HolMon.DataContracts.Shared", "models\HolMon.DataContracts\HolMon.DataContracts.Shared.csproj", "{9452EB06-9411-4F1E-B521-3C86AD22DF85}"
EndProject
Project("{FAE04EC0-301F-11D3-BF4B-00C04F79EFBC}") = "Rewards.DataContracts", "models\Rewards.DataContracts\Rewards.DataContracts.csproj", "{EFB2F8BE-CF49-4648-9D12-9CA057361723}"
EndProject
Project("{FAE04EC0-301F-11D3-BF4B-00C04F79EFBC}") = "Segments.PublicContracts", "models\Segments.PublicContracts\Segments.PublicContracts.csproj", "{F2DF74BB-E270-43FE-AA93-BC3218853121}"
EndProject
Project("{2150E333-8FDC-42A3-9474-1A3956D46DE8}") = "dataaccess", "dataaccess", "{CA11776F-EF89-420E-B73C-55C3EBFD6DE8}"
EndProject
Project("{FAE04EC0-301F-11D3-BF4B-00C04F79EFBC}") = "Segments.DataAccess", "dataaccess\Segments.DataAccess\Segments.DataAccess.csproj", "{0AA346EF-8F3D-47C6-B7B5-B6C8E1E2C8E7}"
EndProject
Project("{FAE04EC0-301F-11D3-BF4B-00C04F79EFBC}") = "Segments.DataAccess.Contracts", "models\Segments.DataAccess.Contracts\Segments.DataAccess.Contracts.csproj", "{E866D40A-363B-4A9C-B8FB-5305DD84608E}"
EndProject
Project("{FAE04EC0-301F-11D3-BF4B-00C04F79EFBC}") = "Holmon.Azure.LogicContracts", "models\Holmon.Azure.LogicContracts\Holmon.Azure.LogicContracts.csproj", "{25D23428-44A5-4B4F-9BD0-DAC3694C6804}"
EndProject
Project("{FAE04EC0-301F-11D3-BF4B-00C04F79EFBC}") = "Holmon.AzureDataContracts", "models\Holmon.AzureDataContracts\Holmon.AzureDataContracts.csproj", "{603B4F84-6C3F-4614-A07F-B93EA7CA1CAB}"
EndProject
Project("{FAE04EC0-301F-11D3-BF4B-00C04F79EFBC}") = "Holmon.GenericCache", "utils\Holmon.GenericCache\Holmon.GenericCache.csproj", "{EF091527-9EE9-433C-9813-CC93D1BD3B48}"
EndProject
Project("{FAE04EC0-301F-11D3-BF4B-00C04F79EFBC}") = "Holmon.AzureConfig", "utils\Holmon.AzureConfig\Holmon.AzureConfig.csproj", "{BF1CFFBC-E0AE-4CED-A49A-0BF6CA66EA14}"
EndProject
Project("{FAE04EC0-301F-11D3-BF4B-00C04F79EFBC}") = "HolMon.Security", "utils\Security\HolMon.Security.csproj", "{33512D23-C726-4E76-B29F-90DFC9210C4F}"
EndProject
Project("{FAE04EC0-301F-11D3-BF4B-00C04F79EFBC}") = "HolMon.Template.DataContracts", "models\HolMon.Template.DataContracts\HolMon.Template.DataContracts.csproj", "{DAB16B23-C3E1-4251-886C-AE1B1C74309F}"
EndProject
Project("{FAE04EC0-301F-11D3-BF4B-00C04F79EFBC}") = "Holmon.Authentication", "utils\Holmon.Authentication\Holmon.Authentication.csproj", "{7A141E88-8F0D-43B7-B71B-750AF2D80D02}"
EndProject
Project("{FAE04EC0-301F-11D3-BF4B-00C04F79EFBC}") = "AzureKeyVault", "utils\AzureKeyVault\AzureKeyVault.csproj", "{36F71D1F-7362-4F82-BDE5-E0232D441A52}"
EndProject
Project("{FAE04EC0-301F-11D3-BF4B-00C04F79EFBC}") = "Lomo.Authentication", "middleware\Lomo.Authentication\Lomo.Authentication.csproj", "{DDF5533D-8591-4A36-9E7C-A4220C3A1561}"
EndProject
Global
	GlobalSection(SolutionConfigurationPlatforms) = preSolution
		Debug|Any CPU = Debug|Any CPU
		Debug|x64 = Debug|x64
		Debug|x86 = Debug|x86
		Release|Any CPU = Release|Any CPU
		Release|x64 = Release|x64
		Release|x86 = Release|x86
	EndGlobalSection
	GlobalSection(ProjectConfigurationPlatforms) = postSolution
		{FE11B2D1-0949-45FB-9609-0F1CD9A49DBA}.Debug|Any CPU.ActiveCfg = Debug|Any CPU
		{FE11B2D1-0949-45FB-9609-0F1CD9A49DBA}.Debug|Any CPU.Build.0 = Debug|Any CPU
		{FE11B2D1-0949-45FB-9609-0F1CD9A49DBA}.Debug|x64.ActiveCfg = Debug|Any CPU
		{FE11B2D1-0949-45FB-9609-0F1CD9A49DBA}.Debug|x86.ActiveCfg = Debug|Any CPU
		{FE11B2D1-0949-45FB-9609-0F1CD9A49DBA}.Release|Any CPU.ActiveCfg = Release|Any CPU
		{FE11B2D1-0949-45FB-9609-0F1CD9A49DBA}.Release|Any CPU.Build.0 = Release|Any CPU
		{FE11B2D1-0949-45FB-9609-0F1CD9A49DBA}.Release|x64.ActiveCfg = Release|Any CPU
		{FE11B2D1-0949-45FB-9609-0F1CD9A49DBA}.Release|x86.ActiveCfg = Release|Any CPU
		{2DF48B39-6126-4C23-9610-4A6A1185CBB4}.Debug|Any CPU.ActiveCfg = Debug|Any CPU
		{2DF48B39-6126-4C23-9610-4A6A1185CBB4}.Debug|Any CPU.Build.0 = Debug|Any CPU
		{2DF48B39-6126-4C23-9610-4A6A1185CBB4}.Debug|x64.ActiveCfg = Debug|Any CPU
		{2DF48B39-6126-4C23-9610-4A6A1185CBB4}.Debug|x86.ActiveCfg = Debug|Any CPU
		{2DF48B39-6126-4C23-9610-4A6A1185CBB4}.Release|Any CPU.ActiveCfg = Release|Any CPU
		{2DF48B39-6126-4C23-9610-4A6A1185CBB4}.Release|Any CPU.Build.0 = Release|Any CPU
		{2DF48B39-6126-4C23-9610-4A6A1185CBB4}.Release|x64.ActiveCfg = Release|Any CPU
		{2DF48B39-6126-4C23-9610-4A6A1185CBB4}.Release|x86.ActiveCfg = Release|Any CPU
		{310E3F7F-5598-4361-9BCC-60CAE58D6BCB}.Debug|Any CPU.ActiveCfg = Debug|Any CPU
		{310E3F7F-5598-4361-9BCC-60CAE58D6BCB}.Debug|Any CPU.Build.0 = Debug|Any CPU
		{310E3F7F-5598-4361-9BCC-60CAE58D6BCB}.Debug|x64.ActiveCfg = Debug|Any CPU
		{310E3F7F-5598-4361-9BCC-60CAE58D6BCB}.Debug|x86.ActiveCfg = Debug|Any CPU
		{310E3F7F-5598-4361-9BCC-60CAE58D6BCB}.Release|Any CPU.ActiveCfg = Release|Any CPU
		{310E3F7F-5598-4361-9BCC-60CAE58D6BCB}.Release|Any CPU.Build.0 = Release|Any CPU
		{310E3F7F-5598-4361-9BCC-60CAE58D6BCB}.Release|x64.ActiveCfg = Release|Any CPU
		{310E3F7F-5598-4361-9BCC-60CAE58D6BCB}.Release|x86.ActiveCfg = Release|Any CPU
		{47C8C8AC-1CDA-4C3B-9841-153D9896AEE4}.Debug|Any CPU.ActiveCfg = Debug|Any CPU
		{47C8C8AC-1CDA-4C3B-9841-153D9896AEE4}.Debug|Any CPU.Build.0 = Debug|Any CPU
		{47C8C8AC-1CDA-4C3B-9841-153D9896AEE4}.Debug|x64.ActiveCfg = Debug|Any CPU
		{47C8C8AC-1CDA-4C3B-9841-153D9896AEE4}.Debug|x86.ActiveCfg = Debug|Any CPU
		{47C8C8AC-1CDA-4C3B-9841-153D9896AEE4}.Release|Any CPU.ActiveCfg = Release|Any CPU
		{47C8C8AC-1CDA-4C3B-9841-153D9896AEE4}.Release|Any CPU.Build.0 = Release|Any CPU
		{47C8C8AC-1CDA-4C3B-9841-153D9896AEE4}.Release|x64.ActiveCfg = Release|Any CPU
		{47C8C8AC-1CDA-4C3B-9841-153D9896AEE4}.Release|x86.ActiveCfg = Release|Any CPU
		{49BF6A74-78C4-4C76-968E-1FD6FF7C988B}.Debug|Any CPU.ActiveCfg = Debug|Any CPU
		{49BF6A74-78C4-4C76-968E-1FD6FF7C988B}.Debug|Any CPU.Build.0 = Debug|Any CPU
		{49BF6A74-78C4-4C76-968E-1FD6FF7C988B}.Debug|x64.ActiveCfg = Debug|Any CPU
		{49BF6A74-78C4-4C76-968E-1FD6FF7C988B}.Debug|x86.ActiveCfg = Debug|Any CPU
		{49BF6A74-78C4-4C76-968E-1FD6FF7C988B}.Release|Any CPU.ActiveCfg = Release|Any CPU
		{49BF6A74-78C4-4C76-968E-1FD6FF7C988B}.Release|Any CPU.Build.0 = Release|Any CPU
		{49BF6A74-78C4-4C76-968E-1FD6FF7C988B}.Release|x64.ActiveCfg = Release|Any CPU
		{49BF6A74-78C4-4C76-968E-1FD6FF7C988B}.Release|x86.ActiveCfg = Release|Any CPU
		{30C73461-AF98-4FBE-9AF0-689C12480256}.Debug|Any CPU.ActiveCfg = Debug|Any CPU
		{30C73461-AF98-4FBE-9AF0-689C12480256}.Debug|Any CPU.Build.0 = Debug|Any CPU
		{30C73461-AF98-4FBE-9AF0-689C12480256}.Debug|x64.ActiveCfg = Debug|Any CPU
		{30C73461-AF98-4FBE-9AF0-689C12480256}.Debug|x86.ActiveCfg = Debug|Any CPU
		{30C73461-AF98-4FBE-9AF0-689C12480256}.Release|Any CPU.ActiveCfg = Release|Any CPU
		{30C73461-AF98-4FBE-9AF0-689C12480256}.Release|Any CPU.Build.0 = Release|Any CPU
		{30C73461-AF98-4FBE-9AF0-689C12480256}.Release|x64.ActiveCfg = Release|Any CPU
		{30C73461-AF98-4FBE-9AF0-689C12480256}.Release|x86.ActiveCfg = Release|Any CPU
		{43993608-978A-4330-8A5F-D96A8FA3EADB}.Debug|Any CPU.ActiveCfg = Debug|Any CPU
		{43993608-978A-4330-8A5F-D96A8FA3EADB}.Debug|Any CPU.Build.0 = Debug|Any CPU
		{43993608-978A-4330-8A5F-D96A8FA3EADB}.Debug|x64.ActiveCfg = Debug|x64
		{43993608-978A-4330-8A5F-D96A8FA3EADB}.Debug|x64.Build.0 = Debug|x64
		{43993608-978A-4330-8A5F-D96A8FA3EADB}.Debug|x86.ActiveCfg = Debug|x86
		{43993608-978A-4330-8A5F-D96A8FA3EADB}.Debug|x86.Build.0 = Debug|x86
		{43993608-978A-4330-8A5F-D96A8FA3EADB}.Release|Any CPU.ActiveCfg = Release|Any CPU
		{43993608-978A-4330-8A5F-D96A8FA3EADB}.Release|Any CPU.Build.0 = Release|Any CPU
		{43993608-978A-4330-8A5F-D96A8FA3EADB}.Release|x64.ActiveCfg = Release|x64
		{43993608-978A-4330-8A5F-D96A8FA3EADB}.Release|x64.Build.0 = Release|x64
		{43993608-978A-4330-8A5F-D96A8FA3EADB}.Release|x86.ActiveCfg = Release|x86
		{43993608-978A-4330-8A5F-D96A8FA3EADB}.Release|x86.Build.0 = Release|x86
		{123D006B-FFEC-4D14-9EB6-45E922848DB7}.Debug|Any CPU.ActiveCfg = Debug|Any CPU
		{123D006B-FFEC-4D14-9EB6-45E922848DB7}.Debug|Any CPU.Build.0 = Debug|Any CPU
		{123D006B-FFEC-4D14-9EB6-45E922848DB7}.Debug|x64.ActiveCfg = Debug|Any CPU
		{123D006B-FFEC-4D14-9EB6-45E922848DB7}.Debug|x86.ActiveCfg = Debug|Any CPU
		{123D006B-FFEC-4D14-9EB6-45E922848DB7}.Release|Any CPU.ActiveCfg = Release|Any CPU
		{123D006B-FFEC-4D14-9EB6-45E922848DB7}.Release|Any CPU.Build.0 = Release|Any CPU
		{123D006B-FFEC-4D14-9EB6-45E922848DB7}.Release|x64.ActiveCfg = Release|Any CPU
		{123D006B-FFEC-4D14-9EB6-45E922848DB7}.Release|x86.ActiveCfg = Release|Any CPU
		{DEAE794A-E94B-41CD-8482-B0497A65A341}.Debug|Any CPU.ActiveCfg = Debug|Any CPU
		{DEAE794A-E94B-41CD-8482-B0497A65A341}.Debug|Any CPU.Build.0 = Debug|Any CPU
		{DEAE794A-E94B-41CD-8482-B0497A65A341}.Debug|x64.ActiveCfg = Debug|Any CPU
		{DEAE794A-E94B-41CD-8482-B0497A65A341}.Debug|x86.ActiveCfg = Debug|Any CPU
		{DEAE794A-E94B-41CD-8482-B0497A65A341}.Release|Any CPU.ActiveCfg = Release|Any CPU
		{DEAE794A-E94B-41CD-8482-B0497A65A341}.Release|Any CPU.Build.0 = Release|Any CPU
		{DEAE794A-E94B-41CD-8482-B0497A65A341}.Release|x64.ActiveCfg = Release|Any CPU
		{DEAE794A-E94B-41CD-8482-B0497A65A341}.Release|x86.ActiveCfg = Release|Any CPU
		{2F5DBEAD-851B-4836-90FA-175BE2CA7913}.Debug|Any CPU.ActiveCfg = Debug|Any CPU
		{2F5DBEAD-851B-4836-90FA-175BE2CA7913}.Debug|Any CPU.Build.0 = Debug|Any CPU
		{2F5DBEAD-851B-4836-90FA-175BE2CA7913}.Debug|x64.ActiveCfg = Debug|Any CPU
		{2F5DBEAD-851B-4836-90FA-175BE2CA7913}.Debug|x86.ActiveCfg = Debug|Any CPU
		{2F5DBEAD-851B-4836-90FA-175BE2CA7913}.Release|Any CPU.ActiveCfg = Release|Any CPU
		{2F5DBEAD-851B-4836-90FA-175BE2CA7913}.Release|Any CPU.Build.0 = Release|Any CPU
		{2F5DBEAD-851B-4836-90FA-175BE2CA7913}.Release|x64.ActiveCfg = Release|Any CPU
		{2F5DBEAD-851B-4836-90FA-175BE2CA7913}.Release|x86.ActiveCfg = Release|Any CPU
		{93702659-6CA0-456A-91E7-2556231D9C18}.Debug|Any CPU.ActiveCfg = Debug|Any CPU
		{93702659-6CA0-456A-91E7-2556231D9C18}.Debug|Any CPU.Build.0 = Debug|Any CPU
		{93702659-6CA0-456A-91E7-2556231D9C18}.Debug|x64.ActiveCfg = Debug|Any CPU
		{93702659-6CA0-456A-91E7-2556231D9C18}.Debug|x86.ActiveCfg = Debug|Any CPU
		{93702659-6CA0-456A-91E7-2556231D9C18}.Release|Any CPU.ActiveCfg = Release|Any CPU
		{93702659-6CA0-456A-91E7-2556231D9C18}.Release|Any CPU.Build.0 = Release|Any CPU
		{93702659-6CA0-456A-91E7-2556231D9C18}.Release|x64.ActiveCfg = Release|Any CPU
		{93702659-6CA0-456A-91E7-2556231D9C18}.Release|x86.ActiveCfg = Release|Any CPU
		{2CE8733C-8D7C-4CF8-9271-415702821594}.Debug|Any CPU.ActiveCfg = Debug|Any CPU
		{2CE8733C-8D7C-4CF8-9271-415702821594}.Debug|Any CPU.Build.0 = Debug|Any CPU
		{2CE8733C-8D7C-4CF8-9271-415702821594}.Debug|x64.ActiveCfg = Debug|Any CPU
		{2CE8733C-8D7C-4CF8-9271-415702821594}.Debug|x86.ActiveCfg = Debug|Any CPU
		{2CE8733C-8D7C-4CF8-9271-415702821594}.Release|Any CPU.ActiveCfg = Release|Any CPU
		{2CE8733C-8D7C-4CF8-9271-415702821594}.Release|Any CPU.Build.0 = Release|Any CPU
		{2CE8733C-8D7C-4CF8-9271-415702821594}.Release|x64.ActiveCfg = Release|Any CPU
		{2CE8733C-8D7C-4CF8-9271-415702821594}.Release|x86.ActiveCfg = Release|Any CPU
		{52B39F19-D67C-4CFC-8FAD-0B4FE486CEB7}.Debug|Any CPU.ActiveCfg = Debug|Any CPU
		{52B39F19-D67C-4CFC-8FAD-0B4FE486CEB7}.Debug|Any CPU.Build.0 = Debug|Any CPU
		{52B39F19-D67C-4CFC-8FAD-0B4FE486CEB7}.Debug|x64.ActiveCfg = Debug|x64
		{52B39F19-D67C-4CFC-8FAD-0B4FE486CEB7}.Debug|x64.Build.0 = Debug|x64
		{52B39F19-D67C-4CFC-8FAD-0B4FE486CEB7}.Debug|x86.ActiveCfg = Debug|x86
		{52B39F19-D67C-4CFC-8FAD-0B4FE486CEB7}.Debug|x86.Build.0 = Debug|x86
		{52B39F19-D67C-4CFC-8FAD-0B4FE486CEB7}.Release|Any CPU.ActiveCfg = Release|Any CPU
		{52B39F19-D67C-4CFC-8FAD-0B4FE486CEB7}.Release|Any CPU.Build.0 = Release|Any CPU
		{52B39F19-D67C-4CFC-8FAD-0B4FE486CEB7}.Release|x64.ActiveCfg = Release|x64
		{52B39F19-D67C-4CFC-8FAD-0B4FE486CEB7}.Release|x64.Build.0 = Release|x64
		{52B39F19-D67C-4CFC-8FAD-0B4FE486CEB7}.Release|x86.ActiveCfg = Release|x86
		{52B39F19-D67C-4CFC-8FAD-0B4FE486CEB7}.Release|x86.Build.0 = Release|x86
		{C0EB5B25-B3DF-4E19-86E5-C45367C13A04}.Debug|Any CPU.ActiveCfg = Debug|Any CPU
		{C0EB5B25-B3DF-4E19-86E5-C45367C13A04}.Debug|Any CPU.Build.0 = Debug|Any CPU
		{C0EB5B25-B3DF-4E19-86E5-C45367C13A04}.Debug|x64.ActiveCfg = Debug|Any CPU
		{C0EB5B25-B3DF-4E19-86E5-C45367C13A04}.Debug|x86.ActiveCfg = Debug|Any CPU
		{C0EB5B25-B3DF-4E19-86E5-C45367C13A04}.Release|Any CPU.ActiveCfg = Release|Any CPU
		{C0EB5B25-B3DF-4E19-86E5-C45367C13A04}.Release|Any CPU.Build.0 = Release|Any CPU
		{C0EB5B25-B3DF-4E19-86E5-C45367C13A04}.Release|x64.ActiveCfg = Release|Any CPU
		{C0EB5B25-B3DF-4E19-86E5-C45367C13A04}.Release|x86.ActiveCfg = Release|Any CPU
		{9452EB06-9411-4F1E-B521-3C86AD22DF85}.Debug|Any CPU.ActiveCfg = Debug|Any CPU
		{9452EB06-9411-4F1E-B521-3C86AD22DF85}.Debug|Any CPU.Build.0 = Debug|Any CPU
		{9452EB06-9411-4F1E-B521-3C86AD22DF85}.Debug|x64.ActiveCfg = Debug|Any CPU
		{9452EB06-9411-4F1E-B521-3C86AD22DF85}.Debug|x86.ActiveCfg = Debug|Any CPU
		{9452EB06-9411-4F1E-B521-3C86AD22DF85}.Release|Any CPU.ActiveCfg = Release|Any CPU
		{9452EB06-9411-4F1E-B521-3C86AD22DF85}.Release|Any CPU.Build.0 = Release|Any CPU
		{9452EB06-9411-4F1E-B521-3C86AD22DF85}.Release|x64.ActiveCfg = Release|Any CPU
		{9452EB06-9411-4F1E-B521-3C86AD22DF85}.Release|x86.ActiveCfg = Release|Any CPU
		{EFB2F8BE-CF49-4648-9D12-9CA057361723}.Debug|Any CPU.ActiveCfg = Debug|Any CPU
		{EFB2F8BE-CF49-4648-9D12-9CA057361723}.Debug|Any CPU.Build.0 = Debug|Any CPU
		{EFB2F8BE-CF49-4648-9D12-9CA057361723}.Debug|x64.ActiveCfg = Debug|Any CPU
		{EFB2F8BE-CF49-4648-9D12-9CA057361723}.Debug|x86.ActiveCfg = Debug|Any CPU
		{EFB2F8BE-CF49-4648-9D12-9CA057361723}.Release|Any CPU.ActiveCfg = Release|Any CPU
		{EFB2F8BE-CF49-4648-9D12-9CA057361723}.Release|Any CPU.Build.0 = Release|Any CPU
		{EFB2F8BE-CF49-4648-9D12-9CA057361723}.Release|x64.ActiveCfg = Release|Any CPU
		{EFB2F8BE-CF49-4648-9D12-9CA057361723}.Release|x86.ActiveCfg = Release|Any CPU
		{F2DF74BB-E270-43FE-AA93-BC3218853121}.Debug|Any CPU.ActiveCfg = Debug|Any CPU
		{F2DF74BB-E270-43FE-AA93-BC3218853121}.Debug|Any CPU.Build.0 = Debug|Any CPU
		{F2DF74BB-E270-43FE-AA93-BC3218853121}.Debug|x64.ActiveCfg = Debug|Any CPU
		{F2DF74BB-E270-43FE-AA93-BC3218853121}.Debug|x86.ActiveCfg = Debug|Any CPU
		{F2DF74BB-E270-43FE-AA93-BC3218853121}.Release|Any CPU.ActiveCfg = Release|Any CPU
		{F2DF74BB-E270-43FE-AA93-BC3218853121}.Release|Any CPU.Build.0 = Release|Any CPU
		{F2DF74BB-E270-43FE-AA93-BC3218853121}.Release|x64.ActiveCfg = Release|Any CPU
		{F2DF74BB-E270-43FE-AA93-BC3218853121}.Release|x86.ActiveCfg = Release|Any CPU
		{0AA346EF-8F3D-47C6-B7B5-B6C8E1E2C8E7}.Debug|Any CPU.ActiveCfg = Debug|Any CPU
		{0AA346EF-8F3D-47C6-B7B5-B6C8E1E2C8E7}.Debug|Any CPU.Build.0 = Debug|Any CPU
		{0AA346EF-8F3D-47C6-B7B5-B6C8E1E2C8E7}.Debug|x64.ActiveCfg = Debug|Any CPU
		{0AA346EF-8F3D-47C6-B7B5-B6C8E1E2C8E7}.Debug|x86.ActiveCfg = Debug|Any CPU
		{0AA346EF-8F3D-47C6-B7B5-B6C8E1E2C8E7}.Release|Any CPU.ActiveCfg = Release|Any CPU
		{0AA346EF-8F3D-47C6-B7B5-B6C8E1E2C8E7}.Release|Any CPU.Build.0 = Release|Any CPU
		{0AA346EF-8F3D-47C6-B7B5-B6C8E1E2C8E7}.Release|x64.ActiveCfg = Release|Any CPU
		{0AA346EF-8F3D-47C6-B7B5-B6C8E1E2C8E7}.Release|x86.ActiveCfg = Release|Any CPU
		{E866D40A-363B-4A9C-B8FB-5305DD84608E}.Debug|Any CPU.ActiveCfg = Debug|Any CPU
		{E866D40A-363B-4A9C-B8FB-5305DD84608E}.Debug|Any CPU.Build.0 = Debug|Any CPU
		{E866D40A-363B-4A9C-B8FB-5305DD84608E}.Debug|x64.ActiveCfg = Debug|Any CPU
		{E866D40A-363B-4A9C-B8FB-5305DD84608E}.Debug|x86.ActiveCfg = Debug|Any CPU
		{E866D40A-363B-4A9C-B8FB-5305DD84608E}.Release|Any CPU.ActiveCfg = Release|Any CPU
		{E866D40A-363B-4A9C-B8FB-5305DD84608E}.Release|Any CPU.Build.0 = Release|Any CPU
		{E866D40A-363B-4A9C-B8FB-5305DD84608E}.Release|x64.ActiveCfg = Release|Any CPU
		{E866D40A-363B-4A9C-B8FB-5305DD84608E}.Release|x86.ActiveCfg = Release|Any CPU
		{25D23428-44A5-4B4F-9BD0-DAC3694C6804}.Debug|Any CPU.ActiveCfg = Debug|Any CPU
		{25D23428-44A5-4B4F-9BD0-DAC3694C6804}.Debug|Any CPU.Build.0 = Debug|Any CPU
		{25D23428-44A5-4B4F-9BD0-DAC3694C6804}.Debug|x64.ActiveCfg = Debug|Any CPU
		{25D23428-44A5-4B4F-9BD0-DAC3694C6804}.Debug|x86.ActiveCfg = Debug|Any CPU
		{25D23428-44A5-4B4F-9BD0-DAC3694C6804}.Release|Any CPU.ActiveCfg = Release|Any CPU
		{25D23428-44A5-4B4F-9BD0-DAC3694C6804}.Release|Any CPU.Build.0 = Release|Any CPU
		{25D23428-44A5-4B4F-9BD0-DAC3694C6804}.Release|x64.ActiveCfg = Release|Any CPU
		{25D23428-44A5-4B4F-9BD0-DAC3694C6804}.Release|x86.ActiveCfg = Release|Any CPU
		{603B4F84-6C3F-4614-A07F-B93EA7CA1CAB}.Debug|Any CPU.ActiveCfg = Debug|Any CPU
		{603B4F84-6C3F-4614-A07F-B93EA7CA1CAB}.Debug|Any CPU.Build.0 = Debug|Any CPU
		{603B4F84-6C3F-4614-A07F-B93EA7CA1CAB}.Debug|x64.ActiveCfg = Debug|Any CPU
		{603B4F84-6C3F-4614-A07F-B93EA7CA1CAB}.Debug|x86.ActiveCfg = Debug|Any CPU
		{603B4F84-6C3F-4614-A07F-B93EA7CA1CAB}.Release|Any CPU.ActiveCfg = Release|Any CPU
		{603B4F84-6C3F-4614-A07F-B93EA7CA1CAB}.Release|Any CPU.Build.0 = Release|Any CPU
		{603B4F84-6C3F-4614-A07F-B93EA7CA1CAB}.Release|x64.ActiveCfg = Release|Any CPU
		{603B4F84-6C3F-4614-A07F-B93EA7CA1CAB}.Release|x86.ActiveCfg = Release|Any CPU
		{EF091527-9EE9-433C-9813-CC93D1BD3B48}.Debug|Any CPU.ActiveCfg = Debug|Any CPU
		{EF091527-9EE9-433C-9813-CC93D1BD3B48}.Debug|Any CPU.Build.0 = Debug|Any CPU
		{EF091527-9EE9-433C-9813-CC93D1BD3B48}.Debug|x64.ActiveCfg = Debug|Any CPU
		{EF091527-9EE9-433C-9813-CC93D1BD3B48}.Debug|x86.ActiveCfg = Debug|Any CPU
		{EF091527-9EE9-433C-9813-CC93D1BD3B48}.Release|Any CPU.ActiveCfg = Release|Any CPU
		{EF091527-9EE9-433C-9813-CC93D1BD3B48}.Release|Any CPU.Build.0 = Release|Any CPU
		{EF091527-9EE9-433C-9813-CC93D1BD3B48}.Release|x64.ActiveCfg = Release|Any CPU
		{EF091527-9EE9-433C-9813-CC93D1BD3B48}.Release|x86.ActiveCfg = Release|Any CPU
		{BF1CFFBC-E0AE-4CED-A49A-0BF6CA66EA14}.Debug|Any CPU.ActiveCfg = Debug|Any CPU
		{BF1CFFBC-E0AE-4CED-A49A-0BF6CA66EA14}.Debug|Any CPU.Build.0 = Debug|Any CPU
		{BF1CFFBC-E0AE-4CED-A49A-0BF6CA66EA14}.Debug|x64.ActiveCfg = Debug|Any CPU
		{BF1CFFBC-E0AE-4CED-A49A-0BF6CA66EA14}.Debug|x86.ActiveCfg = Debug|Any CPU
		{BF1CFFBC-E0AE-4CED-A49A-0BF6CA66EA14}.Release|Any CPU.ActiveCfg = Release|Any CPU
		{BF1CFFBC-E0AE-4CED-A49A-0BF6CA66EA14}.Release|Any CPU.Build.0 = Release|Any CPU
		{BF1CFFBC-E0AE-4CED-A49A-0BF6CA66EA14}.Release|x64.ActiveCfg = Release|Any CPU
		{BF1CFFBC-E0AE-4CED-A49A-0BF6CA66EA14}.Release|x86.ActiveCfg = Release|Any CPU
		{33512D23-C726-4E76-B29F-90DFC9210C4F}.Debug|Any CPU.ActiveCfg = Debug|Any CPU
		{33512D23-C726-4E76-B29F-90DFC9210C4F}.Debug|Any CPU.Build.0 = Debug|Any CPU
		{33512D23-C726-4E76-B29F-90DFC9210C4F}.Debug|x64.ActiveCfg = Debug|Any CPU
		{33512D23-C726-4E76-B29F-90DFC9210C4F}.Debug|x86.ActiveCfg = Debug|Any CPU
		{33512D23-C726-4E76-B29F-90DFC9210C4F}.Release|Any CPU.ActiveCfg = Release|Any CPU
		{33512D23-C726-4E76-B29F-90DFC9210C4F}.Release|Any CPU.Build.0 = Release|Any CPU
		{33512D23-C726-4E76-B29F-90DFC9210C4F}.Release|x64.ActiveCfg = Release|Any CPU
		{33512D23-C726-4E76-B29F-90DFC9210C4F}.Release|x86.ActiveCfg = Release|Any CPU
		{DAB16B23-C3E1-4251-886C-AE1B1C74309F}.Debug|Any CPU.ActiveCfg = Debug|Any CPU
		{DAB16B23-C3E1-4251-886C-AE1B1C74309F}.Debug|Any CPU.Build.0 = Debug|Any CPU
		{DAB16B23-C3E1-4251-886C-AE1B1C74309F}.Debug|x64.ActiveCfg = Debug|Any CPU
		{DAB16B23-C3E1-4251-886C-AE1B1C74309F}.Debug|x86.ActiveCfg = Debug|Any CPU
		{DAB16B23-C3E1-4251-886C-AE1B1C74309F}.Release|Any CPU.ActiveCfg = Release|Any CPU
		{DAB16B23-C3E1-4251-886C-AE1B1C74309F}.Release|Any CPU.Build.0 = Release|Any CPU
		{DAB16B23-C3E1-4251-886C-AE1B1C74309F}.Release|x64.ActiveCfg = Release|Any CPU
		{DAB16B23-C3E1-4251-886C-AE1B1C74309F}.Release|x86.ActiveCfg = Release|Any CPU
		{7A141E88-8F0D-43B7-B71B-750AF2D80D02}.Debug|Any CPU.ActiveCfg = Debug|Any CPU
		{7A141E88-8F0D-43B7-B71B-750AF2D80D02}.Debug|Any CPU.Build.0 = Debug|Any CPU
		{7A141E88-8F0D-43B7-B71B-750AF2D80D02}.Debug|x64.ActiveCfg = Debug|Any CPU
		{7A141E88-8F0D-43B7-B71B-750AF2D80D02}.Debug|x86.ActiveCfg = Debug|Any CPU
		{7A141E88-8F0D-43B7-B71B-750AF2D80D02}.Release|Any CPU.ActiveCfg = Release|Any CPU
		{7A141E88-8F0D-43B7-B71B-750AF2D80D02}.Release|Any CPU.Build.0 = Release|Any CPU
		{7A141E88-8F0D-43B7-B71B-750AF2D80D02}.Release|x64.ActiveCfg = Release|Any CPU
		{7A141E88-8F0D-43B7-B71B-750AF2D80D02}.Release|x86.ActiveCfg = Release|Any CPU
		{36F71D1F-7362-4F82-BDE5-E0232D441A52}.Debug|Any CPU.ActiveCfg = Debug|Any CPU
		{36F71D1F-7362-4F82-BDE5-E0232D441A52}.Debug|Any CPU.Build.0 = Debug|Any CPU
		{36F71D1F-7362-4F82-BDE5-E0232D441A52}.Debug|x64.ActiveCfg = Debug|Any CPU
		{36F71D1F-7362-4F82-BDE5-E0232D441A52}.Debug|x64.Build.0 = Debug|Any CPU
		{36F71D1F-7362-4F82-BDE5-E0232D441A52}.Debug|x86.ActiveCfg = Debug|Any CPU
		{36F71D1F-7362-4F82-BDE5-E0232D441A52}.Debug|x86.Build.0 = Debug|Any CPU
		{36F71D1F-7362-4F82-BDE5-E0232D441A52}.Release|Any CPU.ActiveCfg = Release|Any CPU
		{36F71D1F-7362-4F82-BDE5-E0232D441A52}.Release|Any CPU.Build.0 = Release|Any CPU
		{36F71D1F-7362-4F82-BDE5-E0232D441A52}.Release|x64.ActiveCfg = Release|Any CPU
		{36F71D1F-7362-4F82-BDE5-E0232D441A52}.Release|x64.Build.0 = Release|Any CPU
		{36F71D1F-7362-4F82-BDE5-E0232D441A52}.Release|x86.ActiveCfg = Release|Any CPU
		{36F71D1F-7362-4F82-BDE5-E0232D441A52}.Release|x86.Build.0 = Release|Any CPU
		{DDF5533D-8591-4A36-9E7C-A4220C3A1561}.Debug|Any CPU.ActiveCfg = Debug|Any CPU
		{DDF5533D-8591-4A36-9E7C-A4220C3A1561}.Debug|Any CPU.Build.0 = Debug|Any CPU
		{DDF5533D-8591-4A36-9E7C-A4220C3A1561}.Debug|x64.ActiveCfg = Debug|x64
		{DDF5533D-8591-4A36-9E7C-A4220C3A1561}.Debug|x64.Build.0 = Debug|x64
		{DDF5533D-8591-4A36-9E7C-A4220C3A1561}.Debug|x86.ActiveCfg = Debug|x86
		{DDF5533D-8591-4A36-9E7C-A4220C3A1561}.Debug|x86.Build.0 = Debug|x86
		{DDF5533D-8591-4A36-9E7C-A4220C3A1561}.Release|Any CPU.ActiveCfg = Release|Any CPU
		{DDF5533D-8591-4A36-9E7C-A4220C3A1561}.Release|Any CPU.Build.0 = Release|Any CPU
		{DDF5533D-8591-4A36-9E7C-A4220C3A1561}.Release|x64.ActiveCfg = Release|x64
		{DDF5533D-8591-4A36-9E7C-A4220C3A1561}.Release|x64.Build.0 = Release|x64
		{DDF5533D-8591-4A36-9E7C-A4220C3A1561}.Release|x86.ActiveCfg = Release|x86
		{DDF5533D-8591-4A36-9E7C-A4220C3A1561}.Release|x86.Build.0 = Release|x86
	EndGlobalSection
	GlobalSection(SolutionProperties) = preSolution
		HideSolutionNode = FALSE
	EndGlobalSection
	GlobalSection(NestedProjects) = preSolution
		{FE11B2D1-0949-45FB-9609-0F1CD9A49DBA} = {81E56C80-F142-411E-91EC-E1C616041D5B}
		{2DF48B39-6126-4C23-9610-4A6A1185CBB4} = {81E56C80-F142-411E-91EC-E1C616041D5B}
		{310E3F7F-5598-4361-9BCC-60CAE58D6BCB} = {81E56C80-F142-411E-91EC-E1C616041D5B}
		{47C8C8AC-1CDA-4C3B-9841-153D9896AEE4} = {81E56C80-F142-411E-91EC-E1C616041D5B}
		{49BF6A74-78C4-4C76-968E-1FD6FF7C988B} = {81E56C80-F142-411E-91EC-E1C616041D5B}
		{30C73461-AF98-4FBE-9AF0-689C12480256} = {FDD595FE-074C-4302-BD14-87739E1F7CB1}
		{43993608-978A-4330-8A5F-D96A8FA3EADB} = {FDD595FE-074C-4302-BD14-87739E1F7CB1}
		{123D006B-FFEC-4D14-9EB6-45E922848DB7} = {FDD595FE-074C-4302-BD14-87739E1F7CB1}
		{DEAE794A-E94B-41CD-8482-B0497A65A341} = {FDD595FE-074C-4302-BD14-87739E1F7CB1}
		{2F5DBEAD-851B-4836-90FA-175BE2CA7913} = {FDD595FE-074C-4302-BD14-87739E1F7CB1}
		{93702659-6CA0-456A-91E7-2556231D9C18} = {FDD595FE-074C-4302-BD14-87739E1F7CB1}
		{2CE8733C-8D7C-4CF8-9271-415702821594} = {FDD595FE-074C-4302-BD14-87739E1F7CB1}
		{52B39F19-D67C-4CFC-8FAD-0B4FE486CEB7} = {2FD30917-2A82-49D1-ADD6-6B851B607B7A}
		{C0EB5B25-B3DF-4E19-86E5-C45367C13A04} = {FDD595FE-074C-4302-BD14-87739E1F7CB1}
		{9452EB06-9411-4F1E-B521-3C86AD22DF85} = {FDD595FE-074C-4302-BD14-87739E1F7CB1}
		{EFB2F8BE-CF49-4648-9D12-9CA057361723} = {FDD595FE-074C-4302-BD14-87739E1F7CB1}
		{F2DF74BB-E270-43FE-AA93-BC3218853121} = {FDD595FE-074C-4302-BD14-87739E1F7CB1}
		{0AA346EF-8F3D-47C6-B7B5-B6C8E1E2C8E7} = {CA11776F-EF89-420E-B73C-55C3EBFD6DE8}
		{E866D40A-363B-4A9C-B8FB-5305DD84608E} = {FDD595FE-074C-4302-BD14-87739E1F7CB1}
		{25D23428-44A5-4B4F-9BD0-DAC3694C6804} = {FDD595FE-074C-4302-BD14-87739E1F7CB1}
		{603B4F84-6C3F-4614-A07F-B93EA7CA1CAB} = {FDD595FE-074C-4302-BD14-87739E1F7CB1}
		{EF091527-9EE9-433C-9813-CC93D1BD3B48} = {81E56C80-F142-411E-91EC-E1C616041D5B}
		{BF1CFFBC-E0AE-4CED-A49A-0BF6CA66EA14} = {81E56C80-F142-411E-91EC-E1C616041D5B}
		{33512D23-C726-4E76-B29F-90DFC9210C4F} = {81E56C80-F142-411E-91EC-E1C616041D5B}
		{DAB16B23-C3E1-4251-886C-AE1B1C74309F} = {FDD595FE-074C-4302-BD14-87739E1F7CB1}
		{7A141E88-8F0D-43B7-B71B-750AF2D80D02} = {81E56C80-F142-411E-91EC-E1C616041D5B}
		{36F71D1F-7362-4F82-BDE5-E0232D441A52} = {81E56C80-F142-411E-91EC-E1C616041D5B}
		{DDF5533D-8591-4A36-9E7C-A4220C3A1561} = {2FD30917-2A82-49D1-ADD6-6B851B607B7A}
	EndGlobalSection
EndGlobal