#
# Copyright (c) Microsoft Corporation. All rights reserved. 
# Licensed under the MIT license. See LICENSE.txt file in the project root for full license information.
#
Microsoft Visual Studio Solution File, Format Version 12.00
# Visual Studio 14
VisualStudioVersion = 14.0.24720.0
MinimumVisualStudioVersion = 10.0.40219.1
Project("{FAE04EC0-301F-11D3-BF4B-00C04F79EFBC}") = "AcsToken", "AcsToken\AcsToken.csproj", "{49E557C3-ED0C-42E5-8C59-98AF69C2BE85}"
EndProject
Project("{FAE04EC0-301F-11D3-BF4B-00C04F79EFBC}") = "Commerce.AmexClient", "..\..\Commerce\AmexClient\Commerce.AmexClient.csproj", "{C52AFFFA-9D7C-411D-8DEC-46F58CC9052E}"
EndProject
Project("{FAE04EC0-301F-11D3-BF4B-00C04F79EFBC}") = "Azure.Utils", "..\..\Ingestion\Azure.Utils\Azure.Utils.csproj", "{764BAF29-7CFE-498E-BA7A-6DF3B906C66A}"
EndProject
Project("{FAE04EC0-301F-11D3-BF4B-00C04F79EFBC}") = "Lomo.Logging", "..\..\shared\middleware\LoMo.Logging\Lomo.Logging.csproj", "{52B39F19-D67C-4CFC-8FAD-0B4FE486CEB7}"
EndProject
Project("{FAE04EC0-301F-11D3-BF4B-00C04F79EFBC}") = "Utilities", "..\..\Ingestion\Utilities\Utilities.csproj", "{EFAF91F4-AA34-44E8-9E96-438A0AE418DF}"
EndProject
Project("{FAE04EC0-301F-11D3-BF4B-00C04F79EFBC}") = "Azure.Utils.Interface", "..\..\Ingestion\Azure.Utils.Interface\Azure.Utils.Interface.csproj", "{012C174C-1DDF-4B09-BDC2-3938176F698C}"
EndProject
Global
	GlobalSection(SolutionConfigurationPlatforms) = preSolution
		Debug|Any CPU = Debug|Any CPU
		Debug|x64 = Debug|x64
		Debug|x86 = Debug|x86
		IntDebug|Any CPU = IntDebug|Any CPU
		IntDebug|x64 = IntDebug|x64
		IntDebug|x86 = IntDebug|x86
		IntRelease|Any CPU = IntRelease|Any CPU
		IntRelease|x64 = IntRelease|x64
		IntRelease|x86 = IntRelease|x86
		ProdDebug|Any CPU = ProdDebug|Any CPU
		ProdDebug|x64 = ProdDebug|x64
		ProdDebug|x86 = ProdDebug|x86
		ProdRelease|Any CPU = ProdRelease|Any CPU
		ProdRelease|x64 = ProdRelease|x64
		ProdRelease|x86 = ProdRelease|x86
		Release|Any CPU = Release|Any CPU
		Release|x64 = Release|x64
		Release|x86 = Release|x86
	EndGlobalSection
	GlobalSection(ProjectConfigurationPlatforms) = postSolution
		{49E557C3-ED0C-42E5-8C59-98AF69C2BE85}.Debug|Any CPU.ActiveCfg = Debug|Any CPU
		{49E557C3-ED0C-42E5-8C59-98AF69C2BE85}.Debug|Any CPU.Build.0 = Debug|Any CPU
		{49E557C3-ED0C-42E5-8C59-98AF69C2BE85}.Debug|x64.ActiveCfg = Debug|Any CPU
		{49E557C3-ED0C-42E5-8C59-98AF69C2BE85}.Debug|x64.Build.0 = Debug|Any CPU
		{49E557C3-ED0C-42E5-8C59-98AF69C2BE85}.Debug|x86.ActiveCfg = Debug|Any CPU
		{49E557C3-ED0C-42E5-8C59-98AF69C2BE85}.Debug|x86.Build.0 = Debug|Any CPU
		{49E557C3-ED0C-42E5-8C59-98AF69C2BE85}.IntDebug|Any CPU.ActiveCfg = Debug|Any CPU
		{49E557C3-ED0C-42E5-8C59-98AF69C2BE85}.IntDebug|Any CPU.Build.0 = Debug|Any CPU
		{49E557C3-ED0C-42E5-8C59-98AF69C2BE85}.IntDebug|x64.ActiveCfg = Debug|Any CPU
		{49E557C3-ED0C-42E5-8C59-98AF69C2BE85}.IntDebug|x64.Build.0 = Debug|Any CPU
		{49E557C3-ED0C-42E5-8C59-98AF69C2BE85}.IntDebug|x86.ActiveCfg = Debug|Any CPU
		{49E557C3-ED0C-42E5-8C59-98AF69C2BE85}.IntDebug|x86.Build.0 = Debug|Any CPU
		{49E557C3-ED0C-42E5-8C59-98AF69C2BE85}.IntRelease|Any CPU.ActiveCfg = Release|Any CPU
		{49E557C3-ED0C-42E5-8C59-98AF69C2BE85}.IntRelease|Any CPU.Build.0 = Release|Any CPU
		{49E557C3-ED0C-42E5-8C59-98AF69C2BE85}.IntRelease|x64.ActiveCfg = Release|Any CPU
		{49E557C3-ED0C-42E5-8C59-98AF69C2BE85}.IntRelease|x64.Build.0 = Release|Any CPU
		{49E557C3-ED0C-42E5-8C59-98AF69C2BE85}.IntRelease|x86.ActiveCfg = Release|Any CPU
		{49E557C3-ED0C-42E5-8C59-98AF69C2BE85}.IntRelease|x86.Build.0 = Release|Any CPU
		{49E557C3-ED0C-42E5-8C59-98AF69C2BE85}.ProdDebug|Any CPU.ActiveCfg = Debug|Any CPU
		{49E557C3-ED0C-42E5-8C59-98AF69C2BE85}.ProdDebug|Any CPU.Build.0 = Debug|Any CPU
		{49E557C3-ED0C-42E5-8C59-98AF69C2BE85}.ProdDebug|x64.ActiveCfg = Debug|Any CPU
		{49E557C3-ED0C-42E5-8C59-98AF69C2BE85}.ProdDebug|x64.Build.0 = Debug|Any CPU
		{49E557C3-ED0C-42E5-8C59-98AF69C2BE85}.ProdDebug|x86.ActiveCfg = Debug|Any CPU
		{49E557C3-ED0C-42E5-8C59-98AF69C2BE85}.ProdDebug|x86.Build.0 = Debug|Any CPU
		{49E557C3-ED0C-42E5-8C59-98AF69C2BE85}.ProdRelease|Any CPU.ActiveCfg = Release|Any CPU
		{49E557C3-ED0C-42E5-8C59-98AF69C2BE85}.ProdRelease|Any CPU.Build.0 = Release|Any CPU
		{49E557C3-ED0C-42E5-8C59-98AF69C2BE85}.ProdRelease|x64.ActiveCfg = Release|Any CPU
		{49E557C3-ED0C-42E5-8C59-98AF69C2BE85}.ProdRelease|x64.Build.0 = Release|Any CPU
		{49E557C3-ED0C-42E5-8C59-98AF69C2BE85}.ProdRelease|x86.ActiveCfg = Release|Any CPU
		{49E557C3-ED0C-42E5-8C59-98AF69C2BE85}.ProdRelease|x86.Build.0 = Release|Any CPU
		{49E557C3-ED0C-42E5-8C59-98AF69C2BE85}.Release|Any CPU.ActiveCfg = Release|Any CPU
		{49E557C3-ED0C-42E5-8C59-98AF69C2BE85}.Release|Any CPU.Build.0 = Release|Any CPU
		{49E557C3-ED0C-42E5-8C59-98AF69C2BE85}.Release|x64.ActiveCfg = Release|Any CPU
		{49E557C3-ED0C-42E5-8C59-98AF69C2BE85}.Release|x64.Build.0 = Release|Any CPU
		{49E557C3-ED0C-42E5-8C59-98AF69C2BE85}.Release|x86.ActiveCfg = Release|Any CPU
		{49E557C3-ED0C-42E5-8C59-98AF69C2BE85}.Release|x86.Build.0 = Release|Any CPU
		{C52AFFFA-9D7C-411D-8DEC-46F58CC9052E}.Debug|Any CPU.ActiveCfg = Debug|Any CPU
		{C52AFFFA-9D7C-411D-8DEC-46F58CC9052E}.Debug|Any CPU.Build.0 = Debug|Any CPU
		{C52AFFFA-9D7C-411D-8DEC-46F58CC9052E}.Debug|x64.ActiveCfg = Debug|Any CPU
		{C52AFFFA-9D7C-411D-8DEC-46F58CC9052E}.Debug|x64.Build.0 = Debug|Any CPU
		{C52AFFFA-9D7C-411D-8DEC-46F58CC9052E}.Debug|x86.ActiveCfg = Debug|Any CPU
		{C52AFFFA-9D7C-411D-8DEC-46F58CC9052E}.Debug|x86.Build.0 = Debug|Any CPU
		{C52AFFFA-9D7C-411D-8DEC-46F58CC9052E}.IntDebug|Any CPU.ActiveCfg = IntDebug|Any CPU
		{C52AFFFA-9D7C-411D-8DEC-46F58CC9052E}.IntDebug|Any CPU.Build.0 = IntDebug|Any CPU
		{C52AFFFA-9D7C-411D-8DEC-46F58CC9052E}.IntDebug|x64.ActiveCfg = IntDebug|Any CPU
		{C52AFFFA-9D7C-411D-8DEC-46F58CC9052E}.IntDebug|x64.Build.0 = IntDebug|Any CPU
		{C52AFFFA-9D7C-411D-8DEC-46F58CC9052E}.IntDebug|x86.ActiveCfg = IntDebug|Any CPU
		{C52AFFFA-9D7C-411D-8DEC-46F58CC9052E}.IntDebug|x86.Build.0 = IntDebug|Any CPU
		{C52AFFFA-9D7C-411D-8DEC-46F58CC9052E}.IntRelease|Any CPU.ActiveCfg = IntRelease|Any CPU
		{C52AFFFA-9D7C-411D-8DEC-46F58CC9052E}.IntRelease|Any CPU.Build.0 = IntRelease|Any CPU
		{C52AFFFA-9D7C-411D-8DEC-46F58CC9052E}.IntRelease|x64.ActiveCfg = IntRelease|Any CPU
		{C52AFFFA-9D7C-411D-8DEC-46F58CC9052E}.IntRelease|x64.Build.0 = IntRelease|Any CPU
		{C52AFFFA-9D7C-411D-8DEC-46F58CC9052E}.IntRelease|x86.ActiveCfg = IntRelease|Any CPU
		{C52AFFFA-9D7C-411D-8DEC-46F58CC9052E}.IntRelease|x86.Build.0 = IntRelease|Any CPU
		{C52AFFFA-9D7C-411D-8DEC-46F58CC9052E}.ProdDebug|Any CPU.ActiveCfg = ProdDebug|Any CPU
		{C52AFFFA-9D7C-411D-8DEC-46F58CC9052E}.ProdDebug|Any CPU.Build.0 = ProdDebug|Any CPU
		{C52AFFFA-9D7C-411D-8DEC-46F58CC9052E}.ProdDebug|x64.ActiveCfg = ProdDebug|Any CPU
		{C52AFFFA-9D7C-411D-8DEC-46F58CC9052E}.ProdDebug|x64.Build.0 = ProdDebug|Any CPU
		{C52AFFFA-9D7C-411D-8DEC-46F58CC9052E}.ProdDebug|x86.ActiveCfg = ProdDebug|Any CPU
		{C52AFFFA-9D7C-411D-8DEC-46F58CC9052E}.ProdDebug|x86.Build.0 = ProdDebug|Any CPU
		{C52AFFFA-9D7C-411D-8DEC-46F58CC9052E}.ProdRelease|Any CPU.ActiveCfg = ProdRelease|Any CPU
		{C52AFFFA-9D7C-411D-8DEC-46F58CC9052E}.ProdRelease|Any CPU.Build.0 = ProdRelease|Any CPU
		{C52AFFFA-9D7C-411D-8DEC-46F58CC9052E}.ProdRelease|x64.ActiveCfg = ProdRelease|Any CPU
		{C52AFFFA-9D7C-411D-8DEC-46F58CC9052E}.ProdRelease|x64.Build.0 = ProdRelease|Any CPU
		{C52AFFFA-9D7C-411D-8DEC-46F58CC9052E}.ProdRelease|x86.ActiveCfg = ProdRelease|Any CPU
		{C52AFFFA-9D7C-411D-8DEC-46F58CC9052E}.ProdRelease|x86.Build.0 = ProdRelease|Any CPU
		{C52AFFFA-9D7C-411D-8DEC-46F58CC9052E}.Release|Any CPU.ActiveCfg = Release|Any CPU
		{C52AFFFA-9D7C-411D-8DEC-46F58CC9052E}.Release|Any CPU.Build.0 = Release|Any CPU
		{C52AFFFA-9D7C-411D-8DEC-46F58CC9052E}.Release|x64.ActiveCfg = Release|Any CPU
		{C52AFFFA-9D7C-411D-8DEC-46F58CC9052E}.Release|x64.Build.0 = Release|Any CPU
		{C52AFFFA-9D7C-411D-8DEC-46F58CC9052E}.Release|x86.ActiveCfg = Release|Any CPU
		{C52AFFFA-9D7C-411D-8DEC-46F58CC9052E}.Release|x86.Build.0 = Release|Any CPU
		{764BAF29-7CFE-498E-BA7A-6DF3B906C66A}.Debug|Any CPU.ActiveCfg = Debug|Any CPU
		{764BAF29-7CFE-498E-BA7A-6DF3B906C66A}.Debug|Any CPU.Build.0 = Debug|Any CPU
		{764BAF29-7CFE-498E-BA7A-6DF3B906C66A}.Debug|x64.ActiveCfg = Debug|Any CPU
		{764BAF29-7CFE-498E-BA7A-6DF3B906C66A}.Debug|x64.Build.0 = Debug|Any CPU
		{764BAF29-7CFE-498E-BA7A-6DF3B906C66A}.Debug|x86.ActiveCfg = Debug|Any CPU
		{764BAF29-7CFE-498E-BA7A-6DF3B906C66A}.Debug|x86.Build.0 = Debug|Any CPU
		{764BAF29-7CFE-498E-BA7A-6DF3B906C66A}.IntDebug|Any CPU.ActiveCfg = Debug|Any CPU
		{764BAF29-7CFE-498E-BA7A-6DF3B906C66A}.IntDebug|Any CPU.Build.0 = Debug|Any CPU
		{764BAF29-7CFE-498E-BA7A-6DF3B906C66A}.IntDebug|x64.ActiveCfg = Debug|Any CPU
		{764BAF29-7CFE-498E-BA7A-6DF3B906C66A}.IntDebug|x64.Build.0 = Debug|Any CPU
		{764BAF29-7CFE-498E-BA7A-6DF3B906C66A}.IntDebug|x86.ActiveCfg = Debug|Any CPU
		{764BAF29-7CFE-498E-BA7A-6DF3B906C66A}.IntDebug|x86.Build.0 = Debug|Any CPU
		{764BAF29-7CFE-498E-BA7A-6DF3B906C66A}.IntRelease|Any CPU.ActiveCfg = Release|Any CPU
		{764BAF29-7CFE-498E-BA7A-6DF3B906C66A}.IntRelease|Any CPU.Build.0 = Release|Any CPU
		{764BAF29-7CFE-498E-BA7A-6DF3B906C66A}.IntRelease|x64.ActiveCfg = Release|Any CPU
		{764BAF29-7CFE-498E-BA7A-6DF3B906C66A}.IntRelease|x64.Build.0 = Release|Any CPU
		{764BAF29-7CFE-498E-BA7A-6DF3B906C66A}.IntRelease|x86.ActiveCfg = Release|Any CPU
		{764BAF29-7CFE-498E-BA7A-6DF3B906C66A}.IntRelease|x86.Build.0 = Release|Any CPU
		{764BAF29-7CFE-498E-BA7A-6DF3B906C66A}.ProdDebug|Any CPU.ActiveCfg = Debug|Any CPU
		{764BAF29-7CFE-498E-BA7A-6DF3B906C66A}.ProdDebug|Any CPU.Build.0 = Debug|Any CPU
		{764BAF29-7CFE-498E-BA7A-6DF3B906C66A}.ProdDebug|x64.ActiveCfg = Debug|Any CPU
		{764BAF29-7CFE-498E-BA7A-6DF3B906C66A}.ProdDebug|x64.Build.0 = Debug|Any CPU
		{764BAF29-7CFE-498E-BA7A-6DF3B906C66A}.ProdDebug|x86.ActiveCfg = Debug|Any CPU
		{764BAF29-7CFE-498E-BA7A-6DF3B906C66A}.ProdDebug|x86.Build.0 = Debug|Any CPU
		{764BAF29-7CFE-498E-BA7A-6DF3B906C66A}.ProdRelease|Any CPU.ActiveCfg = Release|Any CPU
		{764BAF29-7CFE-498E-BA7A-6DF3B906C66A}.ProdRelease|Any CPU.Build.0 = Release|Any CPU
		{764BAF29-7CFE-498E-BA7A-6DF3B906C66A}.ProdRelease|x64.ActiveCfg = Release|Any CPU
		{764BAF29-7CFE-498E-BA7A-6DF3B906C66A}.ProdRelease|x64.Build.0 = Release|Any CPU
		{764BAF29-7CFE-498E-BA7A-6DF3B906C66A}.ProdRelease|x86.ActiveCfg = Release|Any CPU
		{764BAF29-7CFE-498E-BA7A-6DF3B906C66A}.ProdRelease|x86.Build.0 = Release|Any CPU
		{764BAF29-7CFE-498E-BA7A-6DF3B906C66A}.Release|Any CPU.ActiveCfg = Release|Any CPU
		{764BAF29-7CFE-498E-BA7A-6DF3B906C66A}.Release|Any CPU.Build.0 = Release|Any CPU
		{764BAF29-7CFE-498E-BA7A-6DF3B906C66A}.Release|x64.ActiveCfg = Release|Any CPU
		{764BAF29-7CFE-498E-BA7A-6DF3B906C66A}.Release|x64.Build.0 = Release|Any CPU
		{764BAF29-7CFE-498E-BA7A-6DF3B906C66A}.Release|x86.ActiveCfg = Release|Any CPU
		{764BAF29-7CFE-498E-BA7A-6DF3B906C66A}.Release|x86.Build.0 = Release|Any CPU
		{52B39F19-D67C-4CFC-8FAD-0B4FE486CEB7}.Debug|Any CPU.ActiveCfg = Debug|Any CPU
		{52B39F19-D67C-4CFC-8FAD-0B4FE486CEB7}.Debug|Any CPU.Build.0 = Debug|Any CPU
		{52B39F19-D67C-4CFC-8FAD-0B4FE486CEB7}.Debug|x64.ActiveCfg = Debug|x64
		{52B39F19-D67C-4CFC-8FAD-0B4FE486CEB7}.Debug|x64.Build.0 = Debug|x64
		{52B39F19-D67C-4CFC-8FAD-0B4FE486CEB7}.Debug|x86.ActiveCfg = Debug|x86
		{52B39F19-D67C-4CFC-8FAD-0B4FE486CEB7}.Debug|x86.Build.0 = Debug|x86
		{52B39F19-D67C-4CFC-8FAD-0B4FE486CEB7}.IntDebug|Any CPU.ActiveCfg = Debug|Any CPU
		{52B39F19-D67C-4CFC-8FAD-0B4FE486CEB7}.IntDebug|Any CPU.Build.0 = Debug|Any CPU
		{52B39F19-D67C-4CFC-8FAD-0B4FE486CEB7}.IntDebug|x64.ActiveCfg = Debug|x64
		{52B39F19-D67C-4CFC-8FAD-0B4FE486CEB7}.IntDebug|x64.Build.0 = Debug|x64
		{52B39F19-D67C-4CFC-8FAD-0B4FE486CEB7}.IntDebug|x86.ActiveCfg = Debug|x86
		{52B39F19-D67C-4CFC-8FAD-0B4FE486CEB7}.IntDebug|x86.Build.0 = Debug|x86
		{52B39F19-D67C-4CFC-8FAD-0B4FE486CEB7}.IntRelease|Any CPU.ActiveCfg = Release|Any CPU
		{52B39F19-D67C-4CFC-8FAD-0B4FE486CEB7}.IntRelease|Any CPU.Build.0 = Release|Any CPU
		{52B39F19-D67C-4CFC-8FAD-0B4FE486CEB7}.IntRelease|x64.ActiveCfg = Release|x64
		{52B39F19-D67C-4CFC-8FAD-0B4FE486CEB7}.IntRelease|x64.Build.0 = Release|x64
		{52B39F19-D67C-4CFC-8FAD-0B4FE486CEB7}.IntRelease|x86.ActiveCfg = Release|x86
		{52B39F19-D67C-4CFC-8FAD-0B4FE486CEB7}.IntRelease|x86.Build.0 = Release|x86
		{52B39F19-D67C-4CFC-8FAD-0B4FE486CEB7}.ProdDebug|Any CPU.ActiveCfg = Debug|Any CPU
		{52B39F19-D67C-4CFC-8FAD-0B4FE486CEB7}.ProdDebug|Any CPU.Build.0 = Debug|Any CPU
		{52B39F19-D67C-4CFC-8FAD-0B4FE486CEB7}.ProdDebug|x64.ActiveCfg = Debug|x64
		{52B39F19-D67C-4CFC-8FAD-0B4FE486CEB7}.ProdDebug|x64.Build.0 = Debug|x64
		{52B39F19-D67C-4CFC-8FAD-0B4FE486CEB7}.ProdDebug|x86.ActiveCfg = Debug|x86
		{52B39F19-D67C-4CFC-8FAD-0B4FE486CEB7}.ProdDebug|x86.Build.0 = Debug|x86
		{52B39F19-D67C-4CFC-8FAD-0B4FE486CEB7}.ProdRelease|Any CPU.ActiveCfg = Release|Any CPU
		{52B39F19-D67C-4CFC-8FAD-0B4FE486CEB7}.ProdRelease|Any CPU.Build.0 = Release|Any CPU
		{52B39F19-D67C-4CFC-8FAD-0B4FE486CEB7}.ProdRelease|x64.ActiveCfg = Release|x64
		{52B39F19-D67C-4CFC-8FAD-0B4FE486CEB7}.ProdRelease|x64.Build.0 = Release|x64
		{52B39F19-D67C-4CFC-8FAD-0B4FE486CEB7}.ProdRelease|x86.ActiveCfg = Release|x86
		{52B39F19-D67C-4CFC-8FAD-0B4FE486CEB7}.ProdRelease|x86.Build.0 = Release|x86
		{52B39F19-D67C-4CFC-8FAD-0B4FE486CEB7}.Release|Any CPU.ActiveCfg = Release|Any CPU
		{52B39F19-D67C-4CFC-8FAD-0B4FE486CEB7}.Release|Any CPU.Build.0 = Release|Any CPU
		{52B39F19-D67C-4CFC-8FAD-0B4FE486CEB7}.Release|x64.ActiveCfg = Release|x64
		{52B39F19-D67C-4CFC-8FAD-0B4FE486CEB7}.Release|x64.Build.0 = Release|x64
		{52B39F19-D67C-4CFC-8FAD-0B4FE486CEB7}.Release|x86.ActiveCfg = Release|x86
		{52B39F19-D67C-4CFC-8FAD-0B4FE486CEB7}.Release|x86.Build.0 = Release|x86
		{EFAF91F4-AA34-44E8-9E96-438A0AE418DF}.Debug|Any CPU.ActiveCfg = Debug|Any CPU
		{EFAF91F4-AA34-44E8-9E96-438A0AE418DF}.Debug|Any CPU.Build.0 = Debug|Any CPU
		{EFAF91F4-AA34-44E8-9E96-438A0AE418DF}.Debug|x64.ActiveCfg = Debug|Any CPU
		{EFAF91F4-AA34-44E8-9E96-438A0AE418DF}.Debug|x64.Build.0 = Debug|Any CPU
		{EFAF91F4-AA34-44E8-9E96-438A0AE418DF}.Debug|x86.ActiveCfg = Debug|Any CPU
		{EFAF91F4-AA34-44E8-9E96-438A0AE418DF}.Debug|x86.Build.0 = Debug|Any CPU
		{EFAF91F4-AA34-44E8-9E96-438A0AE418DF}.IntDebug|Any CPU.ActiveCfg = Debug|Any CPU
		{EFAF91F4-AA34-44E8-9E96-438A0AE418DF}.IntDebug|Any CPU.Build.0 = Debug|Any CPU
		{EFAF91F4-AA34-44E8-9E96-438A0AE418DF}.IntDebug|x64.ActiveCfg = Debug|Any CPU
		{EFAF91F4-AA34-44E8-9E96-438A0AE418DF}.IntDebug|x64.Build.0 = Debug|Any CPU
		{EFAF91F4-AA34-44E8-9E96-438A0AE418DF}.IntDebug|x86.ActiveCfg = Debug|Any CPU
		{EFAF91F4-AA34-44E8-9E96-438A0AE418DF}.IntDebug|x86.Build.0 = Debug|Any CPU
		{EFAF91F4-AA34-44E8-9E96-438A0AE418DF}.IntRelease|Any CPU.ActiveCfg = Release|Any CPU
		{EFAF91F4-AA34-44E8-9E96-438A0AE418DF}.IntRelease|Any CPU.Build.0 = Release|Any CPU
		{EFAF91F4-AA34-44E8-9E96-438A0AE418DF}.IntRelease|x64.ActiveCfg = Release|Any CPU
		{EFAF91F4-AA34-44E8-9E96-438A0AE418DF}.IntRelease|x64.Build.0 = Release|Any CPU
		{EFAF91F4-AA34-44E8-9E96-438A0AE418DF}.IntRelease|x86.ActiveCfg = Release|Any CPU
		{EFAF91F4-AA34-44E8-9E96-438A0AE418DF}.IntRelease|x86.Build.0 = Release|Any CPU
		{EFAF91F4-AA34-44E8-9E96-438A0AE418DF}.ProdDebug|Any CPU.ActiveCfg = Debug|Any CPU
		{EFAF91F4-AA34-44E8-9E96-438A0AE418DF}.ProdDebug|Any CPU.Build.0 = Debug|Any CPU
		{EFAF91F4-AA34-44E8-9E96-438A0AE418DF}.ProdDebug|x64.ActiveCfg = Debug|Any CPU
		{EFAF91F4-AA34-44E8-9E96-438A0AE418DF}.ProdDebug|x64.Build.0 = Debug|Any CPU
		{EFAF91F4-AA34-44E8-9E96-438A0AE418DF}.ProdDebug|x86.ActiveCfg = Debug|Any CPU
		{EFAF91F4-AA34-44E8-9E96-438A0AE418DF}.ProdDebug|x86.Build.0 = Debug|Any CPU
		{EFAF91F4-AA34-44E8-9E96-438A0AE418DF}.ProdRelease|Any CPU.ActiveCfg = Release|Any CPU
		{EFAF91F4-AA34-44E8-9E96-438A0AE418DF}.ProdRelease|Any CPU.Build.0 = Release|Any CPU
		{EFAF91F4-AA34-44E8-9E96-438A0AE418DF}.ProdRelease|x64.ActiveCfg = Release|Any CPU
		{EFAF91F4-AA34-44E8-9E96-438A0AE418DF}.ProdRelease|x64.Build.0 = Release|Any CPU
		{EFAF91F4-AA34-44E8-9E96-438A0AE418DF}.ProdRelease|x86.ActiveCfg = Release|Any CPU
		{EFAF91F4-AA34-44E8-9E96-438A0AE418DF}.ProdRelease|x86.Build.0 = Release|Any CPU
		{EFAF91F4-AA34-44E8-9E96-438A0AE418DF}.Release|Any CPU.ActiveCfg = Release|Any CPU
		{EFAF91F4-AA34-44E8-9E96-438A0AE418DF}.Release|Any CPU.Build.0 = Release|Any CPU
		{EFAF91F4-AA34-44E8-9E96-438A0AE418DF}.Release|x64.ActiveCfg = Release|Any CPU
		{EFAF91F4-AA34-44E8-9E96-438A0AE418DF}.Release|x64.Build.0 = Release|Any CPU
		{EFAF91F4-AA34-44E8-9E96-438A0AE418DF}.Release|x86.ActiveCfg = Release|Any CPU
		{EFAF91F4-AA34-44E8-9E96-438A0AE418DF}.Release|x86.Build.0 = Release|Any CPU
		{012C174C-1DDF-4B09-BDC2-3938176F698C}.Debug|Any CPU.ActiveCfg = Debug|Any CPU
		{012C174C-1DDF-4B09-BDC2-3938176F698C}.Debug|Any CPU.Build.0 = Debug|Any CPU
		{012C174C-1DDF-4B09-BDC2-3938176F698C}.Debug|x64.ActiveCfg = Debug|Any CPU
		{012C174C-1DDF-4B09-BDC2-3938176F698C}.Debug|x64.Build.0 = Debug|Any CPU
		{012C174C-1DDF-4B09-BDC2-3938176F698C}.Debug|x86.ActiveCfg = Debug|Any CPU
		{012C174C-1DDF-4B09-BDC2-3938176F698C}.Debug|x86.Build.0 = Debug|Any CPU
		{012C174C-1DDF-4B09-BDC2-3938176F698C}.IntDebug|Any CPU.ActiveCfg = Debug|Any CPU
		{012C174C-1DDF-4B09-BDC2-3938176F698C}.IntDebug|Any CPU.Build.0 = Debug|Any CPU
		{012C174C-1DDF-4B09-BDC2-3938176F698C}.IntDebug|x64.ActiveCfg = Debug|Any CPU
		{012C174C-1DDF-4B09-BDC2-3938176F698C}.IntDebug|x64.Build.0 = Debug|Any CPU
		{012C174C-1DDF-4B09-BDC2-3938176F698C}.IntDebug|x86.ActiveCfg = Debug|Any CPU
		{012C174C-1DDF-4B09-BDC2-3938176F698C}.IntDebug|x86.Build.0 = Debug|Any CPU
		{012C174C-1DDF-4B09-BDC2-3938176F698C}.IntRelease|Any CPU.ActiveCfg = Release|Any CPU
		{012C174C-1DDF-4B09-BDC2-3938176F698C}.IntRelease|Any CPU.Build.0 = Release|Any CPU
		{012C174C-1DDF-4B09-BDC2-3938176F698C}.IntRelease|x64.ActiveCfg = Release|Any CPU
		{012C174C-1DDF-4B09-BDC2-3938176F698C}.IntRelease|x64.Build.0 = Release|Any CPU
		{012C174C-1DDF-4B09-BDC2-3938176F698C}.IntRelease|x86.ActiveCfg = Release|Any CPU
		{012C174C-1DDF-4B09-BDC2-3938176F698C}.IntRelease|x86.Build.0 = Release|Any CPU
		{012C174C-1DDF-4B09-BDC2-3938176F698C}.ProdDebug|Any CPU.ActiveCfg = Debug|Any CPU
		{012C174C-1DDF-4B09-BDC2-3938176F698C}.ProdDebug|Any CPU.Build.0 = Debug|Any CPU
		{012C174C-1DDF-4B09-BDC2-3938176F698C}.ProdDebug|x64.ActiveCfg = Debug|Any CPU
		{012C174C-1DDF-4B09-BDC2-3938176F698C}.ProdDebug|x64.Build.0 = Debug|Any CPU
		{012C174C-1DDF-4B09-BDC2-3938176F698C}.ProdDebug|x86.ActiveCfg = Debug|Any CPU
		{012C174C-1DDF-4B09-BDC2-3938176F698C}.ProdDebug|x86.Build.0 = Debug|Any CPU
		{012C174C-1DDF-4B09-BDC2-3938176F698C}.ProdRelease|Any CPU.ActiveCfg = Release|Any CPU
		{012C174C-1DDF-4B09-BDC2-3938176F698C}.ProdRelease|Any CPU.Build.0 = Release|Any CPU
		{012C174C-1DDF-4B09-BDC2-3938176F698C}.ProdRelease|x64.ActiveCfg = Release|Any CPU
		{012C174C-1DDF-4B09-BDC2-3938176F698C}.ProdRelease|x64.Build.0 = Release|Any CPU
		{012C174C-1DDF-4B09-BDC2-3938176F698C}.ProdRelease|x86.ActiveCfg = Release|Any CPU
		{012C174C-1DDF-4B09-BDC2-3938176F698C}.ProdRelease|x86.Build.0 = Release|Any CPU
		{012C174C-1DDF-4B09-BDC2-3938176F698C}.Release|Any CPU.ActiveCfg = Release|Any CPU
		{012C174C-1DDF-4B09-BDC2-3938176F698C}.Release|Any CPU.Build.0 = Release|Any CPU
		{012C174C-1DDF-4B09-BDC2-3938176F698C}.Release|x64.ActiveCfg = Release|Any CPU
		{012C174C-1DDF-4B09-BDC2-3938176F698C}.Release|x64.Build.0 = Release|Any CPU
		{012C174C-1DDF-4B09-BDC2-3938176F698C}.Release|x86.ActiveCfg = Release|Any CPU
		{012C174C-1DDF-4B09-BDC2-3938176F698C}.Release|x86.Build.0 = Release|Any CPU
	EndGlobalSection
	GlobalSection(SolutionProperties) = preSolution
		HideSolutionNode = FALSE
	EndGlobalSection
EndGlobal