#
# Copyright (c) Microsoft Corporation. All rights reserved. 
# Licensed under the MIT license. See LICENSE.txt file in the project root for full license information.
#
Microsoft Visual Studio Solution File, Format Version 12.00
# Visual Studio 14
VisualStudioVersion = 14.0.24720.0
MinimumVisualStudioVersion = 10.0.40219.1
Project("{FAE04EC0-301F-11D3-BF4B-00C04F79EFBC}") = "Earn", "Earn\Earn.csproj", "{E393307D-BCAA-4010-BD32-FEAC219C5EBE}"
EndProject
Project("{FAE04EC0-301F-11D3-BF4B-00C04F79EFBC}") = "Earn.Tests", "Earn.Tests\Earn.Tests.csproj", "{A7C0FA32-A568-4977-B047-8A79E8691C08}"
EndProject
Project("{CC5FD16D-436D-48AD-A40C-5A424C6E3E79}") = "Earn.Deployment", "Earn.Deployment\Earn.Deployment.ccproj", "{E1F52CAE-FAB3-4F07-BBF1-AC1D9D96E2B7}"
EndProject
Project("{FAE04EC0-301F-11D3-BF4B-00C04F79EFBC}") = "Lomo.Logging", "..\shared\middleware\LoMo.Logging\Lomo.Logging.csproj", "{52B39F19-D67C-4CFC-8FAD-0B4FE486CEB7}"
EndProject
Project("{FAE04EC0-301F-11D3-BF4B-00C04F79EFBC}") = "Lomo.Authentication", "..\shared\middleware\Lomo.Authentication\Lomo.Authentication.csproj", "{DDF5533D-8591-4A36-9E7C-A4220C3A1561}"
EndProject
Project("{FAE04EC0-301F-11D3-BF4B-00C04F79EFBC}") = "Commerce.DataContracts", "..\Commerce\DataContracts\Commerce.DataContracts.csproj", "{0FF826A6-BCE1-462D-AE04-F291390F6470}"
EndProject
Project("{FAE04EC0-301F-11D3-BF4B-00C04F79EFBC}") = "UserServices.DataContract", "..\UserServices\UserServices.DataContract\UserServices.DataContract.csproj", "{2CE8733C-8D7C-4CF8-9271-415702821594}"
EndProject
Project("{FAE04EC0-301F-11D3-BF4B-00C04F79EFBC}") = "Lomo.GeoSpatial", "..\shared\models\Lomo.GeoSpatial\Lomo.GeoSpatial.csproj", "{123D006B-FFEC-4D14-9EB6-45E922848DB7}"
EndProject
Project("{FAE04EC0-301F-11D3-BF4B-00C04F79EFBC}") = "ProfileService.Utility", "..\UserServices\ProfileService.Utility\ProfileService.Utility.csproj", "{9D2AA457-982D-4C6C-AA72-78B5B829484C}"
EndProject
Project("{FAE04EC0-301F-11D3-BF4B-00C04F79EFBC}") = "Earn.Models", "Earn.Models\Earn.Models.csproj", "{60664626-2D55-4EC2-96D3-712C7B8A73AE}"
EndProject
Project("{FAE04EC0-301F-11D3-BF4B-00C04F79EFBC}") = "Earn.DataContract", "Earn.DataContract\Earn.DataContract.csproj", "{ED50E570-9E4A-4B61-99B3-8ADEDCBA3DB3}"
EndProject
Project("{00D1A9C2-B5F0-4AF3-8072-F6C62B433612}") = "Earn.Db", "Earn.Db\Earn.Db.sqlproj", "{D74E8E14-8FF2-4038-9179-70A8369EF839}"
EndProject
Global
	GlobalSection(SolutionConfigurationPlatforms) = preSolution
		Build|Any CPU = Build|Any CPU
		Build|x64 = Build|x64
		Build|x86 = Build|x86
		Debug|Any CPU = Debug|Any CPU
		Debug|x64 = Debug|x64
		Debug|x86 = Debug|x86
		EUS|Any CPU = EUS|Any CPU
		EUS|x64 = EUS|x64
		EUS|x86 = EUS|x86
		IAAS-EUS|Any CPU = IAAS-EUS|Any CPU
		IAAS-EUS|x64 = IAAS-EUS|x64
		IAAS-EUS|x86 = IAAS-EUS|x86
		IAAS-INT|Any CPU = IAAS-INT|Any CPU
		IAAS-INT|x64 = IAAS-INT|x64
		IAAS-INT|x86 = IAAS-INT|x86
		IAAS-WUS|Any CPU = IAAS-WUS|Any CPU
		IAAS-WUS|x64 = IAAS-WUS|x64
		IAAS-WUS|x86 = IAAS-WUS|x86
		INT|Any CPU = INT|Any CPU
		INT|x64 = INT|x64
		INT|x86 = INT|x86
		IntDebug|Any CPU = IntDebug|Any CPU
		IntDebug|x64 = IntDebug|x64
		IntDebug|x86 = IntDebug|x86
		IntRelease|Any CPU = IntRelease|Any CPU
		IntRelease|x64 = IntRelease|x64
		IntRelease|x86 = IntRelease|x86
		LOCAL-DEBUG|Any CPU = LOCAL-DEBUG|Any CPU
		LOCAL-DEBUG|x64 = LOCAL-DEBUG|x64
		LOCAL-DEBUG|x86 = LOCAL-DEBUG|x86
		Prod|Any CPU = Prod|Any CPU
		Prod|x64 = Prod|x64
		Prod|x86 = Prod|x86
		ProdDebug|Any CPU = ProdDebug|Any CPU
		ProdDebug|x64 = ProdDebug|x64
		ProdDebug|x86 = ProdDebug|x86
		ProdRelease|Any CPU = ProdRelease|Any CPU
		ProdRelease|x64 = ProdRelease|x64
		ProdRelease|x86 = ProdRelease|x86
		Release.EUS|Any CPU = Release.EUS|Any CPU
		Release.EUS|x64 = Release.EUS|x64
		Release.EUS|x86 = Release.EUS|x86
		Release.WUS|Any CPU = Release.WUS|Any CPU
		Release.WUS|x64 = Release.WUS|x64
		Release.WUS|x86 = Release.WUS|x86
		Release|Any CPU = Release|Any CPU
		Release|x64 = Release|x64
		Release|x86 = Release|x86
	EndGlobalSection
	GlobalSection(ProjectConfigurationPlatforms) = postSolution
		{E393307D-BCAA-4010-BD32-FEAC219C5EBE}.Build|Any CPU.ActiveCfg = Release|Any CPU
		{E393307D-BCAA-4010-BD32-FEAC219C5EBE}.Build|Any CPU.Build.0 = Release|Any CPU
		{E393307D-BCAA-4010-BD32-FEAC219C5EBE}.Build|x64.ActiveCfg = Release|Any CPU
		{E393307D-BCAA-4010-BD32-FEAC219C5EBE}.Build|x86.ActiveCfg = Release|Any CPU
		{E393307D-BCAA-4010-BD32-FEAC219C5EBE}.Debug|Any CPU.ActiveCfg = Debug|Any CPU
		{E393307D-BCAA-4010-BD32-FEAC219C5EBE}.Debug|Any CPU.Build.0 = Debug|Any CPU
		{E393307D-BCAA-4010-BD32-FEAC219C5EBE}.Debug|x64.ActiveCfg = Debug|Any CPU
		{E393307D-BCAA-4010-BD32-FEAC219C5EBE}.Debug|x86.ActiveCfg = Debug|Any CPU
		{E393307D-BCAA-4010-BD32-FEAC219C5EBE}.EUS|Any CPU.ActiveCfg = Release.EUS|Any CPU
		{E393307D-BCAA-4010-BD32-FEAC219C5EBE}.EUS|Any CPU.Build.0 = Release.EUS|Any CPU
		{E393307D-BCAA-4010-BD32-FEAC219C5EBE}.EUS|x64.ActiveCfg = Release.EUS|Any CPU
		{E393307D-BCAA-4010-BD32-FEAC219C5EBE}.EUS|x86.ActiveCfg = Release.EUS|Any CPU
		{E393307D-BCAA-4010-BD32-FEAC219C5EBE}.IAAS-EUS|Any CPU.ActiveCfg = Release|Any CPU
		{E393307D-BCAA-4010-BD32-FEAC219C5EBE}.IAAS-EUS|Any CPU.Build.0 = Release|Any CPU
		{E393307D-BCAA-4010-BD32-FEAC219C5EBE}.IAAS-EUS|x64.ActiveCfg = Release|Any CPU
		{E393307D-BCAA-4010-BD32-FEAC219C5EBE}.IAAS-EUS|x86.ActiveCfg = Release|Any CPU
		{E393307D-BCAA-4010-BD32-FEAC219C5EBE}.IAAS-INT|Any CPU.ActiveCfg = Release|Any CPU
		{E393307D-BCAA-4010-BD32-FEAC219C5EBE}.IAAS-INT|Any CPU.Build.0 = Release|Any CPU
		{E393307D-BCAA-4010-BD32-FEAC219C5EBE}.IAAS-INT|x64.ActiveCfg = Release|Any CPU
		{E393307D-BCAA-4010-BD32-FEAC219C5EBE}.IAAS-INT|x86.ActiveCfg = Release|Any CPU
		{E393307D-BCAA-4010-BD32-FEAC219C5EBE}.IAAS-WUS|Any CPU.ActiveCfg = Release|Any CPU
		{E393307D-BCAA-4010-BD32-FEAC219C5EBE}.IAAS-WUS|Any CPU.Build.0 = Release|Any CPU
		{E393307D-BCAA-4010-BD32-FEAC219C5EBE}.IAAS-WUS|x64.ActiveCfg = Release|Any CPU
		{E393307D-BCAA-4010-BD32-FEAC219C5EBE}.IAAS-WUS|x86.ActiveCfg = Release|Any CPU
		{E393307D-BCAA-4010-BD32-FEAC219C5EBE}.INT|Any CPU.ActiveCfg = Release.WUS|Any CPU
		{E393307D-BCAA-4010-BD32-FEAC219C5EBE}.INT|Any CPU.Build.0 = Release.WUS|Any CPU
		{E393307D-BCAA-4010-BD32-FEAC219C5EBE}.INT|x64.ActiveCfg = Release.WUS|Any CPU
		{E393307D-BCAA-4010-BD32-FEAC219C5EBE}.INT|x86.ActiveCfg = Release.WUS|Any CPU
		{E393307D-BCAA-4010-BD32-FEAC219C5EBE}.IntDebug|Any CPU.ActiveCfg = Debug|Any CPU
		{E393307D-BCAA-4010-BD32-FEAC219C5EBE}.IntDebug|Any CPU.Build.0 = Debug|Any CPU
		{E393307D-BCAA-4010-BD32-FEAC219C5EBE}.IntDebug|x64.ActiveCfg = Debug|Any CPU
		{E393307D-BCAA-4010-BD32-FEAC219C5EBE}.IntDebug|x86.ActiveCfg = Debug|Any CPU
		{E393307D-BCAA-4010-BD32-FEAC219C5EBE}.IntRelease|Any CPU.ActiveCfg = Release|Any CPU
		{E393307D-BCAA-4010-BD32-FEAC219C5EBE}.IntRelease|Any CPU.Build.0 = Release|Any CPU
		{E393307D-BCAA-4010-BD32-FEAC219C5EBE}.IntRelease|x64.ActiveCfg = Release|Any CPU
		{E393307D-BCAA-4010-BD32-FEAC219C5EBE}.IntRelease|x86.ActiveCfg = Release|Any CPU
		{E393307D-BCAA-4010-BD32-FEAC219C5EBE}.LOCAL-DEBUG|Any CPU.ActiveCfg = Release|Any CPU
		{E393307D-BCAA-4010-BD32-FEAC219C5EBE}.LOCAL-DEBUG|Any CPU.Build.0 = Release|Any CPU
		{E393307D-BCAA-4010-BD32-FEAC219C5EBE}.LOCAL-DEBUG|x64.ActiveCfg = Release|Any CPU
		{E393307D-BCAA-4010-BD32-FEAC219C5EBE}.LOCAL-DEBUG|x86.ActiveCfg = Release|Any CPU
		{E393307D-BCAA-4010-BD32-FEAC219C5EBE}.Prod|Any CPU.ActiveCfg = Release.WUS|Any CPU
		{E393307D-BCAA-4010-BD32-FEAC219C5EBE}.Prod|Any CPU.Build.0 = Release.WUS|Any CPU
		{E393307D-BCAA-4010-BD32-FEAC219C5EBE}.Prod|x64.ActiveCfg = Release.WUS|Any CPU
		{E393307D-BCAA-4010-BD32-FEAC219C5EBE}.Prod|x86.ActiveCfg = Release.WUS|Any CPU
		{E393307D-BCAA-4010-BD32-FEAC219C5EBE}.ProdDebug|Any CPU.ActiveCfg = Debug|Any CPU
		{E393307D-BCAA-4010-BD32-FEAC219C5EBE}.ProdDebug|Any CPU.Build.0 = Debug|Any CPU
		{E393307D-BCAA-4010-BD32-FEAC219C5EBE}.ProdDebug|x64.ActiveCfg = Debug|Any CPU
		{E393307D-BCAA-4010-BD32-FEAC219C5EBE}.ProdDebug|x86.ActiveCfg = Debug|Any CPU
		{E393307D-BCAA-4010-BD32-FEAC219C5EBE}.ProdRelease|Any CPU.ActiveCfg = Release|Any CPU
		{E393307D-BCAA-4010-BD32-FEAC219C5EBE}.ProdRelease|Any CPU.Build.0 = Release|Any CPU
		{E393307D-BCAA-4010-BD32-FEAC219C5EBE}.ProdRelease|x64.ActiveCfg = Release|Any CPU
		{E393307D-BCAA-4010-BD32-FEAC219C5EBE}.ProdRelease|x86.ActiveCfg = Release|Any CPU
		{E393307D-BCAA-4010-BD32-FEAC219C5EBE}.Release.EUS|Any CPU.ActiveCfg = Release.EUS|Any CPU
		{E393307D-BCAA-4010-BD32-FEAC219C5EBE}.Release.EUS|Any CPU.Build.0 = Release.EUS|Any CPU
		{E393307D-BCAA-4010-BD32-FEAC219C5EBE}.Release.EUS|x64.ActiveCfg = Release.EUS|Any CPU
		{E393307D-BCAA-4010-BD32-FEAC219C5EBE}.Release.EUS|x86.ActiveCfg = Release.EUS|Any CPU
		{E393307D-BCAA-4010-BD32-FEAC219C5EBE}.Release.WUS|Any CPU.ActiveCfg = Release.WUS|Any CPU
		{E393307D-BCAA-4010-BD32-FEAC219C5EBE}.Release.WUS|Any CPU.Build.0 = Release.WUS|Any CPU
		{E393307D-BCAA-4010-BD32-FEAC219C5EBE}.Release.WUS|x64.ActiveCfg = Release.WUS|Any CPU
		{E393307D-BCAA-4010-BD32-FEAC219C5EBE}.Release.WUS|x86.ActiveCfg = Release.WUS|Any CPU
		{E393307D-BCAA-4010-BD32-FEAC219C5EBE}.Release|Any CPU.ActiveCfg = Release|Any CPU
		{E393307D-BCAA-4010-BD32-FEAC219C5EBE}.Release|Any CPU.Build.0 = Release|Any CPU
		{E393307D-BCAA-4010-BD32-FEAC219C5EBE}.Release|x64.ActiveCfg = Release|Any CPU
		{E393307D-BCAA-4010-BD32-FEAC219C5EBE}.Release|x86.ActiveCfg = Release|Any CPU
		{A7C0FA32-A568-4977-B047-8A79E8691C08}.Build|Any CPU.ActiveCfg = Release|Any CPU
		{A7C0FA32-A568-4977-B047-8A79E8691C08}.Build|Any CPU.Build.0 = Release|Any CPU
		{A7C0FA32-A568-4977-B047-8A79E8691C08}.Build|x64.ActiveCfg = Release|Any CPU
		{A7C0FA32-A568-4977-B047-8A79E8691C08}.Build|x86.ActiveCfg = Release|Any CPU
		{A7C0FA32-A568-4977-B047-8A79E8691C08}.Debug|Any CPU.ActiveCfg = Debug|Any CPU
		{A7C0FA32-A568-4977-B047-8A79E8691C08}.Debug|Any CPU.Build.0 = Debug|Any CPU
		{A7C0FA32-A568-4977-B047-8A79E8691C08}.Debug|x64.ActiveCfg = Debug|Any CPU
		{A7C0FA32-A568-4977-B047-8A79E8691C08}.Debug|x86.ActiveCfg = Debug|Any CPU
		{A7C0FA32-A568-4977-B047-8A79E8691C08}.EUS|Any CPU.ActiveCfg = Release.EUS|Any CPU
		{A7C0FA32-A568-4977-B047-8A79E8691C08}.EUS|Any CPU.Build.0 = Release.EUS|Any CPU
		{A7C0FA32-A568-4977-B047-8A79E8691C08}.EUS|x64.ActiveCfg = Release.EUS|Any CPU
		{A7C0FA32-A568-4977-B047-8A79E8691C08}.EUS|x86.ActiveCfg = Release.EUS|Any CPU
		{A7C0FA32-A568-4977-B047-8A79E8691C08}.IAAS-EUS|Any CPU.ActiveCfg = Release|Any CPU
		{A7C0FA32-A568-4977-B047-8A79E8691C08}.IAAS-EUS|Any CPU.Build.0 = Release|Any CPU
		{A7C0FA32-A568-4977-B047-8A79E8691C08}.IAAS-EUS|x64.ActiveCfg = Release|Any CPU
		{A7C0FA32-A568-4977-B047-8A79E8691C08}.IAAS-EUS|x86.ActiveCfg = Release|Any CPU
		{A7C0FA32-A568-4977-B047-8A79E8691C08}.IAAS-INT|Any CPU.ActiveCfg = Release|Any CPU
		{A7C0FA32-A568-4977-B047-8A79E8691C08}.IAAS-INT|Any CPU.Build.0 = Release|Any CPU
		{A7C0FA32-A568-4977-B047-8A79E8691C08}.IAAS-INT|x64.ActiveCfg = Release|Any CPU
		{A7C0FA32-A568-4977-B047-8A79E8691C08}.IAAS-INT|x86.ActiveCfg = Release|Any CPU
		{A7C0FA32-A568-4977-B047-8A79E8691C08}.IAAS-WUS|Any CPU.ActiveCfg = Release|Any CPU
		{A7C0FA32-A568-4977-B047-8A79E8691C08}.IAAS-WUS|Any CPU.Build.0 = Release|Any CPU
		{A7C0FA32-A568-4977-B047-8A79E8691C08}.IAAS-WUS|x64.ActiveCfg = Release|Any CPU
		{A7C0FA32-A568-4977-B047-8A79E8691C08}.IAAS-WUS|x86.ActiveCfg = Release|Any CPU
		{A7C0FA32-A568-4977-B047-8A79E8691C08}.INT|Any CPU.ActiveCfg = Release.WUS|Any CPU
		{A7C0FA32-A568-4977-B047-8A79E8691C08}.INT|Any CPU.Build.0 = Release.WUS|Any CPU
		{A7C0FA32-A568-4977-B047-8A79E8691C08}.INT|x64.ActiveCfg = Release.WUS|Any CPU
		{A7C0FA32-A568-4977-B047-8A79E8691C08}.INT|x86.ActiveCfg = Release.WUS|Any CPU
		{A7C0FA32-A568-4977-B047-8A79E8691C08}.IntDebug|Any CPU.ActiveCfg = Debug|Any CPU
		{A7C0FA32-A568-4977-B047-8A79E8691C08}.IntDebug|Any CPU.Build.0 = Debug|Any CPU
		{A7C0FA32-A568-4977-B047-8A79E8691C08}.IntDebug|x64.ActiveCfg = Debug|Any CPU
		{A7C0FA32-A568-4977-B047-8A79E8691C08}.IntDebug|x86.ActiveCfg = Debug|Any CPU
		{A7C0FA32-A568-4977-B047-8A79E8691C08}.IntRelease|Any CPU.ActiveCfg = Release|Any CPU
		{A7C0FA32-A568-4977-B047-8A79E8691C08}.IntRelease|Any CPU.Build.0 = Release|Any CPU
		{A7C0FA32-A568-4977-B047-8A79E8691C08}.IntRelease|x64.ActiveCfg = Release|Any CPU
		{A7C0FA32-A568-4977-B047-8A79E8691C08}.IntRelease|x86.ActiveCfg = Release|Any CPU
		{A7C0FA32-A568-4977-B047-8A79E8691C08}.LOCAL-DEBUG|Any CPU.ActiveCfg = Release|Any CPU
		{A7C0FA32-A568-4977-B047-8A79E8691C08}.LOCAL-DEBUG|Any CPU.Build.0 = Release|Any CPU
		{A7C0FA32-A568-4977-B047-8A79E8691C08}.LOCAL-DEBUG|x64.ActiveCfg = Release|Any CPU
		{A7C0FA32-A568-4977-B047-8A79E8691C08}.LOCAL-DEBUG|x86.ActiveCfg = Release|Any CPU
		{A7C0FA32-A568-4977-B047-8A79E8691C08}.Prod|Any CPU.ActiveCfg = Release.WUS|Any CPU
		{A7C0FA32-A568-4977-B047-8A79E8691C08}.Prod|Any CPU.Build.0 = Release.WUS|Any CPU
		{A7C0FA32-A568-4977-B047-8A79E8691C08}.Prod|x64.ActiveCfg = Release.WUS|Any CPU
		{A7C0FA32-A568-4977-B047-8A79E8691C08}.Prod|x86.ActiveCfg = Release.WUS|Any CPU
		{A7C0FA32-A568-4977-B047-8A79E8691C08}.ProdDebug|Any CPU.ActiveCfg = Debug|Any CPU
		{A7C0FA32-A568-4977-B047-8A79E8691C08}.ProdDebug|Any CPU.Build.0 = Debug|Any CPU
		{A7C0FA32-A568-4977-B047-8A79E8691C08}.ProdDebug|x64.ActiveCfg = Debug|Any CPU
		{A7C0FA32-A568-4977-B047-8A79E8691C08}.ProdDebug|x86.ActiveCfg = Debug|Any CPU
		{A7C0FA32-A568-4977-B047-8A79E8691C08}.ProdRelease|Any CPU.ActiveCfg = Release|Any CPU
		{A7C0FA32-A568-4977-B047-8A79E8691C08}.ProdRelease|Any CPU.Build.0 = Release|Any CPU
		{A7C0FA32-A568-4977-B047-8A79E8691C08}.ProdRelease|x64.ActiveCfg = Release|Any CPU
		{A7C0FA32-A568-4977-B047-8A79E8691C08}.ProdRelease|x86.ActiveCfg = Release|Any CPU
		{A7C0FA32-A568-4977-B047-8A79E8691C08}.Release.EUS|Any CPU.ActiveCfg = Release.EUS|Any CPU
		{A7C0FA32-A568-4977-B047-8A79E8691C08}.Release.EUS|Any CPU.Build.0 = Release.EUS|Any CPU
		{A7C0FA32-A568-4977-B047-8A79E8691C08}.Release.EUS|x64.ActiveCfg = Release.EUS|Any CPU
		{A7C0FA32-A568-4977-B047-8A79E8691C08}.Release.EUS|x86.ActiveCfg = Release.EUS|Any CPU
		{A7C0FA32-A568-4977-B047-8A79E8691C08}.Release.WUS|Any CPU.ActiveCfg = Release.WUS|Any CPU
		{A7C0FA32-A568-4977-B047-8A79E8691C08}.Release.WUS|Any CPU.Build.0 = Release.WUS|Any CPU
		{A7C0FA32-A568-4977-B047-8A79E8691C08}.Release.WUS|x64.ActiveCfg = Release.WUS|Any CPU
		{A7C0FA32-A568-4977-B047-8A79E8691C08}.Release.WUS|x86.ActiveCfg = Release.WUS|Any CPU
		{A7C0FA32-A568-4977-B047-8A79E8691C08}.Release|Any CPU.ActiveCfg = Release|Any CPU
		{A7C0FA32-A568-4977-B047-8A79E8691C08}.Release|Any CPU.Build.0 = Release|Any CPU
		{A7C0FA32-A568-4977-B047-8A79E8691C08}.Release|x64.ActiveCfg = Release|Any CPU
		{A7C0FA32-A568-4977-B047-8A79E8691C08}.Release|x86.ActiveCfg = Release|Any CPU
		{E1F52CAE-FAB3-4F07-BBF1-AC1D9D96E2B7}.Build|Any CPU.ActiveCfg = Release|Any CPU
		{E1F52CAE-FAB3-4F07-BBF1-AC1D9D96E2B7}.Build|Any CPU.Build.0 = Release|Any CPU
		{E1F52CAE-FAB3-4F07-BBF1-AC1D9D96E2B7}.Build|x64.ActiveCfg = Release|Any CPU
		{E1F52CAE-FAB3-4F07-BBF1-AC1D9D96E2B7}.Build|x86.ActiveCfg = Release|Any CPU
		{E1F52CAE-FAB3-4F07-BBF1-AC1D9D96E2B7}.Debug|Any CPU.ActiveCfg = Debug|Any CPU
		{E1F52CAE-FAB3-4F07-BBF1-AC1D9D96E2B7}.Debug|Any CPU.Build.0 = Debug|Any CPU
		{E1F52CAE-FAB3-4F07-BBF1-AC1D9D96E2B7}.Debug|x64.ActiveCfg = Debug|Any CPU
		{E1F52CAE-FAB3-4F07-BBF1-AC1D9D96E2B7}.Debug|x86.ActiveCfg = Debug|Any CPU
		{E1F52CAE-FAB3-4F07-BBF1-AC1D9D96E2B7}.EUS|Any CPU.ActiveCfg = Release.EUS|Any CPU
		{E1F52CAE-FAB3-4F07-BBF1-AC1D9D96E2B7}.EUS|Any CPU.Build.0 = Release.EUS|Any CPU
		{E1F52CAE-FAB3-4F07-BBF1-AC1D9D96E2B7}.EUS|x64.ActiveCfg = Release.EUS|Any CPU
		{E1F52CAE-FAB3-4F07-BBF1-AC1D9D96E2B7}.EUS|x86.ActiveCfg = Release.EUS|Any CPU
		{E1F52CAE-FAB3-4F07-BBF1-AC1D9D96E2B7}.IAAS-EUS|Any CPU.ActiveCfg = Release|Any CPU
		{E1F52CAE-FAB3-4F07-BBF1-AC1D9D96E2B7}.IAAS-EUS|Any CPU.Build.0 = Release|Any CPU
		{E1F52CAE-FAB3-4F07-BBF1-AC1D9D96E2B7}.IAAS-EUS|x64.ActiveCfg = Release|Any CPU
		{E1F52CAE-FAB3-4F07-BBF1-AC1D9D96E2B7}.IAAS-EUS|x86.ActiveCfg = Release|Any CPU
		{E1F52CAE-FAB3-4F07-BBF1-AC1D9D96E2B7}.IAAS-INT|Any CPU.ActiveCfg = Release|Any CPU
		{E1F52CAE-FAB3-4F07-BBF1-AC1D9D96E2B7}.IAAS-INT|Any CPU.Build.0 = Release|Any CPU
		{E1F52CAE-FAB3-4F07-BBF1-AC1D9D96E2B7}.IAAS-INT|x64.ActiveCfg = Release|Any CPU
		{E1F52CAE-FAB3-4F07-BBF1-AC1D9D96E2B7}.IAAS-INT|x86.ActiveCfg = Release|Any CPU
		{E1F52CAE-FAB3-4F07-BBF1-AC1D9D96E2B7}.IAAS-WUS|Any CPU.ActiveCfg = Release|Any CPU
		{E1F52CAE-FAB3-4F07-BBF1-AC1D9D96E2B7}.IAAS-WUS|Any CPU.Build.0 = Release|Any CPU
		{E1F52CAE-FAB3-4F07-BBF1-AC1D9D96E2B7}.IAAS-WUS|x64.ActiveCfg = Release|Any CPU
		{E1F52CAE-FAB3-4F07-BBF1-AC1D9D96E2B7}.IAAS-WUS|x86.ActiveCfg = Release|Any CPU
		{E1F52CAE-FAB3-4F07-BBF1-AC1D9D96E2B7}.INT|Any CPU.ActiveCfg = Release.WUS|Any CPU
		{E1F52CAE-FAB3-4F07-BBF1-AC1D9D96E2B7}.INT|Any CPU.Build.0 = Release.WUS|Any CPU
		{E1F52CAE-FAB3-4F07-BBF1-AC1D9D96E2B7}.INT|x64.ActiveCfg = Release.WUS|Any CPU
		{E1F52CAE-FAB3-4F07-BBF1-AC1D9D96E2B7}.INT|x86.ActiveCfg = Release.WUS|Any CPU
		{E1F52CAE-FAB3-4F07-BBF1-AC1D9D96E2B7}.IntDebug|Any CPU.ActiveCfg = Debug|Any CPU
		{E1F52CAE-FAB3-4F07-BBF1-AC1D9D96E2B7}.IntDebug|Any CPU.Build.0 = Debug|Any CPU
		{E1F52CAE-FAB3-4F07-BBF1-AC1D9D96E2B7}.IntDebug|x64.ActiveCfg = Debug|Any CPU
		{E1F52CAE-FAB3-4F07-BBF1-AC1D9D96E2B7}.IntDebug|x86.ActiveCfg = Debug|Any CPU
		{E1F52CAE-FAB3-4F07-BBF1-AC1D9D96E2B7}.IntRelease|Any CPU.ActiveCfg = Release|Any CPU
		{E1F52CAE-FAB3-4F07-BBF1-AC1D9D96E2B7}.IntRelease|Any CPU.Build.0 = Release|Any CPU
		{E1F52CAE-FAB3-4F07-BBF1-AC1D9D96E2B7}.IntRelease|x64.ActiveCfg = Release|Any CPU
		{E1F52CAE-FAB3-4F07-BBF1-AC1D9D96E2B7}.IntRelease|x86.ActiveCfg = Release|Any CPU
		{E1F52CAE-FAB3-4F07-BBF1-AC1D9D96E2B7}.LOCAL-DEBUG|Any CPU.ActiveCfg = Release|Any CPU
		{E1F52CAE-FAB3-4F07-BBF1-AC1D9D96E2B7}.LOCAL-DEBUG|Any CPU.Build.0 = Release|Any CPU
		{E1F52CAE-FAB3-4F07-BBF1-AC1D9D96E2B7}.LOCAL-DEBUG|x64.ActiveCfg = Release|Any CPU
		{E1F52CAE-FAB3-4F07-BBF1-AC1D9D96E2B7}.LOCAL-DEBUG|x86.ActiveCfg = Release|Any CPU
		{E1F52CAE-FAB3-4F07-BBF1-AC1D9D96E2B7}.Prod|Any CPU.ActiveCfg = Release.WUS|Any CPU
		{E1F52CAE-FAB3-4F07-BBF1-AC1D9D96E2B7}.Prod|Any CPU.Build.0 = Release.WUS|Any CPU
		{E1F52CAE-FAB3-4F07-BBF1-AC1D9D96E2B7}.Prod|x64.ActiveCfg = Release.WUS|Any CPU
		{E1F52CAE-FAB3-4F07-BBF1-AC1D9D96E2B7}.Prod|x86.ActiveCfg = Release.WUS|Any CPU
		{E1F52CAE-FAB3-4F07-BBF1-AC1D9D96E2B7}.ProdDebug|Any CPU.ActiveCfg = Debug|Any CPU
		{E1F52CAE-FAB3-4F07-BBF1-AC1D9D96E2B7}.ProdDebug|Any CPU.Build.0 = Debug|Any CPU
		{E1F52CAE-FAB3-4F07-BBF1-AC1D9D96E2B7}.ProdDebug|x64.ActiveCfg = Debug|Any CPU
		{E1F52CAE-FAB3-4F07-BBF1-AC1D9D96E2B7}.ProdDebug|x86.ActiveCfg = Debug|Any CPU
		{E1F52CAE-FAB3-4F07-BBF1-AC1D9D96E2B7}.ProdRelease|Any CPU.ActiveCfg = Release|Any CPU
		{E1F52CAE-FAB3-4F07-BBF1-AC1D9D96E2B7}.ProdRelease|Any CPU.Build.0 = Release|Any CPU
		{E1F52CAE-FAB3-4F07-BBF1-AC1D9D96E2B7}.ProdRelease|x64.ActiveCfg = Release|Any CPU
		{E1F52CAE-FAB3-4F07-BBF1-AC1D9D96E2B7}.ProdRelease|x86.ActiveCfg = Release|Any CPU
		{E1F52CAE-FAB3-4F07-BBF1-AC1D9D96E2B7}.Release.EUS|Any CPU.ActiveCfg = Release.EUS|Any CPU
		{E1F52CAE-FAB3-4F07-BBF1-AC1D9D96E2B7}.Release.EUS|Any CPU.Build.0 = Release.EUS|Any CPU
		{E1F52CAE-FAB3-4F07-BBF1-AC1D9D96E2B7}.Release.EUS|x64.ActiveCfg = Release.EUS|Any CPU
		{E1F52CAE-FAB3-4F07-BBF1-AC1D9D96E2B7}.Release.EUS|x86.ActiveCfg = Release.EUS|Any CPU
		{E1F52CAE-FAB3-4F07-BBF1-AC1D9D96E2B7}.Release.WUS|Any CPU.ActiveCfg = Release.WUS|Any CPU
		{E1F52CAE-FAB3-4F07-BBF1-AC1D9D96E2B7}.Release.WUS|Any CPU.Build.0 = Release.WUS|Any CPU
		{E1F52CAE-FAB3-4F07-BBF1-AC1D9D96E2B7}.Release.WUS|x64.ActiveCfg = Release.WUS|Any CPU
		{E1F52CAE-FAB3-4F07-BBF1-AC1D9D96E2B7}.Release.WUS|x86.ActiveCfg = Release.WUS|Any CPU
		{E1F52CAE-FAB3-4F07-BBF1-AC1D9D96E2B7}.Release|Any CPU.ActiveCfg = Release|Any CPU
		{E1F52CAE-FAB3-4F07-BBF1-AC1D9D96E2B7}.Release|Any CPU.Build.0 = Release|Any CPU
		{E1F52CAE-FAB3-4F07-BBF1-AC1D9D96E2B7}.Release|x64.ActiveCfg = Release|Any CPU
		{E1F52CAE-FAB3-4F07-BBF1-AC1D9D96E2B7}.Release|x86.ActiveCfg = Release|Any CPU
		{52B39F19-D67C-4CFC-8FAD-0B4FE486CEB7}.Build|Any CPU.ActiveCfg = Release|Any CPU
		{52B39F19-D67C-4CFC-8FAD-0B4FE486CEB7}.Build|Any CPU.Build.0 = Release|Any CPU
		{52B39F19-D67C-4CFC-8FAD-0B4FE486CEB7}.Build|x64.ActiveCfg = Release|x64
		{52B39F19-D67C-4CFC-8FAD-0B4FE486CEB7}.Build|x64.Build.0 = Release|x64
		{52B39F19-D67C-4CFC-8FAD-0B4FE486CEB7}.Build|x86.ActiveCfg = Release|x86
		{52B39F19-D67C-4CFC-8FAD-0B4FE486CEB7}.Build|x86.Build.0 = Release|x86
		{52B39F19-D67C-4CFC-8FAD-0B4FE486CEB7}.Debug|Any CPU.ActiveCfg = Debug|Any CPU
		{52B39F19-D67C-4CFC-8FAD-0B4FE486CEB7}.Debug|Any CPU.Build.0 = Debug|Any CPU
		{52B39F19-D67C-4CFC-8FAD-0B4FE486CEB7}.Debug|x64.ActiveCfg = Debug|x64
		{52B39F19-D67C-4CFC-8FAD-0B4FE486CEB7}.Debug|x64.Build.0 = Debug|x64
		{52B39F19-D67C-4CFC-8FAD-0B4FE486CEB7}.Debug|x86.ActiveCfg = Debug|x86
		{52B39F19-D67C-4CFC-8FAD-0B4FE486CEB7}.Debug|x86.Build.0 = Debug|x86
		{52B39F19-D67C-4CFC-8FAD-0B4FE486CEB7}.EUS|Any CPU.ActiveCfg = Release|Any CPU
		{52B39F19-D67C-4CFC-8FAD-0B4FE486CEB7}.EUS|Any CPU.Build.0 = Release|Any CPU
		{52B39F19-D67C-4CFC-8FAD-0B4FE486CEB7}.EUS|x64.ActiveCfg = Release|x64
		{52B39F19-D67C-4CFC-8FAD-0B4FE486CEB7}.EUS|x64.Build.0 = Release|x64
		{52B39F19-D67C-4CFC-8FAD-0B4FE486CEB7}.EUS|x86.ActiveCfg = Release|x86
		{52B39F19-D67C-4CFC-8FAD-0B4FE486CEB7}.EUS|x86.Build.0 = Release|x86
		{52B39F19-D67C-4CFC-8FAD-0B4FE486CEB7}.IAAS-EUS|Any CPU.ActiveCfg = Release|Any CPU
		{52B39F19-D67C-4CFC-8FAD-0B4FE486CEB7}.IAAS-EUS|Any CPU.Build.0 = Release|Any CPU
		{52B39F19-D67C-4CFC-8FAD-0B4FE486CEB7}.IAAS-EUS|x64.ActiveCfg = Release|x64
		{52B39F19-D67C-4CFC-8FAD-0B4FE486CEB7}.IAAS-EUS|x64.Build.0 = Release|x64
		{52B39F19-D67C-4CFC-8FAD-0B4FE486CEB7}.IAAS-EUS|x86.ActiveCfg = Release|x86
		{52B39F19-D67C-4CFC-8FAD-0B4FE486CEB7}.IAAS-EUS|x86.Build.0 = Release|x86
		{52B39F19-D67C-4CFC-8FAD-0B4FE486CEB7}.IAAS-INT|Any CPU.ActiveCfg = Release|Any CPU
		{52B39F19-D67C-4CFC-8FAD-0B4FE486CEB7}.IAAS-INT|Any CPU.Build.0 = Release|Any CPU
		{52B39F19-D67C-4CFC-8FAD-0B4FE486CEB7}.IAAS-INT|x64.ActiveCfg = Release|x64
		{52B39F19-D67C-4CFC-8FAD-0B4FE486CEB7}.IAAS-INT|x64.Build.0 = Release|x64
		{52B39F19-D67C-4CFC-8FAD-0B4FE486CEB7}.IAAS-INT|x86.ActiveCfg = Release|x86
		{52B39F19-D67C-4CFC-8FAD-0B4FE486CEB7}.IAAS-INT|x86.Build.0 = Release|x86
		{52B39F19-D67C-4CFC-8FAD-0B4FE486CEB7}.IAAS-WUS|Any CPU.ActiveCfg = Release|Any CPU
		{52B39F19-D67C-4CFC-8FAD-0B4FE486CEB7}.IAAS-WUS|Any CPU.Build.0 = Release|Any CPU
		{52B39F19-D67C-4CFC-8FAD-0B4FE486CEB7}.IAAS-WUS|x64.ActiveCfg = Release|x64
		{52B39F19-D67C-4CFC-8FAD-0B4FE486CEB7}.IAAS-WUS|x64.Build.0 = Release|x64
		{52B39F19-D67C-4CFC-8FAD-0B4FE486CEB7}.IAAS-WUS|x86.ActiveCfg = Release|x86
		{52B39F19-D67C-4CFC-8FAD-0B4FE486CEB7}.IAAS-WUS|x86.Build.0 = Release|x86
		{52B39F19-D67C-4CFC-8FAD-0B4FE486CEB7}.INT|Any CPU.ActiveCfg = Release|Any CPU
		{52B39F19-D67C-4CFC-8FAD-0B4FE486CEB7}.INT|Any CPU.Build.0 = Release|Any CPU
		{52B39F19-D67C-4CFC-8FAD-0B4FE486CEB7}.INT|x64.ActiveCfg = Release|x64
		{52B39F19-D67C-4CFC-8FAD-0B4FE486CEB7}.INT|x64.Build.0 = Release|x64
		{52B39F19-D67C-4CFC-8FAD-0B4FE486CEB7}.INT|x86.ActiveCfg = Release|x86
		{52B39F19-D67C-4CFC-8FAD-0B4FE486CEB7}.INT|x86.Build.0 = Release|x86
		{52B39F19-D67C-4CFC-8FAD-0B4FE486CEB7}.IntDebug|Any CPU.ActiveCfg = Debug|Any CPU
		{52B39F19-D67C-4CFC-8FAD-0B4FE486CEB7}.IntDebug|Any CPU.Build.0 = Debug|Any CPU
		{52B39F19-D67C-4CFC-8FAD-0B4FE486CEB7}.IntDebug|x64.ActiveCfg = Debug|x64
		{52B39F19-D67C-4CFC-8FAD-0B4FE486CEB7}.IntDebug|x64.Build.0 = Debug|x64
		{52B39F19-D67C-4CFC-8FAD-0B4FE486CEB7}.IntDebug|x86.ActiveCfg = Debug|x86
		{52B39F19-D67C-4CFC-8FAD-0B4FE486CEB7}.IntDebug|x86.Build.0 = Debug|x86
		{52B39F19-D67C-4CFC-8FAD-0B4FE486CEB7}.IntRelease|Any CPU.ActiveCfg = Release|Any CPU
		{52B39F19-D67C-4CFC-8FAD-0B4FE486CEB7}.IntRelease|Any CPU.Build.0 = Release|Any CPU
		{52B39F19-D67C-4CFC-8FAD-0B4FE486CEB7}.IntRelease|x64.ActiveCfg = Release|x64
		{52B39F19-D67C-4CFC-8FAD-0B4FE486CEB7}.IntRelease|x64.Build.0 = Release|x64
		{52B39F19-D67C-4CFC-8FAD-0B4FE486CEB7}.IntRelease|x86.ActiveCfg = Release|x86
		{52B39F19-D67C-4CFC-8FAD-0B4FE486CEB7}.IntRelease|x86.Build.0 = Release|x86
		{52B39F19-D67C-4CFC-8FAD-0B4FE486CEB7}.LOCAL-DEBUG|Any CPU.ActiveCfg = Release|Any CPU
		{52B39F19-D67C-4CFC-8FAD-0B4FE486CEB7}.LOCAL-DEBUG|Any CPU.Build.0 = Release|Any CPU
		{52B39F19-D67C-4CFC-8FAD-0B4FE486CEB7}.LOCAL-DEBUG|x64.ActiveCfg = Release|x64
		{52B39F19-D67C-4CFC-8FAD-0B4FE486CEB7}.LOCAL-DEBUG|x64.Build.0 = Release|x64
		{52B39F19-D67C-4CFC-8FAD-0B4FE486CEB7}.LOCAL-DEBUG|x86.ActiveCfg = Release|x86
		{52B39F19-D67C-4CFC-8FAD-0B4FE486CEB7}.LOCAL-DEBUG|x86.Build.0 = Release|x86
		{52B39F19-D67C-4CFC-8FAD-0B4FE486CEB7}.Prod|Any CPU.ActiveCfg = Release|Any CPU
		{52B39F19-D67C-4CFC-8FAD-0B4FE486CEB7}.Prod|Any CPU.Build.0 = Release|Any CPU
		{52B39F19-D67C-4CFC-8FAD-0B4FE486CEB7}.Prod|x64.ActiveCfg = Release|x64
		{52B39F19-D67C-4CFC-8FAD-0B4FE486CEB7}.Prod|x64.Build.0 = Release|x64
		{52B39F19-D67C-4CFC-8FAD-0B4FE486CEB7}.Prod|x86.ActiveCfg = Release|x86
		{52B39F19-D67C-4CFC-8FAD-0B4FE486CEB7}.Prod|x86.Build.0 = Release|x86
		{52B39F19-D67C-4CFC-8FAD-0B4FE486CEB7}.ProdDebug|Any CPU.ActiveCfg = Debug|Any CPU
		{52B39F19-D67C-4CFC-8FAD-0B4FE486CEB7}.ProdDebug|Any CPU.Build.0 = Debug|Any CPU
		{52B39F19-D67C-4CFC-8FAD-0B4FE486CEB7}.ProdDebug|x64.ActiveCfg = Debug|x64
		{52B39F19-D67C-4CFC-8FAD-0B4FE486CEB7}.ProdDebug|x64.Build.0 = Debug|x64
		{52B39F19-D67C-4CFC-8FAD-0B4FE486CEB7}.ProdDebug|x86.ActiveCfg = Debug|x86
		{52B39F19-D67C-4CFC-8FAD-0B4FE486CEB7}.ProdDebug|x86.Build.0 = Debug|x86
		{52B39F19-D67C-4CFC-8FAD-0B4FE486CEB7}.ProdRelease|Any CPU.ActiveCfg = Release|Any CPU
		{52B39F19-D67C-4CFC-8FAD-0B4FE486CEB7}.ProdRelease|Any CPU.Build.0 = Release|Any CPU
		{52B39F19-D67C-4CFC-8FAD-0B4FE486CEB7}.ProdRelease|x64.ActiveCfg = Release|x64
		{52B39F19-D67C-4CFC-8FAD-0B4FE486CEB7}.ProdRelease|x64.Build.0 = Release|x64
		{52B39F19-D67C-4CFC-8FAD-0B4FE486CEB7}.ProdRelease|x86.ActiveCfg = Release|x86
		{52B39F19-D67C-4CFC-8FAD-0B4FE486CEB7}.ProdRelease|x86.Build.0 = Release|x86
		{52B39F19-D67C-4CFC-8FAD-0B4FE486CEB7}.Release.EUS|Any CPU.ActiveCfg = Release|Any CPU
		{52B39F19-D67C-4CFC-8FAD-0B4FE486CEB7}.Release.EUS|Any CPU.Build.0 = Release|Any CPU
		{52B39F19-D67C-4CFC-8FAD-0B4FE486CEB7}.Release.EUS|x64.ActiveCfg = Release|x64
		{52B39F19-D67C-4CFC-8FAD-0B4FE486CEB7}.Release.EUS|x64.Build.0 = Release|x64
		{52B39F19-D67C-4CFC-8FAD-0B4FE486CEB7}.Release.EUS|x86.ActiveCfg = Release|x86
		{52B39F19-D67C-4CFC-8FAD-0B4FE486CEB7}.Release.EUS|x86.Build.0 = Release|x86
		{52B39F19-D67C-4CFC-8FAD-0B4FE486CEB7}.Release.WUS|Any CPU.ActiveCfg = Release|Any CPU
		{52B39F19-D67C-4CFC-8FAD-0B4FE486CEB7}.Release.WUS|Any CPU.Build.0 = Release|Any CPU
		{52B39F19-D67C-4CFC-8FAD-0B4FE486CEB7}.Release.WUS|x64.ActiveCfg = Release|x64
		{52B39F19-D67C-4CFC-8FAD-0B4FE486CEB7}.Release.WUS|x64.Build.0 = Release|x64
		{52B39F19-D67C-4CFC-8FAD-0B4FE486CEB7}.Release.WUS|x86.ActiveCfg = Release|x86
		{52B39F19-D67C-4CFC-8FAD-0B4FE486CEB7}.Release.WUS|x86.Build.0 = Release|x86
		{52B39F19-D67C-4CFC-8FAD-0B4FE486CEB7}.Release|Any CPU.ActiveCfg = Release|Any CPU
		{52B39F19-D67C-4CFC-8FAD-0B4FE486CEB7}.Release|Any CPU.Build.0 = Release|Any CPU
		{52B39F19-D67C-4CFC-8FAD-0B4FE486CEB7}.Release|x64.ActiveCfg = Release|x64
		{52B39F19-D67C-4CFC-8FAD-0B4FE486CEB7}.Release|x64.Build.0 = Release|x64
		{52B39F19-D67C-4CFC-8FAD-0B4FE486CEB7}.Release|x86.ActiveCfg = Release|x86
		{52B39F19-D67C-4CFC-8FAD-0B4FE486CEB7}.Release|x86.Build.0 = Release|x86
		{DDF5533D-8591-4A36-9E7C-A4220C3A1561}.Build|Any CPU.ActiveCfg = Release|Any CPU
		{DDF5533D-8591-4A36-9E7C-A4220C3A1561}.Build|Any CPU.Build.0 = Release|Any CPU
		{DDF5533D-8591-4A36-9E7C-A4220C3A1561}.Build|x64.ActiveCfg = Release|x64
		{DDF5533D-8591-4A36-9E7C-A4220C3A1561}.Build|x64.Build.0 = Release|x64
		{DDF5533D-8591-4A36-9E7C-A4220C3A1561}.Build|x86.ActiveCfg = Release|x86
		{DDF5533D-8591-4A36-9E7C-A4220C3A1561}.Build|x86.Build.0 = Release|x86
		{DDF5533D-8591-4A36-9E7C-A4220C3A1561}.Debug|Any CPU.ActiveCfg = Debug|Any CPU
		{DDF5533D-8591-4A36-9E7C-A4220C3A1561}.Debug|Any CPU.Build.0 = Debug|Any CPU
		{DDF5533D-8591-4A36-9E7C-A4220C3A1561}.Debug|x64.ActiveCfg = Debug|x64
		{DDF5533D-8591-4A36-9E7C-A4220C3A1561}.Debug|x64.Build.0 = Debug|x64
		{DDF5533D-8591-4A36-9E7C-A4220C3A1561}.Debug|x86.ActiveCfg = Debug|x86
		{DDF5533D-8591-4A36-9E7C-A4220C3A1561}.Debug|x86.Build.0 = Debug|x86
		{DDF5533D-8591-4A36-9E7C-A4220C3A1561}.EUS|Any CPU.ActiveCfg = Debug|Any CPU
		{DDF5533D-8591-4A36-9E7C-A4220C3A1561}.EUS|Any CPU.Build.0 = Debug|Any CPU
		{DDF5533D-8591-4A36-9E7C-A4220C3A1561}.EUS|x64.ActiveCfg = Debug|x64
		{DDF5533D-8591-4A36-9E7C-A4220C3A1561}.EUS|x64.Build.0 = Debug|x64
		{DDF5533D-8591-4A36-9E7C-A4220C3A1561}.EUS|x86.ActiveCfg = Debug|x86
		{DDF5533D-8591-4A36-9E7C-A4220C3A1561}.EUS|x86.Build.0 = Debug|x86
		{DDF5533D-8591-4A36-9E7C-A4220C3A1561}.IAAS-EUS|Any CPU.ActiveCfg = Release|Any CPU
		{DDF5533D-8591-4A36-9E7C-A4220C3A1561}.IAAS-EUS|Any CPU.Build.0 = Release|Any CPU
		{DDF5533D-8591-4A36-9E7C-A4220C3A1561}.IAAS-EUS|x64.ActiveCfg = Release|x64
		{DDF5533D-8591-4A36-9E7C-A4220C3A1561}.IAAS-EUS|x64.Build.0 = Release|x64
		{DDF5533D-8591-4A36-9E7C-A4220C3A1561}.IAAS-EUS|x86.ActiveCfg = Release|x86
		{DDF5533D-8591-4A36-9E7C-A4220C3A1561}.IAAS-EUS|x86.Build.0 = Release|x86
		{DDF5533D-8591-4A36-9E7C-A4220C3A1561}.IAAS-INT|Any CPU.ActiveCfg = Release|Any CPU
		{DDF5533D-8591-4A36-9E7C-A4220C3A1561}.IAAS-INT|Any CPU.Build.0 = Release|Any CPU
		{DDF5533D-8591-4A36-9E7C-A4220C3A1561}.IAAS-INT|x64.ActiveCfg = Release|x64
		{DDF5533D-8591-4A36-9E7C-A4220C3A1561}.IAAS-INT|x64.Build.0 = Release|x64
		{DDF5533D-8591-4A36-9E7C-A4220C3A1561}.IAAS-INT|x86.ActiveCfg = Release|x86
		{DDF5533D-8591-4A36-9E7C-A4220C3A1561}.IAAS-INT|x86.Build.0 = Release|x86
		{DDF5533D-8591-4A36-9E7C-A4220C3A1561}.IAAS-WUS|Any CPU.ActiveCfg = Release|Any CPU
		{DDF5533D-8591-4A36-9E7C-A4220C3A1561}.IAAS-WUS|Any CPU.Build.0 = Release|Any CPU
		{DDF5533D-8591-4A36-9E7C-A4220C3A1561}.IAAS-WUS|x64.ActiveCfg = Release|x64
		{DDF5533D-8591-4A36-9E7C-A4220C3A1561}.IAAS-WUS|x64.Build.0 = Release|x64
		{DDF5533D-8591-4A36-9E7C-A4220C3A1561}.IAAS-WUS|x86.ActiveCfg = Release|x86
		{DDF5533D-8591-4A36-9E7C-A4220C3A1561}.IAAS-WUS|x86.Build.0 = Release|x86
		{DDF5533D-8591-4A36-9E7C-A4220C3A1561}.INT|Any CPU.ActiveCfg = Debug|Any CPU
		{DDF5533D-8591-4A36-9E7C-A4220C3A1561}.INT|Any CPU.Build.0 = Debug|Any CPU
		{DDF5533D-8591-4A36-9E7C-A4220C3A1561}.INT|x64.ActiveCfg = Debug|x64
		{DDF5533D-8591-4A36-9E7C-A4220C3A1561}.INT|x64.Build.0 = Debug|x64
		{DDF5533D-8591-4A36-9E7C-A4220C3A1561}.INT|x86.ActiveCfg = Debug|x86
		{DDF5533D-8591-4A36-9E7C-A4220C3A1561}.INT|x86.Build.0 = Debug|x86
		{DDF5533D-8591-4A36-9E7C-A4220C3A1561}.IntDebug|Any CPU.ActiveCfg = Debug|Any CPU
		{DDF5533D-8591-4A36-9E7C-A4220C3A1561}.IntDebug|Any CPU.Build.0 = Debug|Any CPU
		{DDF5533D-8591-4A36-9E7C-A4220C3A1561}.IntDebug|x64.ActiveCfg = Debug|x64
		{DDF5533D-8591-4A36-9E7C-A4220C3A1561}.IntDebug|x64.Build.0 = Debug|x64
		{DDF5533D-8591-4A36-9E7C-A4220C3A1561}.IntDebug|x86.ActiveCfg = Debug|x86
		{DDF5533D-8591-4A36-9E7C-A4220C3A1561}.IntDebug|x86.Build.0 = Debug|x86
		{DDF5533D-8591-4A36-9E7C-A4220C3A1561}.IntRelease|Any CPU.ActiveCfg = Release|Any CPU
		{DDF5533D-8591-4A36-9E7C-A4220C3A1561}.IntRelease|Any CPU.Build.0 = Release|Any CPU
		{DDF5533D-8591-4A36-9E7C-A4220C3A1561}.IntRelease|x64.ActiveCfg = Release|x64
		{DDF5533D-8591-4A36-9E7C-A4220C3A1561}.IntRelease|x64.Build.0 = Release|x64
		{DDF5533D-8591-4A36-9E7C-A4220C3A1561}.IntRelease|x86.ActiveCfg = Release|x86
		{DDF5533D-8591-4A36-9E7C-A4220C3A1561}.IntRelease|x86.Build.0 = Release|x86
		{DDF5533D-8591-4A36-9E7C-A4220C3A1561}.LOCAL-DEBUG|Any CPU.ActiveCfg = Release|Any CPU
		{DDF5533D-8591-4A36-9E7C-A4220C3A1561}.LOCAL-DEBUG|Any CPU.Build.0 = Release|Any CPU
		{DDF5533D-8591-4A36-9E7C-A4220C3A1561}.LOCAL-DEBUG|x64.ActiveCfg = Release|x64
		{DDF5533D-8591-4A36-9E7C-A4220C3A1561}.LOCAL-DEBUG|x64.Build.0 = Release|x64
		{DDF5533D-8591-4A36-9E7C-A4220C3A1561}.LOCAL-DEBUG|x86.ActiveCfg = Release|x86
		{DDF5533D-8591-4A36-9E7C-A4220C3A1561}.LOCAL-DEBUG|x86.Build.0 = Release|x86
		{DDF5533D-8591-4A36-9E7C-A4220C3A1561}.Prod|Any CPU.ActiveCfg = Debug|Any CPU
		{DDF5533D-8591-4A36-9E7C-A4220C3A1561}.Prod|Any CPU.Build.0 = Debug|Any CPU
		{DDF5533D-8591-4A36-9E7C-A4220C3A1561}.Prod|x64.ActiveCfg = Debug|x64
		{DDF5533D-8591-4A36-9E7C-A4220C3A1561}.Prod|x64.Build.0 = Debug|x64
		{DDF5533D-8591-4A36-9E7C-A4220C3A1561}.Prod|x86.ActiveCfg = Debug|x86
		{DDF5533D-8591-4A36-9E7C-A4220C3A1561}.Prod|x86.Build.0 = Debug|x86
		{DDF5533D-8591-4A36-9E7C-A4220C3A1561}.ProdDebug|Any CPU.ActiveCfg = Debug|Any CPU
		{DDF5533D-8591-4A36-9E7C-A4220C3A1561}.ProdDebug|Any CPU.Build.0 = Debug|Any CPU
		{DDF5533D-8591-4A36-9E7C-A4220C3A1561}.ProdDebug|x64.ActiveCfg = Debug|x64
		{DDF5533D-8591-4A36-9E7C-A4220C3A1561}.ProdDebug|x64.Build.0 = Debug|x64
		{DDF5533D-8591-4A36-9E7C-A4220C3A1561}.ProdDebug|x86.ActiveCfg = Debug|x86
		{DDF5533D-8591-4A36-9E7C-A4220C3A1561}.ProdDebug|x86.Build.0 = Debug|x86
		{DDF5533D-8591-4A36-9E7C-A4220C3A1561}.ProdRelease|Any CPU.ActiveCfg = Release|Any CPU
		{DDF5533D-8591-4A36-9E7C-A4220C3A1561}.ProdRelease|Any CPU.Build.0 = Release|Any CPU
		{DDF5533D-8591-4A36-9E7C-A4220C3A1561}.ProdRelease|x64.ActiveCfg = Release|x64
		{DDF5533D-8591-4A36-9E7C-A4220C3A1561}.ProdRelease|x64.Build.0 = Release|x64
		{DDF5533D-8591-4A36-9E7C-A4220C3A1561}.ProdRelease|x86.ActiveCfg = Release|x86
		{DDF5533D-8591-4A36-9E7C-A4220C3A1561}.ProdRelease|x86.Build.0 = Release|x86
		{DDF5533D-8591-4A36-9E7C-A4220C3A1561}.Release.EUS|Any CPU.ActiveCfg = Release|Any CPU
		{DDF5533D-8591-4A36-9E7C-A4220C3A1561}.Release.EUS|Any CPU.Build.0 = Release|Any CPU
		{DDF5533D-8591-4A36-9E7C-A4220C3A1561}.Release.EUS|x64.ActiveCfg = Release|x64
		{DDF5533D-8591-4A36-9E7C-A4220C3A1561}.Release.EUS|x64.Build.0 = Release|x64
		{DDF5533D-8591-4A36-9E7C-A4220C3A1561}.Release.EUS|x86.ActiveCfg = Release|x86
		{DDF5533D-8591-4A36-9E7C-A4220C3A1561}.Release.EUS|x86.Build.0 = Release|x86
		{DDF5533D-8591-4A36-9E7C-A4220C3A1561}.Release.WUS|Any CPU.ActiveCfg = Release|Any CPU
		{DDF5533D-8591-4A36-9E7C-A4220C3A1561}.Release.WUS|Any CPU.Build.0 = Release|Any CPU
		{DDF5533D-8591-4A36-9E7C-A4220C3A1561}.Release.WUS|x64.ActiveCfg = Release|x64
		{DDF5533D-8591-4A36-9E7C-A4220C3A1561}.Release.WUS|x64.Build.0 = Release|x64
		{DDF5533D-8591-4A36-9E7C-A4220C3A1561}.Release.WUS|x86.ActiveCfg = Release|x86
		{DDF5533D-8591-4A36-9E7C-A4220C3A1561}.Release.WUS|x86.Build.0 = Release|x86
		{DDF5533D-8591-4A36-9E7C-A4220C3A1561}.Release|Any CPU.ActiveCfg = Release|Any CPU
		{DDF5533D-8591-4A36-9E7C-A4220C3A1561}.Release|Any CPU.Build.0 = Release|Any CPU
		{DDF5533D-8591-4A36-9E7C-A4220C3A1561}.Release|x64.ActiveCfg = Release|x64
		{DDF5533D-8591-4A36-9E7C-A4220C3A1561}.Release|x64.Build.0 = Release|x64
		{DDF5533D-8591-4A36-9E7C-A4220C3A1561}.Release|x86.ActiveCfg = Release|x86
		{DDF5533D-8591-4A36-9E7C-A4220C3A1561}.Release|x86.Build.0 = Release|x86
		{0FF826A6-BCE1-462D-AE04-F291390F6470}.Build|Any CPU.ActiveCfg = IntRelease|Any CPU
		{0FF826A6-BCE1-462D-AE04-F291390F6470}.Build|Any CPU.Build.0 = IntRelease|Any CPU
		{0FF826A6-BCE1-462D-AE04-F291390F6470}.Build|x64.ActiveCfg = IntRelease|Any CPU
		{0FF826A6-BCE1-462D-AE04-F291390F6470}.Build|x86.ActiveCfg = IntRelease|Any CPU
		{0FF826A6-BCE1-462D-AE04-F291390F6470}.Debug|Any CPU.ActiveCfg = Debug|Any CPU
		{0FF826A6-BCE1-462D-AE04-F291390F6470}.Debug|Any CPU.Build.0 = Debug|Any CPU
		{0FF826A6-BCE1-462D-AE04-F291390F6470}.Debug|x64.ActiveCfg = Debug|Any CPU
		{0FF826A6-BCE1-462D-AE04-F291390F6470}.Debug|x86.ActiveCfg = Debug|Any CPU
		{0FF826A6-BCE1-462D-AE04-F291390F6470}.EUS|Any CPU.ActiveCfg = Release|Any CPU
		{0FF826A6-BCE1-462D-AE04-F291390F6470}.EUS|Any CPU.Build.0 = Release|Any CPU
		{0FF826A6-BCE1-462D-AE04-F291390F6470}.EUS|x64.ActiveCfg = Release|Any CPU
		{0FF826A6-BCE1-462D-AE04-F291390F6470}.EUS|x86.ActiveCfg = Release|Any CPU
		{0FF826A6-BCE1-462D-AE04-F291390F6470}.IAAS-EUS|Any CPU.ActiveCfg = IntRelease|Any CPU
		{0FF826A6-BCE1-462D-AE04-F291390F6470}.IAAS-EUS|Any CPU.Build.0 = IntRelease|Any CPU
		{0FF826A6-BCE1-462D-AE04-F291390F6470}.IAAS-EUS|x64.ActiveCfg = IntRelease|Any CPU
		{0FF826A6-BCE1-462D-AE04-F291390F6470}.IAAS-EUS|x86.ActiveCfg = IntRelease|Any CPU
		{0FF826A6-BCE1-462D-AE04-F291390F6470}.IAAS-INT|Any CPU.ActiveCfg = IntRelease|Any CPU
		{0FF826A6-BCE1-462D-AE04-F291390F6470}.IAAS-INT|Any CPU.Build.0 = IntRelease|Any CPU
		{0FF826A6-BCE1-462D-AE04-F291390F6470}.IAAS-INT|x64.ActiveCfg = IntRelease|Any CPU
		{0FF826A6-BCE1-462D-AE04-F291390F6470}.IAAS-INT|x86.ActiveCfg = IntRelease|Any CPU
		{0FF826A6-BCE1-462D-AE04-F291390F6470}.IAAS-WUS|Any CPU.ActiveCfg = IntRelease|Any CPU
		{0FF826A6-BCE1-462D-AE04-F291390F6470}.IAAS-WUS|Any CPU.Build.0 = IntRelease|Any CPU
		{0FF826A6-BCE1-462D-AE04-F291390F6470}.IAAS-WUS|x64.ActiveCfg = IntRelease|Any CPU
		{0FF826A6-BCE1-462D-AE04-F291390F6470}.IAAS-WUS|x86.ActiveCfg = IntRelease|Any CPU
		{0FF826A6-BCE1-462D-AE04-F291390F6470}.INT|Any CPU.ActiveCfg = IntDebug|Any CPU
		{0FF826A6-BCE1-462D-AE04-F291390F6470}.INT|Any CPU.Build.0 = IntDebug|Any CPU
		{0FF826A6-BCE1-462D-AE04-F291390F6470}.INT|x64.ActiveCfg = IntDebug|Any CPU
		{0FF826A6-BCE1-462D-AE04-F291390F6470}.INT|x86.ActiveCfg = IntDebug|Any CPU
		{0FF826A6-BCE1-462D-AE04-F291390F6470}.IntDebug|Any CPU.ActiveCfg = IntDebug|Any CPU
		{0FF826A6-BCE1-462D-AE04-F291390F6470}.IntDebug|Any CPU.Build.0 = IntDebug|Any CPU
		{0FF826A6-BCE1-462D-AE04-F291390F6470}.IntDebug|x64.ActiveCfg = IntDebug|Any CPU
		{0FF826A6-BCE1-462D-AE04-F291390F6470}.IntDebug|x86.ActiveCfg = IntDebug|Any CPU
		{0FF826A6-BCE1-462D-AE04-F291390F6470}.IntRelease|Any CPU.ActiveCfg = IntRelease|Any CPU
		{0FF826A6-BCE1-462D-AE04-F291390F6470}.IntRelease|Any CPU.Build.0 = IntRelease|Any CPU
		{0FF826A6-BCE1-462D-AE04-F291390F6470}.IntRelease|x64.ActiveCfg = IntRelease|Any CPU
		{0FF826A6-BCE1-462D-AE04-F291390F6470}.IntRelease|x86.ActiveCfg = IntRelease|Any CPU
		{0FF826A6-BCE1-462D-AE04-F291390F6470}.LOCAL-DEBUG|Any CPU.ActiveCfg = IntRelease|Any CPU
		{0FF826A6-BCE1-462D-AE04-F291390F6470}.LOCAL-DEBUG|Any CPU.Build.0 = IntRelease|Any CPU
		{0FF826A6-BCE1-462D-AE04-F291390F6470}.LOCAL-DEBUG|x64.ActiveCfg = IntRelease|Any CPU
		{0FF826A6-BCE1-462D-AE04-F291390F6470}.LOCAL-DEBUG|x86.ActiveCfg = IntRelease|Any CPU
		{0FF826A6-BCE1-462D-AE04-F291390F6470}.Prod|Any CPU.ActiveCfg = ProdRelease|Any CPU
		{0FF826A6-BCE1-462D-AE04-F291390F6470}.Prod|Any CPU.Build.0 = ProdRelease|Any CPU
		{0FF826A6-BCE1-462D-AE04-F291390F6470}.Prod|x64.ActiveCfg = ProdRelease|Any CPU
		{0FF826A6-BCE1-462D-AE04-F291390F6470}.Prod|x86.ActiveCfg = ProdRelease|Any CPU
		{0FF826A6-BCE1-462D-AE04-F291390F6470}.ProdDebug|Any CPU.ActiveCfg = ProdDebug|Any CPU
		{0FF826A6-BCE1-462D-AE04-F291390F6470}.ProdDebug|Any CPU.Build.0 = ProdDebug|Any CPU
		{0FF826A6-BCE1-462D-AE04-F291390F6470}.ProdDebug|x64.ActiveCfg = ProdDebug|Any CPU
		{0FF826A6-BCE1-462D-AE04-F291390F6470}.ProdDebug|x86.ActiveCfg = ProdDebug|Any CPU
		{0FF826A6-BCE1-462D-AE04-F291390F6470}.ProdRelease|Any CPU.ActiveCfg = ProdRelease|Any CPU
		{0FF826A6-BCE1-462D-AE04-F291390F6470}.ProdRelease|Any CPU.Build.0 = ProdRelease|Any CPU
		{0FF826A6-BCE1-462D-AE04-F291390F6470}.ProdRelease|x64.ActiveCfg = ProdRelease|Any CPU
		{0FF826A6-BCE1-462D-AE04-F291390F6470}.ProdRelease|x86.ActiveCfg = ProdRelease|Any CPU
		{0FF826A6-BCE1-462D-AE04-F291390F6470}.Release.EUS|Any CPU.ActiveCfg = Release|Any CPU
		{0FF826A6-BCE1-462D-AE04-F291390F6470}.Release.EUS|Any CPU.Build.0 = Release|Any CPU
		{0FF826A6-BCE1-462D-AE04-F291390F6470}.Release.EUS|x64.ActiveCfg = Release|Any CPU
		{0FF826A6-BCE1-462D-AE04-F291390F6470}.Release.EUS|x86.ActiveCfg = Release|Any CPU
		{0FF826A6-BCE1-462D-AE04-F291390F6470}.Release.WUS|Any CPU.ActiveCfg = Release|Any CPU
		{0FF826A6-BCE1-462D-AE04-F291390F6470}.Release.WUS|Any CPU.Build.0 = Release|Any CPU
		{0FF826A6-BCE1-462D-AE04-F291390F6470}.Release.WUS|x64.ActiveCfg = Release|Any CPU
		{0FF826A6-BCE1-462D-AE04-F291390F6470}.Release.WUS|x86.ActiveCfg = Release|Any CPU
		{0FF826A6-BCE1-462D-AE04-F291390F6470}.Release|Any CPU.ActiveCfg = Release|Any CPU
		{0FF826A6-BCE1-462D-AE04-F291390F6470}.Release|Any CPU.Build.0 = Release|Any CPU
		{0FF826A6-BCE1-462D-AE04-F291390F6470}.Release|x64.ActiveCfg = Release|Any CPU
		{0FF826A6-BCE1-462D-AE04-F291390F6470}.Release|x86.ActiveCfg = Release|Any CPU
		{2CE8733C-8D7C-4CF8-9271-415702821594}.Build|Any CPU.ActiveCfg = Release|Any CPU
		{2CE8733C-8D7C-4CF8-9271-415702821594}.Build|Any CPU.Build.0 = Release|Any CPU
		{2CE8733C-8D7C-4CF8-9271-415702821594}.Build|x64.ActiveCfg = Release|Any CPU
		{2CE8733C-8D7C-4CF8-9271-415702821594}.Build|x86.ActiveCfg = Release|Any CPU
		{2CE8733C-8D7C-4CF8-9271-415702821594}.Debug|Any CPU.ActiveCfg = Debug|Any CPU
		{2CE8733C-8D7C-4CF8-9271-415702821594}.Debug|Any CPU.Build.0 = Debug|Any CPU
		{2CE8733C-8D7C-4CF8-9271-415702821594}.Debug|x64.ActiveCfg = Debug|Any CPU
		{2CE8733C-8D7C-4CF8-9271-415702821594}.Debug|x86.ActiveCfg = Debug|Any CPU
		{2CE8733C-8D7C-4CF8-9271-415702821594}.EUS|Any CPU.ActiveCfg = Release|Any CPU
		{2CE8733C-8D7C-4CF8-9271-415702821594}.EUS|Any CPU.Build.0 = Release|Any CPU
		{2CE8733C-8D7C-4CF8-9271-415702821594}.EUS|x64.ActiveCfg = Release|Any CPU
		{2CE8733C-8D7C-4CF8-9271-415702821594}.EUS|x86.ActiveCfg = Release|Any CPU
		{2CE8733C-8D7C-4CF8-9271-415702821594}.IAAS-EUS|Any CPU.ActiveCfg = Release|Any CPU
		{2CE8733C-8D7C-4CF8-9271-415702821594}.IAAS-EUS|Any CPU.Build.0 = Release|Any CPU
		{2CE8733C-8D7C-4CF8-9271-415702821594}.IAAS-EUS|x64.ActiveCfg = Release|Any CPU
		{2CE8733C-8D7C-4CF8-9271-415702821594}.IAAS-EUS|x86.ActiveCfg = Release|Any CPU
		{2CE8733C-8D7C-4CF8-9271-415702821594}.IAAS-INT|Any CPU.ActiveCfg = Release|Any CPU
		{2CE8733C-8D7C-4CF8-9271-415702821594}.IAAS-INT|Any CPU.Build.0 = Release|Any CPU
		{2CE8733C-8D7C-4CF8-9271-415702821594}.IAAS-INT|x64.ActiveCfg = Release|Any CPU
		{2CE8733C-8D7C-4CF8-9271-415702821594}.IAAS-INT|x86.ActiveCfg = Release|Any CPU
		{2CE8733C-8D7C-4CF8-9271-415702821594}.IAAS-WUS|Any CPU.ActiveCfg = Release|Any CPU
		{2CE8733C-8D7C-4CF8-9271-415702821594}.IAAS-WUS|Any CPU.Build.0 = Release|Any CPU
		{2CE8733C-8D7C-4CF8-9271-415702821594}.IAAS-WUS|x64.ActiveCfg = Release|Any CPU
		{2CE8733C-8D7C-4CF8-9271-415702821594}.IAAS-WUS|x86.ActiveCfg = Release|Any CPU
		{2CE8733C-8D7C-4CF8-9271-415702821594}.INT|Any CPU.ActiveCfg = Release|Any CPU
		{2CE8733C-8D7C-4CF8-9271-415702821594}.INT|Any CPU.Build.0 = Release|Any CPU
		{2CE8733C-8D7C-4CF8-9271-415702821594}.INT|x64.ActiveCfg = Release|Any CPU
		{2CE8733C-8D7C-4CF8-9271-415702821594}.INT|x86.ActiveCfg = Release|Any CPU
		{2CE8733C-8D7C-4CF8-9271-415702821594}.IntDebug|Any CPU.ActiveCfg = Debug|Any CPU
		{2CE8733C-8D7C-4CF8-9271-415702821594}.IntDebug|Any CPU.Build.0 = Debug|Any CPU
		{2CE8733C-8D7C-4CF8-9271-415702821594}.IntDebug|x64.ActiveCfg = Debug|Any CPU
		{2CE8733C-8D7C-4CF8-9271-415702821594}.IntDebug|x86.ActiveCfg = Debug|Any CPU
		{2CE8733C-8D7C-4CF8-9271-415702821594}.IntRelease|Any CPU.ActiveCfg = Release|Any CPU
		{2CE8733C-8D7C-4CF8-9271-415702821594}.IntRelease|Any CPU.Build.0 = Release|Any CPU
		{2CE8733C-8D7C-4CF8-9271-415702821594}.IntRelease|x64.ActiveCfg = Release|Any CPU
		{2CE8733C-8D7C-4CF8-9271-415702821594}.IntRelease|x86.ActiveCfg = Release|Any CPU
		{2CE8733C-8D7C-4CF8-9271-415702821594}.LOCAL-DEBUG|Any CPU.ActiveCfg = Release|Any CPU
		{2CE8733C-8D7C-4CF8-9271-415702821594}.LOCAL-DEBUG|Any CPU.Build.0 = Release|Any CPU
		{2CE8733C-8D7C-4CF8-9271-415702821594}.LOCAL-DEBUG|x64.ActiveCfg = Release|Any CPU
		{2CE8733C-8D7C-4CF8-9271-415702821594}.LOCAL-DEBUG|x86.ActiveCfg = Release|Any CPU
		{2CE8733C-8D7C-4CF8-9271-415702821594}.Prod|Any CPU.ActiveCfg = Release|Any CPU
		{2CE8733C-8D7C-4CF8-9271-415702821594}.Prod|Any CPU.Build.0 = Release|Any CPU
		{2CE8733C-8D7C-4CF8-9271-415702821594}.Prod|x64.ActiveCfg = Release|Any CPU
		{2CE8733C-8D7C-4CF8-9271-415702821594}.Prod|x86.ActiveCfg = Release|Any CPU
		{2CE8733C-8D7C-4CF8-9271-415702821594}.ProdDebug|Any CPU.ActiveCfg = Debug|Any CPU
		{2CE8733C-8D7C-4CF8-9271-415702821594}.ProdDebug|Any CPU.Build.0 = Debug|Any CPU
		{2CE8733C-8D7C-4CF8-9271-415702821594}.ProdDebug|x64.ActiveCfg = Debug|Any CPU
		{2CE8733C-8D7C-4CF8-9271-415702821594}.ProdDebug|x86.ActiveCfg = Debug|Any CPU
		{2CE8733C-8D7C-4CF8-9271-415702821594}.ProdRelease|Any CPU.ActiveCfg = Release|Any CPU
		{2CE8733C-8D7C-4CF8-9271-415702821594}.ProdRelease|Any CPU.Build.0 = Release|Any CPU
		{2CE8733C-8D7C-4CF8-9271-415702821594}.ProdRelease|x64.ActiveCfg = Release|Any CPU
		{2CE8733C-8D7C-4CF8-9271-415702821594}.ProdRelease|x86.ActiveCfg = Release|Any CPU
		{2CE8733C-8D7C-4CF8-9271-415702821594}.Release.EUS|Any CPU.ActiveCfg = Release|Any CPU
		{2CE8733C-8D7C-4CF8-9271-415702821594}.Release.EUS|Any CPU.Build.0 = Release|Any CPU
		{2CE8733C-8D7C-4CF8-9271-415702821594}.Release.EUS|x64.ActiveCfg = Release|Any CPU
		{2CE8733C-8D7C-4CF8-9271-415702821594}.Release.EUS|x86.ActiveCfg = Release|Any CPU
		{2CE8733C-8D7C-4CF8-9271-415702821594}.Release.WUS|Any CPU.ActiveCfg = Release|Any CPU
		{2CE8733C-8D7C-4CF8-9271-415702821594}.Release.WUS|Any CPU.Build.0 = Release|Any CPU
		{2CE8733C-8D7C-4CF8-9271-415702821594}.Release.WUS|x64.ActiveCfg = Release|Any CPU
		{2CE8733C-8D7C-4CF8-9271-415702821594}.Release.WUS|x86.ActiveCfg = Release|Any CPU
		{2CE8733C-8D7C-4CF8-9271-415702821594}.Release|Any CPU.ActiveCfg = Release|Any CPU
		{2CE8733C-8D7C-4CF8-9271-415702821594}.Release|Any CPU.Build.0 = Release|Any CPU
		{2CE8733C-8D7C-4CF8-9271-415702821594}.Release|x64.ActiveCfg = Release|Any CPU
		{2CE8733C-8D7C-4CF8-9271-415702821594}.Release|x86.ActiveCfg = Release|Any CPU
		{123D006B-FFEC-4D14-9EB6-45E922848DB7}.Build|Any CPU.ActiveCfg = Release|Any CPU
		{123D006B-FFEC-4D14-9EB6-45E922848DB7}.Build|Any CPU.Build.0 = Release|Any CPU
		{123D006B-FFEC-4D14-9EB6-45E922848DB7}.Build|x64.ActiveCfg = Release|Any CPU
		{123D006B-FFEC-4D14-9EB6-45E922848DB7}.Build|x64.Build.0 = Release|Any CPU
		{123D006B-FFEC-4D14-9EB6-45E922848DB7}.Build|x86.ActiveCfg = Release|Any CPU
		{123D006B-FFEC-4D14-9EB6-45E922848DB7}.Build|x86.Build.0 = Release|Any CPU
		{123D006B-FFEC-4D14-9EB6-45E922848DB7}.Debug|Any CPU.ActiveCfg = Debug|Any CPU
		{123D006B-FFEC-4D14-9EB6-45E922848DB7}.Debug|Any CPU.Build.0 = Debug|Any CPU
		{123D006B-FFEC-4D14-9EB6-45E922848DB7}.Debug|x64.ActiveCfg = Debug|Any CPU
		{123D006B-FFEC-4D14-9EB6-45E922848DB7}.Debug|x86.ActiveCfg = Debug|Any CPU
		{123D006B-FFEC-4D14-9EB6-45E922848DB7}.EUS|Any CPU.ActiveCfg = Release|Any CPU
		{123D006B-FFEC-4D14-9EB6-45E922848DB7}.EUS|Any CPU.Build.0 = Release|Any CPU
		{123D006B-FFEC-4D14-9EB6-45E922848DB7}.EUS|x64.ActiveCfg = Release|Any CPU
		{123D006B-FFEC-4D14-9EB6-45E922848DB7}.EUS|x64.Build.0 = Release|Any CPU
		{123D006B-FFEC-4D14-9EB6-45E922848DB7}.EUS|x86.ActiveCfg = Release|Any CPU
		{123D006B-FFEC-4D14-9EB6-45E922848DB7}.EUS|x86.Build.0 = Release|Any CPU
		{123D006B-FFEC-4D14-9EB6-45E922848DB7}.IAAS-EUS|Any CPU.ActiveCfg = Release|Any CPU
		{123D006B-FFEC-4D14-9EB6-45E922848DB7}.IAAS-EUS|Any CPU.Build.0 = Release|Any CPU
		{123D006B-FFEC-4D14-9EB6-45E922848DB7}.IAAS-EUS|x64.ActiveCfg = Release|Any CPU
		{123D006B-FFEC-4D14-9EB6-45E922848DB7}.IAAS-EUS|x64.Build.0 = Release|Any CPU
		{123D006B-FFEC-4D14-9EB6-45E922848DB7}.IAAS-EUS|x86.ActiveCfg = Release|Any CPU
		{123D006B-FFEC-4D14-9EB6-45E922848DB7}.IAAS-EUS|x86.Build.0 = Release|Any CPU
		{123D006B-FFEC-4D14-9EB6-45E922848DB7}.IAAS-INT|Any CPU.ActiveCfg = Release|Any CPU
		{123D006B-FFEC-4D14-9EB6-45E922848DB7}.IAAS-INT|Any CPU.Build.0 = Release|Any CPU
		{123D006B-FFEC-4D14-9EB6-45E922848DB7}.IAAS-INT|x64.ActiveCfg = Release|Any CPU
		{123D006B-FFEC-4D14-9EB6-45E922848DB7}.IAAS-INT|x64.Build.0 = Release|Any CPU
		{123D006B-FFEC-4D14-9EB6-45E922848DB7}.IAAS-INT|x86.ActiveCfg = Release|Any CPU
		{123D006B-FFEC-4D14-9EB6-45E922848DB7}.IAAS-INT|x86.Build.0 = Release|Any CPU
		{123D006B-FFEC-4D14-9EB6-45E922848DB7}.IAAS-WUS|Any CPU.ActiveCfg = Release|Any CPU
		{123D006B-FFEC-4D14-9EB6-45E922848DB7}.IAAS-WUS|Any CPU.Build.0 = Release|Any CPU
		{123D006B-FFEC-4D14-9EB6-45E922848DB7}.IAAS-WUS|x64.ActiveCfg = Release|Any CPU
		{123D006B-FFEC-4D14-9EB6-45E922848DB7}.IAAS-WUS|x64.Build.0 = Release|Any CPU
		{123D006B-FFEC-4D14-9EB6-45E922848DB7}.IAAS-WUS|x86.ActiveCfg = Release|Any CPU
		{123D006B-FFEC-4D14-9EB6-45E922848DB7}.IAAS-WUS|x86.Build.0 = Release|Any CPU
		{123D006B-FFEC-4D14-9EB6-45E922848DB7}.INT|Any CPU.ActiveCfg = Release|Any CPU
		{123D006B-FFEC-4D14-9EB6-45E922848DB7}.INT|Any CPU.Build.0 = Release|Any CPU
		{123D006B-FFEC-4D14-9EB6-45E922848DB7}.INT|x64.ActiveCfg = Release|Any CPU
		{123D006B-FFEC-4D14-9EB6-45E922848DB7}.INT|x64.Build.0 = Release|Any CPU
		{123D006B-FFEC-4D14-9EB6-45E922848DB7}.INT|x86.ActiveCfg = Release|Any CPU
		{123D006B-FFEC-4D14-9EB6-45E922848DB7}.INT|x86.Build.0 = Release|Any CPU
		{123D006B-FFEC-4D14-9EB6-45E922848DB7}.IntDebug|Any CPU.ActiveCfg = Debug|Any CPU
		{123D006B-FFEC-4D14-9EB6-45E922848DB7}.IntDebug|Any CPU.Build.0 = Debug|Any CPU
		{123D006B-FFEC-4D14-9EB6-45E922848DB7}.IntDebug|x64.ActiveCfg = Debug|Any CPU
		{123D006B-FFEC-4D14-9EB6-45E922848DB7}.IntDebug|x86.ActiveCfg = Debug|Any CPU
		{123D006B-FFEC-4D14-9EB6-45E922848DB7}.IntRelease|Any CPU.ActiveCfg = Release|Any CPU
		{123D006B-FFEC-4D14-9EB6-45E922848DB7}.IntRelease|Any CPU.Build.0 = Release|Any CPU
		{123D006B-FFEC-4D14-9EB6-45E922848DB7}.IntRelease|x64.ActiveCfg = Release|Any CPU
		{123D006B-FFEC-4D14-9EB6-45E922848DB7}.IntRelease|x86.ActiveCfg = Release|Any CPU
		{123D006B-FFEC-4D14-9EB6-45E922848DB7}.LOCAL-DEBUG|Any CPU.ActiveCfg = Release|Any CPU
		{123D006B-FFEC-4D14-9EB6-45E922848DB7}.LOCAL-DEBUG|Any CPU.Build.0 = Release|Any CPU
		{123D006B-FFEC-4D14-9EB6-45E922848DB7}.LOCAL-DEBUG|x64.ActiveCfg = Release|Any CPU
		{123D006B-FFEC-4D14-9EB6-45E922848DB7}.LOCAL-DEBUG|x64.Build.0 = Release|Any CPU
		{123D006B-FFEC-4D14-9EB6-45E922848DB7}.LOCAL-DEBUG|x86.ActiveCfg = Release|Any CPU
		{123D006B-FFEC-4D14-9EB6-45E922848DB7}.LOCAL-DEBUG|x86.Build.0 = Release|Any CPU
		{123D006B-FFEC-4D14-9EB6-45E922848DB7}.Prod|Any CPU.ActiveCfg = Release|Any CPU
		{123D006B-FFEC-4D14-9EB6-45E922848DB7}.Prod|Any CPU.Build.0 = Release|Any CPU
		{123D006B-FFEC-4D14-9EB6-45E922848DB7}.Prod|x64.ActiveCfg = Release|Any CPU
		{123D006B-FFEC-4D14-9EB6-45E922848DB7}.Prod|x64.Build.0 = Release|Any CPU
		{123D006B-FFEC-4D14-9EB6-45E922848DB7}.Prod|x86.ActiveCfg = Release|Any CPU
		{123D006B-FFEC-4D14-9EB6-45E922848DB7}.Prod|x86.Build.0 = Release|Any CPU
		{123D006B-FFEC-4D14-9EB6-45E922848DB7}.ProdDebug|Any CPU.ActiveCfg = Debug|Any CPU
		{123D006B-FFEC-4D14-9EB6-45E922848DB7}.ProdDebug|Any CPU.Build.0 = Debug|Any CPU
		{123D006B-FFEC-4D14-9EB6-45E922848DB7}.ProdDebug|x64.ActiveCfg = Debug|Any CPU
		{123D006B-FFEC-4D14-9EB6-45E922848DB7}.ProdDebug|x86.ActiveCfg = Debug|Any CPU
		{123D006B-FFEC-4D14-9EB6-45E922848DB7}.ProdRelease|Any CPU.ActiveCfg = Release|Any CPU
		{123D006B-FFEC-4D14-9EB6-45E922848DB7}.ProdRelease|Any CPU.Build.0 = Release|Any CPU
		{123D006B-FFEC-4D14-9EB6-45E922848DB7}.ProdRelease|x64.ActiveCfg = Release|Any CPU
		{123D006B-FFEC-4D14-9EB6-45E922848DB7}.ProdRelease|x86.ActiveCfg = Release|Any CPU
		{123D006B-FFEC-4D14-9EB6-45E922848DB7}.Release.EUS|Any CPU.ActiveCfg = Release|Any CPU
		{123D006B-FFEC-4D14-9EB6-45E922848DB7}.Release.EUS|Any CPU.Build.0 = Release|Any CPU
		{123D006B-FFEC-4D14-9EB6-45E922848DB7}.Release.EUS|x64.ActiveCfg = Release|Any CPU
		{123D006B-FFEC-4D14-9EB6-45E922848DB7}.Release.EUS|x86.ActiveCfg = Release|Any CPU
		{123D006B-FFEC-4D14-9EB6-45E922848DB7}.Release.WUS|Any CPU.ActiveCfg = Release|Any CPU
		{123D006B-FFEC-4D14-9EB6-45E922848DB7}.Release.WUS|Any CPU.Build.0 = Release|Any CPU
		{123D006B-FFEC-4D14-9EB6-45E922848DB7}.Release.WUS|x64.ActiveCfg = Release|Any CPU
		{123D006B-FFEC-4D14-9EB6-45E922848DB7}.Release.WUS|x86.ActiveCfg = Release|Any CPU
		{123D006B-FFEC-4D14-9EB6-45E922848DB7}.Release|Any CPU.ActiveCfg = Release|Any CPU
		{123D006B-FFEC-4D14-9EB6-45E922848DB7}.Release|Any CPU.Build.0 = Release|Any CPU
		{123D006B-FFEC-4D14-9EB6-45E922848DB7}.Release|x64.ActiveCfg = Release|Any CPU
		{123D006B-FFEC-4D14-9EB6-45E922848DB7}.Release|x86.ActiveCfg = Release|Any CPU
		{9D2AA457-982D-4C6C-AA72-78B5B829484C}.Build|Any CPU.ActiveCfg = Release|Any CPU
		{9D2AA457-982D-4C6C-AA72-78B5B829484C}.Build|Any CPU.Build.0 = Release|Any CPU
		{9D2AA457-982D-4C6C-AA72-78B5B829484C}.Build|x64.ActiveCfg = Release|Any CPU
		{9D2AA457-982D-4C6C-AA72-78B5B829484C}.Build|x86.ActiveCfg = Release|Any CPU
		{9D2AA457-982D-4C6C-AA72-78B5B829484C}.Debug|Any CPU.ActiveCfg = Debug|Any CPU
		{9D2AA457-982D-4C6C-AA72-78B5B829484C}.Debug|Any CPU.Build.0 = Debug|Any CPU
		{9D2AA457-982D-4C6C-AA72-78B5B829484C}.Debug|x64.ActiveCfg = Debug|Any CPU
		{9D2AA457-982D-4C6C-AA72-78B5B829484C}.Debug|x86.ActiveCfg = Debug|Any CPU
		{9D2AA457-982D-4C6C-AA72-78B5B829484C}.EUS|Any CPU.ActiveCfg = Release|Any CPU
		{9D2AA457-982D-4C6C-AA72-78B5B829484C}.EUS|Any CPU.Build.0 = Release|Any CPU
		{9D2AA457-982D-4C6C-AA72-78B5B829484C}.EUS|x64.ActiveCfg = Release|Any CPU
		{9D2AA457-982D-4C6C-AA72-78B5B829484C}.EUS|x86.ActiveCfg = Release|Any CPU
		{9D2AA457-982D-4C6C-AA72-78B5B829484C}.IAAS-EUS|Any CPU.ActiveCfg = Release|Any CPU
		{9D2AA457-982D-4C6C-AA72-78B5B829484C}.IAAS-EUS|Any CPU.Build.0 = Release|Any CPU
		{9D2AA457-982D-4C6C-AA72-78B5B829484C}.IAAS-EUS|x64.ActiveCfg = Release|Any CPU
		{9D2AA457-982D-4C6C-AA72-78B5B829484C}.IAAS-EUS|x86.ActiveCfg = Release|Any CPU
		{9D2AA457-982D-4C6C-AA72-78B5B829484C}.IAAS-INT|Any CPU.ActiveCfg = Release|Any CPU
		{9D2AA457-982D-4C6C-AA72-78B5B829484C}.IAAS-INT|Any CPU.Build.0 = Release|Any CPU
		{9D2AA457-982D-4C6C-AA72-78B5B829484C}.IAAS-INT|x64.ActiveCfg = Release|Any CPU
		{9D2AA457-982D-4C6C-AA72-78B5B829484C}.IAAS-INT|x86.ActiveCfg = Release|Any CPU
		{9D2AA457-982D-4C6C-AA72-78B5B829484C}.IAAS-WUS|Any CPU.ActiveCfg = Release|Any CPU
		{9D2AA457-982D-4C6C-AA72-78B5B829484C}.IAAS-WUS|Any CPU.Build.0 = Release|Any CPU
		{9D2AA457-982D-4C6C-AA72-78B5B829484C}.IAAS-WUS|x64.ActiveCfg = Release|Any CPU
		{9D2AA457-982D-4C6C-AA72-78B5B829484C}.IAAS-WUS|x86.ActiveCfg = Release|Any CPU
		{9D2AA457-982D-4C6C-AA72-78B5B829484C}.INT|Any CPU.ActiveCfg = Release|Any CPU
		{9D2AA457-982D-4C6C-AA72-78B5B829484C}.INT|Any CPU.Build.0 = Release|Any CPU
		{9D2AA457-982D-4C6C-AA72-78B5B829484C}.INT|x64.ActiveCfg = Release|Any CPU
		{9D2AA457-982D-4C6C-AA72-78B5B829484C}.INT|x86.ActiveCfg = Release|Any CPU
		{9D2AA457-982D-4C6C-AA72-78B5B829484C}.IntDebug|Any CPU.ActiveCfg = Debug|Any CPU
		{9D2AA457-982D-4C6C-AA72-78B5B829484C}.IntDebug|Any CPU.Build.0 = Debug|Any CPU
		{9D2AA457-982D-4C6C-AA72-78B5B829484C}.IntDebug|x64.ActiveCfg = Debug|Any CPU
		{9D2AA457-982D-4C6C-AA72-78B5B829484C}.IntDebug|x86.ActiveCfg = Debug|Any CPU
		{9D2AA457-982D-4C6C-AA72-78B5B829484C}.IntRelease|Any CPU.ActiveCfg = Release|Any CPU
		{9D2AA457-982D-4C6C-AA72-78B5B829484C}.IntRelease|Any CPU.Build.0 = Release|Any CPU
		{9D2AA457-982D-4C6C-AA72-78B5B829484C}.IntRelease|x64.ActiveCfg = Release|Any CPU
		{9D2AA457-982D-4C6C-AA72-78B5B829484C}.IntRelease|x86.ActiveCfg = Release|Any CPU
		{9D2AA457-982D-4C6C-AA72-78B5B829484C}.LOCAL-DEBUG|Any CPU.ActiveCfg = Release|Any CPU
		{9D2AA457-982D-4C6C-AA72-78B5B829484C}.LOCAL-DEBUG|Any CPU.Build.0 = Release|Any CPU
		{9D2AA457-982D-4C6C-AA72-78B5B829484C}.LOCAL-DEBUG|x64.ActiveCfg = Release|Any CPU
		{9D2AA457-982D-4C6C-AA72-78B5B829484C}.LOCAL-DEBUG|x86.ActiveCfg = Release|Any CPU
		{9D2AA457-982D-4C6C-AA72-78B5B829484C}.Prod|Any CPU.ActiveCfg = Release|Any CPU
		{9D2AA457-982D-4C6C-AA72-78B5B829484C}.Prod|Any CPU.Build.0 = Release|Any CPU
		{9D2AA457-982D-4C6C-AA72-78B5B829484C}.Prod|x64.ActiveCfg = Release|Any CPU
		{9D2AA457-982D-4C6C-AA72-78B5B829484C}.Prod|x86.ActiveCfg = Release|Any CPU
		{9D2AA457-982D-4C6C-AA72-78B5B829484C}.ProdDebug|Any CPU.ActiveCfg = Debug|Any CPU
		{9D2AA457-982D-4C6C-AA72-78B5B829484C}.ProdDebug|Any CPU.Build.0 = Debug|Any CPU
		{9D2AA457-982D-4C6C-AA72-78B5B829484C}.ProdDebug|x64.ActiveCfg = Debug|Any CPU
		{9D2AA457-982D-4C6C-AA72-78B5B829484C}.ProdDebug|x86.ActiveCfg = Debug|Any CPU
		{9D2AA457-982D-4C6C-AA72-78B5B829484C}.ProdRelease|Any CPU.ActiveCfg = Release|Any CPU
		{9D2AA457-982D-4C6C-AA72-78B5B829484C}.ProdRelease|Any CPU.Build.0 = Release|Any CPU
		{9D2AA457-982D-4C6C-AA72-78B5B829484C}.ProdRelease|x64.ActiveCfg = Release|Any CPU
		{9D2AA457-982D-4C6C-AA72-78B5B829484C}.ProdRelease|x86.ActiveCfg = Release|Any CPU
		{9D2AA457-982D-4C6C-AA72-78B5B829484C}.Release.EUS|Any CPU.ActiveCfg = Release|Any CPU
		{9D2AA457-982D-4C6C-AA72-78B5B829484C}.Release.EUS|Any CPU.Build.0 = Release|Any CPU
		{9D2AA457-982D-4C6C-AA72-78B5B829484C}.Release.EUS|x64.ActiveCfg = Release|Any CPU
		{9D2AA457-982D-4C6C-AA72-78B5B829484C}.Release.EUS|x86.ActiveCfg = Release|Any CPU
		{9D2AA457-982D-4C6C-AA72-78B5B829484C}.Release.WUS|Any CPU.ActiveCfg = Release|Any CPU
		{9D2AA457-982D-4C6C-AA72-78B5B829484C}.Release.WUS|Any CPU.Build.0 = Release|Any CPU
		{9D2AA457-982D-4C6C-AA72-78B5B829484C}.Release.WUS|x64.ActiveCfg = Release|Any CPU
		{9D2AA457-982D-4C6C-AA72-78B5B829484C}.Release.WUS|x86.ActiveCfg = Release|Any CPU
		{9D2AA457-982D-4C6C-AA72-78B5B829484C}.Release|Any CPU.ActiveCfg = Release|Any CPU
		{9D2AA457-982D-4C6C-AA72-78B5B829484C}.Release|Any CPU.Build.0 = Release|Any CPU
		{9D2AA457-982D-4C6C-AA72-78B5B829484C}.Release|x64.ActiveCfg = Release|Any CPU
		{9D2AA457-982D-4C6C-AA72-78B5B829484C}.Release|x86.ActiveCfg = Release|Any CPU
		{60664626-2D55-4EC2-96D3-712C7B8A73AE}.Build|Any CPU.ActiveCfg = Release|Any CPU
		{60664626-2D55-4EC2-96D3-712C7B8A73AE}.Build|Any CPU.Build.0 = Release|Any CPU
		{60664626-2D55-4EC2-96D3-712C7B8A73AE}.Build|x64.ActiveCfg = Release|Any CPU
		{60664626-2D55-4EC2-96D3-712C7B8A73AE}.Build|x86.ActiveCfg = Release|Any CPU
		{60664626-2D55-4EC2-96D3-712C7B8A73AE}.Debug|Any CPU.ActiveCfg = Debug|Any CPU
		{60664626-2D55-4EC2-96D3-712C7B8A73AE}.Debug|Any CPU.Build.0 = Debug|Any CPU
		{60664626-2D55-4EC2-96D3-712C7B8A73AE}.Debug|x64.ActiveCfg = Debug|Any CPU
		{60664626-2D55-4EC2-96D3-712C7B8A73AE}.Debug|x86.ActiveCfg = Debug|Any CPU
		{60664626-2D55-4EC2-96D3-712C7B8A73AE}.EUS|Any CPU.ActiveCfg = Release|Any CPU
		{60664626-2D55-4EC2-96D3-712C7B8A73AE}.EUS|Any CPU.Build.0 = Release|Any CPU
		{60664626-2D55-4EC2-96D3-712C7B8A73AE}.EUS|x64.ActiveCfg = Release|Any CPU
		{60664626-2D55-4EC2-96D3-712C7B8A73AE}.EUS|x86.ActiveCfg = Release|Any CPU
		{60664626-2D55-4EC2-96D3-712C7B8A73AE}.IAAS-EUS|Any CPU.ActiveCfg = Release|Any CPU
		{60664626-2D55-4EC2-96D3-712C7B8A73AE}.IAAS-EUS|Any CPU.Build.0 = Release|Any CPU
		{60664626-2D55-4EC2-96D3-712C7B8A73AE}.IAAS-EUS|x64.ActiveCfg = Release|Any CPU
		{60664626-2D55-4EC2-96D3-712C7B8A73AE}.IAAS-EUS|x86.ActiveCfg = Release|Any CPU
		{60664626-2D55-4EC2-96D3-712C7B8A73AE}.IAAS-INT|Any CPU.ActiveCfg = Release|Any CPU
		{60664626-2D55-4EC2-96D3-712C7B8A73AE}.IAAS-INT|Any CPU.Build.0 = Release|Any CPU
		{60664626-2D55-4EC2-96D3-712C7B8A73AE}.IAAS-INT|x64.ActiveCfg = Release|Any CPU
		{60664626-2D55-4EC2-96D3-712C7B8A73AE}.IAAS-INT|x86.ActiveCfg = Release|Any CPU
		{60664626-2D55-4EC2-96D3-712C7B8A73AE}.IAAS-WUS|Any CPU.ActiveCfg = Release|Any CPU
		{60664626-2D55-4EC2-96D3-712C7B8A73AE}.IAAS-WUS|Any CPU.Build.0 = Release|Any CPU
		{60664626-2D55-4EC2-96D3-712C7B8A73AE}.IAAS-WUS|x64.ActiveCfg = Release|Any CPU
		{60664626-2D55-4EC2-96D3-712C7B8A73AE}.IAAS-WUS|x86.ActiveCfg = Release|Any CPU
		{60664626-2D55-4EC2-96D3-712C7B8A73AE}.INT|Any CPU.ActiveCfg = Release|Any CPU
		{60664626-2D55-4EC2-96D3-712C7B8A73AE}.INT|Any CPU.Build.0 = Release|Any CPU
		{60664626-2D55-4EC2-96D3-712C7B8A73AE}.INT|x64.ActiveCfg = Release|Any CPU
		{60664626-2D55-4EC2-96D3-712C7B8A73AE}.INT|x86.ActiveCfg = Release|Any CPU
		{60664626-2D55-4EC2-96D3-712C7B8A73AE}.IntDebug|Any CPU.ActiveCfg = Debug|Any CPU
		{60664626-2D55-4EC2-96D3-712C7B8A73AE}.IntDebug|Any CPU.Build.0 = Debug|Any CPU
		{60664626-2D55-4EC2-96D3-712C7B8A73AE}.IntDebug|x64.ActiveCfg = Debug|Any CPU
		{60664626-2D55-4EC2-96D3-712C7B8A73AE}.IntDebug|x86.ActiveCfg = Debug|Any CPU
		{60664626-2D55-4EC2-96D3-712C7B8A73AE}.IntRelease|Any CPU.ActiveCfg = Release|Any CPU
		{60664626-2D55-4EC2-96D3-712C7B8A73AE}.IntRelease|Any CPU.Build.0 = Release|Any CPU
		{60664626-2D55-4EC2-96D3-712C7B8A73AE}.IntRelease|x64.ActiveCfg = Release|Any CPU
		{60664626-2D55-4EC2-96D3-712C7B8A73AE}.IntRelease|x86.ActiveCfg = Release|Any CPU
		{60664626-2D55-4EC2-96D3-712C7B8A73AE}.LOCAL-DEBUG|Any CPU.ActiveCfg = Release|Any CPU
		{60664626-2D55-4EC2-96D3-712C7B8A73AE}.LOCAL-DEBUG|Any CPU.Build.0 = Release|Any CPU
		{60664626-2D55-4EC2-96D3-712C7B8A73AE}.LOCAL-DEBUG|x64.ActiveCfg = Release|Any CPU
		{60664626-2D55-4EC2-96D3-712C7B8A73AE}.LOCAL-DEBUG|x86.ActiveCfg = Release|Any CPU
		{60664626-2D55-4EC2-96D3-712C7B8A73AE}.Prod|Any CPU.ActiveCfg = Release|Any CPU
		{60664626-2D55-4EC2-96D3-712C7B8A73AE}.Prod|Any CPU.Build.0 = Release|Any CPU
		{60664626-2D55-4EC2-96D3-712C7B8A73AE}.Prod|x64.ActiveCfg = Release|Any CPU
		{60664626-2D55-4EC2-96D3-712C7B8A73AE}.Prod|x86.ActiveCfg = Release|Any CPU
		{60664626-2D55-4EC2-96D3-712C7B8A73AE}.ProdDebug|Any CPU.ActiveCfg = Debug|Any CPU
		{60664626-2D55-4EC2-96D3-712C7B8A73AE}.ProdDebug|Any CPU.Build.0 = Debug|Any CPU
		{60664626-2D55-4EC2-96D3-712C7B8A73AE}.ProdDebug|x64.ActiveCfg = Debug|Any CPU
		{60664626-2D55-4EC2-96D3-712C7B8A73AE}.ProdDebug|x86.ActiveCfg = Debug|Any CPU
		{60664626-2D55-4EC2-96D3-712C7B8A73AE}.ProdRelease|Any CPU.ActiveCfg = Release|Any CPU
		{60664626-2D55-4EC2-96D3-712C7B8A73AE}.ProdRelease|Any CPU.Build.0 = Release|Any CPU
		{60664626-2D55-4EC2-96D3-712C7B8A73AE}.ProdRelease|x64.ActiveCfg = Release|Any CPU
		{60664626-2D55-4EC2-96D3-712C7B8A73AE}.ProdRelease|x86.ActiveCfg = Release|Any CPU
		{60664626-2D55-4EC2-96D3-712C7B8A73AE}.Release.EUS|Any CPU.ActiveCfg = Release|Any CPU
		{60664626-2D55-4EC2-96D3-712C7B8A73AE}.Release.EUS|Any CPU.Build.0 = Release|Any CPU
		{60664626-2D55-4EC2-96D3-712C7B8A73AE}.Release.EUS|x64.ActiveCfg = Release|Any CPU
		{60664626-2D55-4EC2-96D3-712C7B8A73AE}.Release.EUS|x86.ActiveCfg = Release|Any CPU
		{60664626-2D55-4EC2-96D3-712C7B8A73AE}.Release.WUS|Any CPU.ActiveCfg = Release|Any CPU
		{60664626-2D55-4EC2-96D3-712C7B8A73AE}.Release.WUS|Any CPU.Build.0 = Release|Any CPU
		{60664626-2D55-4EC2-96D3-712C7B8A73AE}.Release.WUS|x64.ActiveCfg = Release|Any CPU
		{60664626-2D55-4EC2-96D3-712C7B8A73AE}.Release.WUS|x86.ActiveCfg = Release|Any CPU
		{60664626-2D55-4EC2-96D3-712C7B8A73AE}.Release|Any CPU.ActiveCfg = Release|Any CPU
		{60664626-2D55-4EC2-96D3-712C7B8A73AE}.Release|Any CPU.Build.0 = Release|Any CPU
		{60664626-2D55-4EC2-96D3-712C7B8A73AE}.Release|x64.ActiveCfg = Release|Any CPU
		{60664626-2D55-4EC2-96D3-712C7B8A73AE}.Release|x86.ActiveCfg = Release|Any CPU
		{ED50E570-9E4A-4B61-99B3-8ADEDCBA3DB3}.Build|Any CPU.ActiveCfg = Release|Any CPU
		{ED50E570-9E4A-4B61-99B3-8ADEDCBA3DB3}.Build|Any CPU.Build.0 = Release|Any CPU
		{ED50E570-9E4A-4B61-99B3-8ADEDCBA3DB3}.Build|x64.ActiveCfg = Release|Any CPU
		{ED50E570-9E4A-4B61-99B3-8ADEDCBA3DB3}.Build|x64.Build.0 = Release|Any CPU
		{ED50E570-9E4A-4B61-99B3-8ADEDCBA3DB3}.Build|x86.ActiveCfg = Release|Any CPU
		{ED50E570-9E4A-4B61-99B3-8ADEDCBA3DB3}.Build|x86.Build.0 = Release|Any CPU
		{ED50E570-9E4A-4B61-99B3-8ADEDCBA3DB3}.Debug|Any CPU.ActiveCfg = Debug|Any CPU
		{ED50E570-9E4A-4B61-99B3-8ADEDCBA3DB3}.Debug|Any CPU.Build.0 = Debug|Any CPU
		{ED50E570-9E4A-4B61-99B3-8ADEDCBA3DB3}.Debug|x64.ActiveCfg = Debug|Any CPU
		{ED50E570-9E4A-4B61-99B3-8ADEDCBA3DB3}.Debug|x64.Build.0 = Debug|Any CPU
		{ED50E570-9E4A-4B61-99B3-8ADEDCBA3DB3}.Debug|x86.ActiveCfg = Debug|Any CPU
		{ED50E570-9E4A-4B61-99B3-8ADEDCBA3DB3}.Debug|x86.Build.0 = Debug|Any CPU
		{ED50E570-9E4A-4B61-99B3-8ADEDCBA3DB3}.EUS|Any CPU.ActiveCfg = Release|Any CPU
		{ED50E570-9E4A-4B61-99B3-8ADEDCBA3DB3}.EUS|Any CPU.Build.0 = Release|Any CPU
		{ED50E570-9E4A-4B61-99B3-8ADEDCBA3DB3}.EUS|x64.ActiveCfg = Release|Any CPU
		{ED50E570-9E4A-4B61-99B3-8ADEDCBA3DB3}.EUS|x64.Build.0 = Release|Any CPU
		{ED50E570-9E4A-4B61-99B3-8ADEDCBA3DB3}.EUS|x86.ActiveCfg = Release|Any CPU
		{ED50E570-9E4A-4B61-99B3-8ADEDCBA3DB3}.EUS|x86.Build.0 = Release|Any CPU
		{ED50E570-9E4A-4B61-99B3-8ADEDCBA3DB3}.IAAS-EUS|Any CPU.ActiveCfg = Release|Any CPU
		{ED50E570-9E4A-4B61-99B3-8ADEDCBA3DB3}.IAAS-EUS|Any CPU.Build.0 = Release|Any CPU
		{ED50E570-9E4A-4B61-99B3-8ADEDCBA3DB3}.IAAS-EUS|x64.ActiveCfg = Release|Any CPU
		{ED50E570-9E4A-4B61-99B3-8ADEDCBA3DB3}.IAAS-EUS|x64.Build.0 = Release|Any CPU
		{ED50E570-9E4A-4B61-99B3-8ADEDCBA3DB3}.IAAS-EUS|x86.ActiveCfg = Release|Any CPU
		{ED50E570-9E4A-4B61-99B3-8ADEDCBA3DB3}.IAAS-EUS|x86.Build.0 = Release|Any CPU
		{ED50E570-9E4A-4B61-99B3-8ADEDCBA3DB3}.IAAS-INT|Any CPU.ActiveCfg = Release|Any CPU
		{ED50E570-9E4A-4B61-99B3-8ADEDCBA3DB3}.IAAS-INT|Any CPU.Build.0 = Release|Any CPU
		{ED50E570-9E4A-4B61-99B3-8ADEDCBA3DB3}.IAAS-INT|x64.ActiveCfg = Release|Any CPU
		{ED50E570-9E4A-4B61-99B3-8ADEDCBA3DB3}.IAAS-INT|x64.Build.0 = Release|Any CPU
		{ED50E570-9E4A-4B61-99B3-8ADEDCBA3DB3}.IAAS-INT|x86.ActiveCfg = Release|Any CPU
		{ED50E570-9E4A-4B61-99B3-8ADEDCBA3DB3}.IAAS-INT|x86.Build.0 = Release|Any CPU
		{ED50E570-9E4A-4B61-99B3-8ADEDCBA3DB3}.IAAS-WUS|Any CPU.ActiveCfg = Release|Any CPU
		{ED50E570-9E4A-4B61-99B3-8ADEDCBA3DB3}.IAAS-WUS|Any CPU.Build.0 = Release|Any CPU
		{ED50E570-9E4A-4B61-99B3-8ADEDCBA3DB3}.IAAS-WUS|x64.ActiveCfg = Release|Any CPU
		{ED50E570-9E4A-4B61-99B3-8ADEDCBA3DB3}.IAAS-WUS|x64.Build.0 = Release|Any CPU
		{ED50E570-9E4A-4B61-99B3-8ADEDCBA3DB3}.IAAS-WUS|x86.ActiveCfg = Release|Any CPU
		{ED50E570-9E4A-4B61-99B3-8ADEDCBA3DB3}.IAAS-WUS|x86.Build.0 = Release|Any CPU
		{ED50E570-9E4A-4B61-99B3-8ADEDCBA3DB3}.INT|Any CPU.ActiveCfg = Release|Any CPU
		{ED50E570-9E4A-4B61-99B3-8ADEDCBA3DB3}.INT|Any CPU.Build.0 = Release|Any CPU
		{ED50E570-9E4A-4B61-99B3-8ADEDCBA3DB3}.INT|x64.ActiveCfg = Release|Any CPU
		{ED50E570-9E4A-4B61-99B3-8ADEDCBA3DB3}.INT|x64.Build.0 = Release|Any CPU
		{ED50E570-9E4A-4B61-99B3-8ADEDCBA3DB3}.INT|x86.ActiveCfg = Release|Any CPU
		{ED50E570-9E4A-4B61-99B3-8ADEDCBA3DB3}.INT|x86.Build.0 = Release|Any CPU
		{ED50E570-9E4A-4B61-99B3-8ADEDCBA3DB3}.IntDebug|Any CPU.ActiveCfg = Debug|Any CPU
		{ED50E570-9E4A-4B61-99B3-8ADEDCBA3DB3}.IntDebug|Any CPU.Build.0 = Debug|Any CPU
		{ED50E570-9E4A-4B61-99B3-8ADEDCBA3DB3}.IntDebug|x64.ActiveCfg = Debug|Any CPU
		{ED50E570-9E4A-4B61-99B3-8ADEDCBA3DB3}.IntDebug|x64.Build.0 = Debug|Any CPU
		{ED50E570-9E4A-4B61-99B3-8ADEDCBA3DB3}.IntDebug|x86.ActiveCfg = Debug|Any CPU
		{ED50E570-9E4A-4B61-99B3-8ADEDCBA3DB3}.IntDebug|x86.Build.0 = Debug|Any CPU
		{ED50E570-9E4A-4B61-99B3-8ADEDCBA3DB3}.IntRelease|Any CPU.ActiveCfg = Release|Any CPU
		{ED50E570-9E4A-4B61-99B3-8ADEDCBA3DB3}.IntRelease|Any CPU.Build.0 = Release|Any CPU
		{ED50E570-9E4A-4B61-99B3-8ADEDCBA3DB3}.IntRelease|x64.ActiveCfg = Release|Any CPU
		{ED50E570-9E4A-4B61-99B3-8ADEDCBA3DB3}.IntRelease|x64.Build.0 = Release|Any CPU
		{ED50E570-9E4A-4B61-99B3-8ADEDCBA3DB3}.IntRelease|x86.ActiveCfg = Release|Any CPU
		{ED50E570-9E4A-4B61-99B3-8ADEDCBA3DB3}.IntRelease|x86.Build.0 = Release|Any CPU
		{ED50E570-9E4A-4B61-99B3-8ADEDCBA3DB3}.LOCAL-DEBUG|Any CPU.ActiveCfg = Release|Any CPU
		{ED50E570-9E4A-4B61-99B3-8ADEDCBA3DB3}.LOCAL-DEBUG|Any CPU.Build.0 = Release|Any CPU
		{ED50E570-9E4A-4B61-99B3-8ADEDCBA3DB3}.LOCAL-DEBUG|x64.ActiveCfg = Release|Any CPU
		{ED50E570-9E4A-4B61-99B3-8ADEDCBA3DB3}.LOCAL-DEBUG|x64.Build.0 = Release|Any CPU
		{ED50E570-9E4A-4B61-99B3-8ADEDCBA3DB3}.LOCAL-DEBUG|x86.ActiveCfg = Release|Any CPU
		{ED50E570-9E4A-4B61-99B3-8ADEDCBA3DB3}.LOCAL-DEBUG|x86.Build.0 = Release|Any CPU
		{ED50E570-9E4A-4B61-99B3-8ADEDCBA3DB3}.Prod|Any CPU.ActiveCfg = Release|Any CPU
		{ED50E570-9E4A-4B61-99B3-8ADEDCBA3DB3}.Prod|Any CPU.Build.0 = Release|Any CPU
		{ED50E570-9E4A-4B61-99B3-8ADEDCBA3DB3}.Prod|x64.ActiveCfg = Release|Any CPU
		{ED50E570-9E4A-4B61-99B3-8ADEDCBA3DB3}.Prod|x64.Build.0 = Release|Any CPU
		{ED50E570-9E4A-4B61-99B3-8ADEDCBA3DB3}.Prod|x86.ActiveCfg = Release|Any CPU
		{ED50E570-9E4A-4B61-99B3-8ADEDCBA3DB3}.Prod|x86.Build.0 = Release|Any CPU
		{ED50E570-9E4A-4B61-99B3-8ADEDCBA3DB3}.ProdDebug|Any CPU.ActiveCfg = Debug|Any CPU
		{ED50E570-9E4A-4B61-99B3-8ADEDCBA3DB3}.ProdDebug|Any CPU.Build.0 = Debug|Any CPU
		{ED50E570-9E4A-4B61-99B3-8ADEDCBA3DB3}.ProdDebug|x64.ActiveCfg = Debug|Any CPU
		{ED50E570-9E4A-4B61-99B3-8ADEDCBA3DB3}.ProdDebug|x64.Build.0 = Debug|Any CPU
		{ED50E570-9E4A-4B61-99B3-8ADEDCBA3DB3}.ProdDebug|x86.ActiveCfg = Debug|Any CPU
		{ED50E570-9E4A-4B61-99B3-8ADEDCBA3DB3}.ProdDebug|x86.Build.0 = Debug|Any CPU
		{ED50E570-9E4A-4B61-99B3-8ADEDCBA3DB3}.ProdRelease|Any CPU.ActiveCfg = Release|Any CPU
		{ED50E570-9E4A-4B61-99B3-8ADEDCBA3DB3}.ProdRelease|Any CPU.Build.0 = Release|Any CPU
		{ED50E570-9E4A-4B61-99B3-8ADEDCBA3DB3}.ProdRelease|x64.ActiveCfg = Release|Any CPU
		{ED50E570-9E4A-4B61-99B3-8ADEDCBA3DB3}.ProdRelease|x64.Build.0 = Release|Any CPU
		{ED50E570-9E4A-4B61-99B3-8ADEDCBA3DB3}.ProdRelease|x86.ActiveCfg = Release|Any CPU
		{ED50E570-9E4A-4B61-99B3-8ADEDCBA3DB3}.ProdRelease|x86.Build.0 = Release|Any CPU
		{ED50E570-9E4A-4B61-99B3-8ADEDCBA3DB3}.Release.EUS|Any CPU.ActiveCfg = Release|Any CPU
		{ED50E570-9E4A-4B61-99B3-8ADEDCBA3DB3}.Release.EUS|Any CPU.Build.0 = Release|Any CPU
		{ED50E570-9E4A-4B61-99B3-8ADEDCBA3DB3}.Release.EUS|x64.ActiveCfg = Release|Any CPU
		{ED50E570-9E4A-4B61-99B3-8ADEDCBA3DB3}.Release.EUS|x64.Build.0 = Release|Any CPU
		{ED50E570-9E4A-4B61-99B3-8ADEDCBA3DB3}.Release.EUS|x86.ActiveCfg = Release|Any CPU
		{ED50E570-9E4A-4B61-99B3-8ADEDCBA3DB3}.Release.EUS|x86.Build.0 = Release|Any CPU
		{ED50E570-9E4A-4B61-99B3-8ADEDCBA3DB3}.Release.WUS|Any CPU.ActiveCfg = Release|Any CPU
		{ED50E570-9E4A-4B61-99B3-8ADEDCBA3DB3}.Release.WUS|Any CPU.Build.0 = Release|Any CPU
		{ED50E570-9E4A-4B61-99B3-8ADEDCBA3DB3}.Release.WUS|x64.ActiveCfg = Release|Any CPU
		{ED50E570-9E4A-4B61-99B3-8ADEDCBA3DB3}.Release.WUS|x64.Build.0 = Release|Any CPU
		{ED50E570-9E4A-4B61-99B3-8ADEDCBA3DB3}.Release.WUS|x86.ActiveCfg = Release|Any CPU
		{ED50E570-9E4A-4B61-99B3-8ADEDCBA3DB3}.Release.WUS|x86.Build.0 = Release|Any CPU
		{ED50E570-9E4A-4B61-99B3-8ADEDCBA3DB3}.Release|Any CPU.ActiveCfg = Release|Any CPU
		{ED50E570-9E4A-4B61-99B3-8ADEDCBA3DB3}.Release|Any CPU.Build.0 = Release|Any CPU
		{ED50E570-9E4A-4B61-99B3-8ADEDCBA3DB3}.Release|x64.ActiveCfg = Release|Any CPU
		{ED50E570-9E4A-4B61-99B3-8ADEDCBA3DB3}.Release|x64.Build.0 = Release|Any CPU
		{ED50E570-9E4A-4B61-99B3-8ADEDCBA3DB3}.Release|x86.ActiveCfg = Release|Any CPU
		{ED50E570-9E4A-4B61-99B3-8ADEDCBA3DB3}.Release|x86.Build.0 = Release|Any CPU
		{D74E8E14-8FF2-4038-9179-70A8369EF839}.Build|Any CPU.ActiveCfg = Debug|Any CPU
		{D74E8E14-8FF2-4038-9179-70A8369EF839}.Build|Any CPU.Build.0 = Debug|Any CPU
		{D74E8E14-8FF2-4038-9179-70A8369EF839}.Build|Any CPU.Deploy.0 = Debug|Any CPU
		{D74E8E14-8FF2-4038-9179-70A8369EF839}.Build|x64.ActiveCfg = Debug|Any CPU
		{D74E8E14-8FF2-4038-9179-70A8369EF839}.Build|x64.Build.0 = Debug|Any CPU
		{D74E8E14-8FF2-4038-9179-70A8369EF839}.Build|x64.Deploy.0 = Debug|Any CPU
		{D74E8E14-8FF2-4038-9179-70A8369EF839}.Build|x86.ActiveCfg = Debug|Any CPU
		{D74E8E14-8FF2-4038-9179-70A8369EF839}.Build|x86.Build.0 = Debug|Any CPU
		{D74E8E14-8FF2-4038-9179-70A8369EF839}.Build|x86.Deploy.0 = Debug|Any CPU
		{D74E8E14-8FF2-4038-9179-70A8369EF839}.Debug|Any CPU.ActiveCfg = Debug|Any CPU
		{D74E8E14-8FF2-4038-9179-70A8369EF839}.Debug|Any CPU.Build.0 = Debug|Any CPU
		{D74E8E14-8FF2-4038-9179-70A8369EF839}.Debug|Any CPU.Deploy.0 = Debug|Any CPU
		{D74E8E14-8FF2-4038-9179-70A8369EF839}.Debug|x64.ActiveCfg = Debug|Any CPU
		{D74E8E14-8FF2-4038-9179-70A8369EF839}.Debug|x64.Build.0 = Debug|Any CPU
		{D74E8E14-8FF2-4038-9179-70A8369EF839}.Debug|x64.Deploy.0 = Debug|Any CPU
		{D74E8E14-8FF2-4038-9179-70A8369EF839}.Debug|x86.ActiveCfg = Debug|Any CPU
		{D74E8E14-8FF2-4038-9179-70A8369EF839}.Debug|x86.Build.0 = Debug|Any CPU
		{D74E8E14-8FF2-4038-9179-70A8369EF839}.Debug|x86.Deploy.0 = Debug|Any CPU
		{D74E8E14-8FF2-4038-9179-70A8369EF839}.EUS|Any CPU.ActiveCfg = Debug|Any CPU
		{D74E8E14-8FF2-4038-9179-70A8369EF839}.EUS|Any CPU.Build.0 = Debug|Any CPU
		{D74E8E14-8FF2-4038-9179-70A8369EF839}.EUS|Any CPU.Deploy.0 = Debug|Any CPU
		{D74E8E14-8FF2-4038-9179-70A8369EF839}.EUS|x64.ActiveCfg = Debug|Any CPU
		{D74E8E14-8FF2-4038-9179-70A8369EF839}.EUS|x64.Build.0 = Debug|Any CPU
		{D74E8E14-8FF2-4038-9179-70A8369EF839}.EUS|x64.Deploy.0 = Debug|Any CPU
		{D74E8E14-8FF2-4038-9179-70A8369EF839}.EUS|x86.ActiveCfg = Debug|Any CPU
		{D74E8E14-8FF2-4038-9179-70A8369EF839}.EUS|x86.Build.0 = Debug|Any CPU
		{D74E8E14-8FF2-4038-9179-70A8369EF839}.EUS|x86.Deploy.0 = Debug|Any CPU
		{D74E8E14-8FF2-4038-9179-70A8369EF839}.IAAS-EUS|Any CPU.ActiveCfg = Debug|Any CPU
		{D74E8E14-8FF2-4038-9179-70A8369EF839}.IAAS-EUS|Any CPU.Build.0 = Debug|Any CPU
		{D74E8E14-8FF2-4038-9179-70A8369EF839}.IAAS-EUS|Any CPU.Deploy.0 = Debug|Any CPU
		{D74E8E14-8FF2-4038-9179-70A8369EF839}.IAAS-EUS|x64.ActiveCfg = Debug|Any CPU
		{D74E8E14-8FF2-4038-9179-70A8369EF839}.IAAS-EUS|x64.Build.0 = Debug|Any CPU
		{D74E8E14-8FF2-4038-9179-70A8369EF839}.IAAS-EUS|x64.Deploy.0 = Debug|Any CPU
		{D74E8E14-8FF2-4038-9179-70A8369EF839}.IAAS-EUS|x86.ActiveCfg = Debug|Any CPU
		{D74E8E14-8FF2-4038-9179-70A8369EF839}.IAAS-EUS|x86.Build.0 = Debug|Any CPU
		{D74E8E14-8FF2-4038-9179-70A8369EF839}.IAAS-EUS|x86.Deploy.0 = Debug|Any CPU
		{D74E8E14-8FF2-4038-9179-70A8369EF839}.IAAS-INT|Any CPU.ActiveCfg = Debug|Any CPU
		{D74E8E14-8FF2-4038-9179-70A8369EF839}.IAAS-INT|Any CPU.Build.0 = Debug|Any CPU
		{D74E8E14-8FF2-4038-9179-70A8369EF839}.IAAS-INT|Any CPU.Deploy.0 = Debug|Any CPU
		{D74E8E14-8FF2-4038-9179-70A8369EF839}.IAAS-INT|x64.ActiveCfg = Debug|Any CPU
		{D74E8E14-8FF2-4038-9179-70A8369EF839}.IAAS-INT|x64.Build.0 = Debug|Any CPU
		{D74E8E14-8FF2-4038-9179-70A8369EF839}.IAAS-INT|x64.Deploy.0 = Debug|Any CPU
		{D74E8E14-8FF2-4038-9179-70A8369EF839}.IAAS-INT|x86.ActiveCfg = Debug|Any CPU
		{D74E8E14-8FF2-4038-9179-70A8369EF839}.IAAS-INT|x86.Build.0 = Debug|Any CPU
		{D74E8E14-8FF2-4038-9179-70A8369EF839}.IAAS-INT|x86.Deploy.0 = Debug|Any CPU
		{D74E8E14-8FF2-4038-9179-70A8369EF839}.IAAS-WUS|Any CPU.ActiveCfg = Debug|Any CPU
		{D74E8E14-8FF2-4038-9179-70A8369EF839}.IAAS-WUS|Any CPU.Build.0 = Debug|Any CPU
		{D74E8E14-8FF2-4038-9179-70A8369EF839}.IAAS-WUS|Any CPU.Deploy.0 = Debug|Any CPU
		{D74E8E14-8FF2-4038-9179-70A8369EF839}.IAAS-WUS|x64.ActiveCfg = Debug|Any CPU
		{D74E8E14-8FF2-4038-9179-70A8369EF839}.IAAS-WUS|x64.Build.0 = Debug|Any CPU
		{D74E8E14-8FF2-4038-9179-70A8369EF839}.IAAS-WUS|x64.Deploy.0 = Debug|Any CPU
		{D74E8E14-8FF2-4038-9179-70A8369EF839}.IAAS-WUS|x86.ActiveCfg = Debug|Any CPU
		{D74E8E14-8FF2-4038-9179-70A8369EF839}.IAAS-WUS|x86.Build.0 = Debug|Any CPU
		{D74E8E14-8FF2-4038-9179-70A8369EF839}.IAAS-WUS|x86.Deploy.0 = Debug|Any CPU
		{D74E8E14-8FF2-4038-9179-70A8369EF839}.INT|Any CPU.ActiveCfg = Debug|Any CPU
		{D74E8E14-8FF2-4038-9179-70A8369EF839}.INT|Any CPU.Build.0 = Debug|Any CPU
		{D74E8E14-8FF2-4038-9179-70A8369EF839}.INT|Any CPU.Deploy.0 = Debug|Any CPU
		{D74E8E14-8FF2-4038-9179-70A8369EF839}.INT|x64.ActiveCfg = Debug|Any CPU
		{D74E8E14-8FF2-4038-9179-70A8369EF839}.INT|x64.Build.0 = Debug|Any CPU
		{D74E8E14-8FF2-4038-9179-70A8369EF839}.INT|x64.Deploy.0 = Debug|Any CPU
		{D74E8E14-8FF2-4038-9179-70A8369EF839}.INT|x86.ActiveCfg = Debug|Any CPU
		{D74E8E14-8FF2-4038-9179-70A8369EF839}.INT|x86.Build.0 = Debug|Any CPU
		{D74E8E14-8FF2-4038-9179-70A8369EF839}.INT|x86.Deploy.0 = Debug|Any CPU
		{D74E8E14-8FF2-4038-9179-70A8369EF839}.IntDebug|Any CPU.ActiveCfg = Debug|Any CPU
		{D74E8E14-8FF2-4038-9179-70A8369EF839}.IntDebug|Any CPU.Build.0 = Debug|Any CPU
		{D74E8E14-8FF2-4038-9179-70A8369EF839}.IntDebug|Any CPU.Deploy.0 = Debug|Any CPU
		{D74E8E14-8FF2-4038-9179-70A8369EF839}.IntDebug|x64.ActiveCfg = Debug|Any CPU
		{D74E8E14-8FF2-4038-9179-70A8369EF839}.IntDebug|x64.Build.0 = Debug|Any CPU
		{D74E8E14-8FF2-4038-9179-70A8369EF839}.IntDebug|x64.Deploy.0 = Debug|Any CPU
		{D74E8E14-8FF2-4038-9179-70A8369EF839}.IntDebug|x86.ActiveCfg = Debug|Any CPU
		{D74E8E14-8FF2-4038-9179-70A8369EF839}.IntDebug|x86.Build.0 = Debug|Any CPU
		{D74E8E14-8FF2-4038-9179-70A8369EF839}.IntDebug|x86.Deploy.0 = Debug|Any CPU
		{D74E8E14-8FF2-4038-9179-70A8369EF839}.IntRelease|Any CPU.ActiveCfg = Release|Any CPU
		{D74E8E14-8FF2-4038-9179-70A8369EF839}.IntRelease|Any CPU.Build.0 = Release|Any CPU
		{D74E8E14-8FF2-4038-9179-70A8369EF839}.IntRelease|Any CPU.Deploy.0 = Release|Any CPU
		{D74E8E14-8FF2-4038-9179-70A8369EF839}.IntRelease|x64.ActiveCfg = Release|Any CPU
		{D74E8E14-8FF2-4038-9179-70A8369EF839}.IntRelease|x64.Build.0 = Release|Any CPU
		{D74E8E14-8FF2-4038-9179-70A8369EF839}.IntRelease|x64.Deploy.0 = Release|Any CPU
		{D74E8E14-8FF2-4038-9179-70A8369EF839}.IntRelease|x86.ActiveCfg = Release|Any CPU
		{D74E8E14-8FF2-4038-9179-70A8369EF839}.IntRelease|x86.Build.0 = Release|Any CPU
		{D74E8E14-8FF2-4038-9179-70A8369EF839}.IntRelease|x86.Deploy.0 = Release|Any CPU
		{D74E8E14-8FF2-4038-9179-70A8369EF839}.LOCAL-DEBUG|Any CPU.ActiveCfg = Debug|Any CPU
		{D74E8E14-8FF2-4038-9179-70A8369EF839}.LOCAL-DEBUG|Any CPU.Build.0 = Debug|Any CPU
		{D74E8E14-8FF2-4038-9179-70A8369EF839}.LOCAL-DEBUG|Any CPU.Deploy.0 = Debug|Any CPU
		{D74E8E14-8FF2-4038-9179-70A8369EF839}.LOCAL-DEBUG|x64.ActiveCfg = Debug|Any CPU
		{D74E8E14-8FF2-4038-9179-70A8369EF839}.LOCAL-DEBUG|x64.Build.0 = Debug|Any CPU
		{D74E8E14-8FF2-4038-9179-70A8369EF839}.LOCAL-DEBUG|x64.Deploy.0 = Debug|Any CPU
		{D74E8E14-8FF2-4038-9179-70A8369EF839}.LOCAL-DEBUG|x86.ActiveCfg = Debug|Any CPU
		{D74E8E14-8FF2-4038-9179-70A8369EF839}.LOCAL-DEBUG|x86.Build.0 = Debug|Any CPU
		{D74E8E14-8FF2-4038-9179-70A8369EF839}.LOCAL-DEBUG|x86.Deploy.0 = Debug|Any CPU
		{D74E8E14-8FF2-4038-9179-70A8369EF839}.Prod|Any CPU.ActiveCfg = Debug|Any CPU
		{D74E8E14-8FF2-4038-9179-70A8369EF839}.Prod|Any CPU.Build.0 = Debug|Any CPU
		{D74E8E14-8FF2-4038-9179-70A8369EF839}.Prod|Any CPU.Deploy.0 = Debug|Any CPU
		{D74E8E14-8FF2-4038-9179-70A8369EF839}.Prod|x64.ActiveCfg = Debug|Any CPU
		{D74E8E14-8FF2-4038-9179-70A8369EF839}.Prod|x64.Build.0 = Debug|Any CPU
		{D74E8E14-8FF2-4038-9179-70A8369EF839}.Prod|x64.Deploy.0 = Debug|Any CPU
		{D74E8E14-8FF2-4038-9179-70A8369EF839}.Prod|x86.ActiveCfg = Debug|Any CPU
		{D74E8E14-8FF2-4038-9179-70A8369EF839}.Prod|x86.Build.0 = Debug|Any CPU
		{D74E8E14-8FF2-4038-9179-70A8369EF839}.Prod|x86.Deploy.0 = Debug|Any CPU
		{D74E8E14-8FF2-4038-9179-70A8369EF839}.ProdDebug|Any CPU.ActiveCfg = Debug|Any CPU
		{D74E8E14-8FF2-4038-9179-70A8369EF839}.ProdDebug|Any CPU.Build.0 = Debug|Any CPU
		{D74E8E14-8FF2-4038-9179-70A8369EF839}.ProdDebug|Any CPU.Deploy.0 = Debug|Any CPU
		{D74E8E14-8FF2-4038-9179-70A8369EF839}.ProdDebug|x64.ActiveCfg = Debug|Any CPU
		{D74E8E14-8FF2-4038-9179-70A8369EF839}.ProdDebug|x64.Build.0 = Debug|Any CPU
		{D74E8E14-8FF2-4038-9179-70A8369EF839}.ProdDebug|x64.Deploy.0 = Debug|Any CPU
		{D74E8E14-8FF2-4038-9179-70A8369EF839}.ProdDebug|x86.ActiveCfg = Debug|Any CPU
		{D74E8E14-8FF2-4038-9179-70A8369EF839}.ProdDebug|x86.Build.0 = Debug|Any CPU
		{D74E8E14-8FF2-4038-9179-70A8369EF839}.ProdDebug|x86.Deploy.0 = Debug|Any CPU
		{D74E8E14-8FF2-4038-9179-70A8369EF839}.ProdRelease|Any CPU.ActiveCfg = Release|Any CPU
		{D74E8E14-8FF2-4038-9179-70A8369EF839}.ProdRelease|Any CPU.Build.0 = Release|Any CPU
		{D74E8E14-8FF2-4038-9179-70A8369EF839}.ProdRelease|Any CPU.Deploy.0 = Release|Any CPU
		{D74E8E14-8FF2-4038-9179-70A8369EF839}.ProdRelease|x64.ActiveCfg = Release|Any CPU
		{D74E8E14-8FF2-4038-9179-70A8369EF839}.ProdRelease|x64.Build.0 = Release|Any CPU
		{D74E8E14-8FF2-4038-9179-70A8369EF839}.ProdRelease|x64.Deploy.0 = Release|Any CPU
		{D74E8E14-8FF2-4038-9179-70A8369EF839}.ProdRelease|x86.ActiveCfg = Release|Any CPU
		{D74E8E14-8FF2-4038-9179-70A8369EF839}.ProdRelease|x86.Build.0 = Release|Any CPU
		{D74E8E14-8FF2-4038-9179-70A8369EF839}.ProdRelease|x86.Deploy.0 = Release|Any CPU
		{D74E8E14-8FF2-4038-9179-70A8369EF839}.Release.EUS|Any CPU.ActiveCfg = Release|Any CPU
		{D74E8E14-8FF2-4038-9179-70A8369EF839}.Release.EUS|Any CPU.Build.0 = Release|Any CPU
		{D74E8E14-8FF2-4038-9179-70A8369EF839}.Release.EUS|Any CPU.Deploy.0 = Release|Any CPU
		{D74E8E14-8FF2-4038-9179-70A8369EF839}.Release.EUS|x64.ActiveCfg = Release|Any CPU
		{D74E8E14-8FF2-4038-9179-70A8369EF839}.Release.EUS|x64.Build.0 = Release|Any CPU
		{D74E8E14-8FF2-4038-9179-70A8369EF839}.Release.EUS|x64.Deploy.0 = Release|Any CPU
		{D74E8E14-8FF2-4038-9179-70A8369EF839}.Release.EUS|x86.ActiveCfg = Release|Any CPU
		{D74E8E14-8FF2-4038-9179-70A8369EF839}.Release.EUS|x86.Build.0 = Release|Any CPU
		{D74E8E14-8FF2-4038-9179-70A8369EF839}.Release.EUS|x86.Deploy.0 = Release|Any CPU
		{D74E8E14-8FF2-4038-9179-70A8369EF839}.Release.WUS|Any CPU.ActiveCfg = Release|Any CPU
		{D74E8E14-8FF2-4038-9179-70A8369EF839}.Release.WUS|Any CPU.Build.0 = Release|Any CPU
		{D74E8E14-8FF2-4038-9179-70A8369EF839}.Release.WUS|Any CPU.Deploy.0 = Release|Any CPU
		{D74E8E14-8FF2-4038-9179-70A8369EF839}.Release.WUS|x64.ActiveCfg = Release|Any CPU
		{D74E8E14-8FF2-4038-9179-70A8369EF839}.Release.WUS|x64.Build.0 = Release|Any CPU
		{D74E8E14-8FF2-4038-9179-70A8369EF839}.Release.WUS|x64.Deploy.0 = Release|Any CPU
		{D74E8E14-8FF2-4038-9179-70A8369EF839}.Release.WUS|x86.ActiveCfg = Release|Any CPU
		{D74E8E14-8FF2-4038-9179-70A8369EF839}.Release.WUS|x86.Build.0 = Release|Any CPU
		{D74E8E14-8FF2-4038-9179-70A8369EF839}.Release.WUS|x86.Deploy.0 = Release|Any CPU
		{D74E8E14-8FF2-4038-9179-70A8369EF839}.Release|Any CPU.ActiveCfg = Release|Any CPU
		{D74E8E14-8FF2-4038-9179-70A8369EF839}.Release|Any CPU.Build.0 = Release|Any CPU
		{D74E8E14-8FF2-4038-9179-70A8369EF839}.Release|Any CPU.Deploy.0 = Release|Any CPU
		{D74E8E14-8FF2-4038-9179-70A8369EF839}.Release|x64.ActiveCfg = Release|Any CPU
		{D74E8E14-8FF2-4038-9179-70A8369EF839}.Release|x64.Build.0 = Release|Any CPU
		{D74E8E14-8FF2-4038-9179-70A8369EF839}.Release|x64.Deploy.0 = Release|Any CPU
		{D74E8E14-8FF2-4038-9179-70A8369EF839}.Release|x86.ActiveCfg = Release|Any CPU
		{D74E8E14-8FF2-4038-9179-70A8369EF839}.Release|x86.Build.0 = Release|Any CPU
		{D74E8E14-8FF2-4038-9179-70A8369EF839}.Release|x86.Deploy.0 = Release|Any CPU
	EndGlobalSection
	GlobalSection(SolutionProperties) = preSolution
		HideSolutionNode = FALSE
	EndGlobalSection
EndGlobal